// !$*UTF8*$!
{
	archiveVersion = 1;
	classes = {
	};
	objectVersion = 46;
	objects = {

/* Begin PBXBuildFile section */
		491E2F8F236A52160054725E /* Telnet.cpp in Sources */ = {isa = PBXBuildFile; fileRef = 491E2F8D236A52160054725E /* Telnet.cpp */; };
		491E2F90236A55890054725E /* Telnet.cpp in Sources */ = {isa = PBXBuildFile; fileRef = 491E2F8D236A52160054725E /* Telnet.cpp */; };
		491ED3A62353EFE600DE0C42 /* main.cpp in Sources */ = {isa = PBXBuildFile; fileRef = 491ED3A52353EFE600DE0C42 /* main.cpp */; };
		491ED3AC2353F48100DE0C42 /* libm8rscript.a in Frameworks */ = {isa = PBXBuildFile; fileRef = 494D254E1D2E9055003755DB /* libm8rscript.a */; };
		4921CF9723739C3F004CB000 /* Defines.h in Headers */ = {isa = PBXBuildFile; fileRef = 4942EA8C1D0D950100E02088 /* Defines.h */; };
		4923672723733EEC0009963A /* umm_malloc.cpp in Sources */ = {isa = PBXBuildFile; fileRef = 4923672423733EEC0009963A /* umm_malloc.cpp */; };
		4923672823733EEC0009963A /* umm_malloc.h in Headers */ = {isa = PBXBuildFile; fileRef = 4923672523733EEC0009963A /* umm_malloc.h */; };
		4923672923733EEC0009963A /* umm_malloc_cfg.h in Headers */ = {isa = PBXBuildFile; fileRef = 4923672623733EEC0009963A /* umm_malloc_cfg.h */; };
		492396C71E711D12007AC0BF /* UDP.cpp in Sources */ = {isa = PBXBuildFile; fileRef = 492396C51E711D12007AC0BF /* UDP.cpp */; };
		492604A81D9354F000C5DF07 /* BonjourBW.png in Resources */ = {isa = PBXBuildFile; fileRef = 492604A71D9354F000C5DF07 /* BonjourBW.png */; };
		49263ABD23611DF0005CB9F9 /* StreamProto.cpp in Sources */ = {isa = PBXBuildFile; fileRef = 49263ABB23611DF0005CB9F9 /* StreamProto.cpp */; };
		49263ABE23611DFC005CB9F9 /* StreamProto.cpp in Sources */ = {isa = PBXBuildFile; fileRef = 49263ABB23611DF0005CB9F9 /* StreamProto.cpp */; };
		49263ABF23611DFC005CB9F9 /* StreamProto.h in Headers */ = {isa = PBXBuildFile; fileRef = 49263ABC23611DF0005CB9F9 /* StreamProto.h */; };
		492BA3D71E15849C00242DA8 /* GPIO.cpp in Sources */ = {isa = PBXBuildFile; fileRef = 492BA3D61E15849C00242DA8 /* GPIO.cpp */; };
		492BA3D91E15944000242DA8 /* GPIOInterface.h in Headers */ = {isa = PBXBuildFile; fileRef = 492BA3D81E15944000242DA8 /* GPIOInterface.h */; };
		492BA3DC1E15987C00242DA8 /* Base64.cpp in Sources */ = {isa = PBXBuildFile; fileRef = 492BA3DA1E15987C00242DA8 /* Base64.cpp */; };
		492BA3DD1E15987C00242DA8 /* Base64.h in Headers */ = {isa = PBXBuildFile; fileRef = 492BA3DB1E15987C00242DA8 /* Base64.h */; };
		492BA3F11E19729A00242DA8 /* slre.h in Headers */ = {isa = PBXBuildFile; fileRef = 492BA3EF1E19727C00242DA8 /* slre.h */; };
		492BA3F21E1972A000242DA8 /* slre.cpp in Sources */ = {isa = PBXBuildFile; fileRef = 492BA3EE1E19727C00242DA8 /* slre.cpp */; };
		493C9ED71D218F100062152D /* stop.png in Resources */ = {isa = PBXBuildFile; fileRef = 493C9ED41D218F100062152D /* stop.png */; };
		493C9ED81D218F100062152D /* pause.png in Resources */ = {isa = PBXBuildFile; fileRef = 493C9ED51D218F100062152D /* pause.png */; };
		493C9ED91D218F100062152D /* play.png in Resources */ = {isa = PBXBuildFile; fileRef = 493C9ED61D218F100062152D /* play.png */; };
		493C9EDB1D2191E60062152D /* build.png in Resources */ = {isa = PBXBuildFile; fileRef = 493C9EDA1D2191E60062152D /* build.png */; };
		4943BF531DC009CC00773D23 /* savebinary.png in Resources */ = {isa = PBXBuildFile; fileRef = 4943BF521DC009CC00773D23 /* savebinary.png */; };
		4945A8721EC3711D00559CD1 /* main.cpp in Sources */ = {isa = PBXBuildFile; fileRef = 4945A8711EC3711D00559CD1 /* main.cpp */; };
		4945A8781EC3969100559CD1 /* libm8rscript.a in Frameworks */ = {isa = PBXBuildFile; fileRef = 494D254E1D2E9055003755DB /* libm8rscript.a */; };
		4945A87C1EC3995000559CD1 /* MacTCP.cpp in Sources */ = {isa = PBXBuildFile; fileRef = 49E1907D1DBAE2570030DC89 /* MacTCP.cpp */; };
		4945A87D1EC3995800559CD1 /* MacUDP.cpp in Sources */ = {isa = PBXBuildFile; fileRef = 49E1907A1DBAE2570030DC89 /* MacUDP.cpp */; };
		494BA1A91D20B26100E72725 /* NoodleLineNumberMarker.m in Sources */ = {isa = PBXBuildFile; fileRef = 494BA1A41D20B26100E72725 /* NoodleLineNumberMarker.m */; };
		494BA1AA1D20B26100E72725 /* NoodleLineNumberView.m in Sources */ = {isa = PBXBuildFile; fileRef = 494BA1A61D20B26100E72725 /* NoodleLineNumberView.m */; };
		494BA1AB1D20B26100E72725 /* NSTextView+JSDExtensions.m in Sources */ = {isa = PBXBuildFile; fileRef = 494BA1A81D20B26100E72725 /* NSTextView+JSDExtensions.m */; };
		494D25541D2E90A9003755DB /* Atom.cpp in Sources */ = {isa = PBXBuildFile; fileRef = 49E6482C1D01F3CA005F5059 /* Atom.cpp */; };
		494D25551D2E90A9003755DB /* CodePrinter.cpp in Sources */ = {isa = PBXBuildFile; fileRef = 4966A41B1D22F8C4008951F4 /* CodePrinter.cpp */; };
		494D25561D2E90A9003755DB /* ExecutionUnit.cpp in Sources */ = {isa = PBXBuildFile; fileRef = 49AC57301D03465600DB94B5 /* ExecutionUnit.cpp */; };
		494D25571D2E90A9003755DB /* Function.cpp in Sources */ = {isa = PBXBuildFile; fileRef = 4942EA871D0AF26300E02088 /* Function.cpp */; };
		494D25581D2E90A9003755DB /* Global.cpp in Sources */ = {isa = PBXBuildFile; fileRef = 4984E8301D1370A500D0ABA6 /* Global.cpp */; };
		494D25591D2E90A9003755DB /* ParseEngine.cpp in Sources */ = {isa = PBXBuildFile; fileRef = 498ACA761D17503C0039E1CD /* ParseEngine.cpp */; };
		494D255A1D2E90A9003755DB /* Parser.cpp in Sources */ = {isa = PBXBuildFile; fileRef = 49E648181D00C088005F5059 /* Parser.cpp */; };
		494D255B1D2E90A9003755DB /* Program.cpp in Sources */ = {isa = PBXBuildFile; fileRef = 4942EA821D070C9B00E02088 /* Program.cpp */; };
		494D255C1D2E90A9003755DB /* Scanner.cpp in Sources */ = {isa = PBXBuildFile; fileRef = 49E6481A1D00C088005F5059 /* Scanner.cpp */; };
		494D255D1D2E90A9003755DB /* Value.cpp in Sources */ = {isa = PBXBuildFile; fileRef = 4942EA841D0AEAC600E02088 /* Value.cpp */; };
		494D25631D2E9337003755DB /* libm8rscript.a in Frameworks */ = {isa = PBXBuildFile; fileRef = 494D254E1D2E9055003755DB /* libm8rscript.a */; };
		494D25971D33D33E003755DB /* Object.cpp in Sources */ = {isa = PBXBuildFile; fileRef = 494D25961D33D33E003755DB /* Object.cpp */; };
		49562F6A1D1D7A75001AFAEE /* main.m in Sources */ = {isa = PBXBuildFile; fileRef = 49562F691D1D7A75001AFAEE /* main.m */; };
		49562F6F1D1D7A9C001AFAEE /* AppDelegate.m in Sources */ = {isa = PBXBuildFile; fileRef = 49562F6C1D1D7A9C001AFAEE /* AppDelegate.m */; };
		49562F701D1D7A9C001AFAEE /* Document.m in Sources */ = {isa = PBXBuildFile; fileRef = 49562F6E1D1D7A9C001AFAEE /* Document.m */; };
		4970FD131DB04DDD00521DF1 /* download.png in Resources */ = {isa = PBXBuildFile; fileRef = 4970FD121DB04DDD00521DF1 /* download.png */; };
		49884F07236CB25100C292EA /* StateMachine.h in Headers */ = {isa = PBXBuildFile; fileRef = 49884F06236CB25100C292EA /* StateMachine.h */; };
		4988DC2D1F03EBEB009F7ED5 /* Containers.cpp in Sources */ = {isa = PBXBuildFile; fileRef = 4988DC2C1F03EBEB009F7ED5 /* Containers.cpp */; };
		4988DC761F0C296B009F7ED5 /* Device.mm in Sources */ = {isa = PBXBuildFile; fileRef = 4988DC741F0C296B009F7ED5 /* Device.mm */; };
		49899B9B1EA570DE003B334B /* Closure.cpp in Sources */ = {isa = PBXBuildFile; fileRef = 49899B981EA56A6E003B334B /* Closure.cpp */; };
		4998DB4F1D21671000E2F776 /* Run.png in Resources */ = {isa = PBXBuildFile; fileRef = 4998DB4E1D21671000E2F776 /* Run.png */; };
		499AE8E12349B1BC00459451 /* Heartbeat.cpp in Sources */ = {isa = PBXBuildFile; fileRef = 499AE8DF2349B1BC00459451 /* Heartbeat.cpp */; };
		499AE8E22349B1BC00459451 /* Heartbeat.h in Headers */ = {isa = PBXBuildFile; fileRef = 499AE8E02349B1BC00459451 /* Heartbeat.h */; };
		499AE8E5234A625100459451 /* Task.cpp in Sources */ = {isa = PBXBuildFile; fileRef = 499AE8E3234A625100459451 /* Task.cpp */; };
		499AE8E6234A625100459451 /* Task.h in Headers */ = {isa = PBXBuildFile; fileRef = 499AE8E4234A625100459451 /* Task.h */; };
		499AE8E8234A667D00459451 /* SystemInterface.cpp in Sources */ = {isa = PBXBuildFile; fileRef = 499AE8E7234A667D00459451 /* SystemInterface.cpp */; };
		499D95F22355323D00F45585 /* m8rtest in CopyFiles */ = {isa = PBXBuildFile; fileRef = 491ED3A32353EFE600DE0C42 /* m8rtest */; };
		499D95F3235532F100F45585 /* m8r in CopyFiles */ = {isa = PBXBuildFile; fileRef = 4945A86F1EC3711D00559CD1 /* m8r */; };
		49A3286C1D35BDC50006D0FE /* Error.cpp in Sources */ = {isa = PBXBuildFile; fileRef = 49A3286A1D35BDC50006D0FE /* Error.cpp */; };
		49A3286D1D35BDC50006D0FE /* Error.h in Headers */ = {isa = PBXBuildFile; fileRef = 49A3286B1D35BDC50006D0FE /* Error.h */; };
		49A39F20234C513600F6A144 /* SystemTime.h in Headers */ = {isa = PBXBuildFile; fileRef = 49A39F1E234C513600F6A144 /* SystemTime.h */; };
		49AB794D1DC143B700DE6332 /* TaskManager.cpp in Sources */ = {isa = PBXBuildFile; fileRef = 49AB794B1DC143B700DE6332 /* TaskManager.cpp */; };
		49AB794E1DC143B700DE6332 /* TaskManager.h in Headers */ = {isa = PBXBuildFile; fileRef = 49AB794C1DC143B700DE6332 /* TaskManager.h */; };
		49AD0A20209B534F00F86278 /* Simulator.mm in Sources */ = {isa = PBXBuildFile; fileRef = 49AD0A1E209B534F00F86278 /* Simulator.mm */; };
		49BDE19E236C711B00304BE8 /* MString.cpp in Sources */ = {isa = PBXBuildFile; fileRef = 49BDE19C236C711B00304BE8 /* MString.cpp */; };
		49BDE19F236C711B00304BE8 /* MString.h in Headers */ = {isa = PBXBuildFile; fileRef = 49BDE19D236C711B00304BE8 /* MString.h */; };
		49BDE1A523714DC000304BE8 /* mem in Resources */ = {isa = PBXBuildFile; fileRef = 49BDE1A423714DC000304BE8 /* mem */; };
		49BE1CBB2350DCE400BF6D9E /* SpiffsFS.cpp in Sources */ = {isa = PBXBuildFile; fileRef = 49BE1CB92350DBA900BF6D9E /* SpiffsFS.cpp */; };
		49BE1CF42350F4CD00BF6D9E /* MacSpiffsFS.cpp in Sources */ = {isa = PBXBuildFile; fileRef = 49BE1CF32350F4CD00BF6D9E /* MacSpiffsFS.cpp */; };
		49BEB2061DC30EB600F70E0B /* MacTaskManager.cpp in Sources */ = {isa = PBXBuildFile; fileRef = 49BEB2041DC30EB600F70E0B /* MacTaskManager.cpp */; };
		49BEB2071DC30EB600F70E0B /* MacTaskManager.h in Headers */ = {isa = PBXBuildFile; fileRef = 49BEB2051DC30EB600F70E0B /* MacTaskManager.h */; };
		49BF34452368083B001E5508 /* LittleFS.cpp in Sources */ = {isa = PBXBuildFile; fileRef = 49BF34432368083B001E5508 /* LittleFS.cpp */; };
		49BF34462368083B001E5508 /* LittleFS.h in Headers */ = {isa = PBXBuildFile; fileRef = 49BF34442368083B001E5508 /* LittleFS.h */; };
		49BF344823680892001E5508 /* MacLittleFS.cpp in Sources */ = {isa = PBXBuildFile; fileRef = 49BF344723680892001E5508 /* MacLittleFS.cpp */; };
		49BF3449236811BF001E5508 /* spiffs_cache.c in Sources */ = {isa = PBXBuildFile; fileRef = 491ED38E235392FF00DE0C42 /* spiffs_cache.c */; };
		49BF344A236811BF001E5508 /* spiffs_check.c in Sources */ = {isa = PBXBuildFile; fileRef = 491ED390235392FF00DE0C42 /* spiffs_check.c */; };
		49BF344B236811BF001E5508 /* spiffs_config.h in Headers */ = {isa = PBXBuildFile; fileRef = 491ED38F235392FF00DE0C42 /* spiffs_config.h */; };
		49BF344C236811BF001E5508 /* spiffs_gc.c in Sources */ = {isa = PBXBuildFile; fileRef = 491ED393235392FF00DE0C42 /* spiffs_gc.c */; };
		49BF344D236811BF001E5508 /* spiffs_hydrogen.c in Sources */ = {isa = PBXBuildFile; fileRef = 491ED391235392FF00DE0C42 /* spiffs_hydrogen.c */; };
		49BF344E236811BF001E5508 /* spiffs_nucleus.c in Sources */ = {isa = PBXBuildFile; fileRef = 491ED394235392FF00DE0C42 /* spiffs_nucleus.c */; };
		49BF344F236811BF001E5508 /* spiffs_nucleus.h in Headers */ = {isa = PBXBuildFile; fileRef = 491ED392235392FF00DE0C42 /* spiffs_nucleus.h */; };
		49BF3450236811BF001E5508 /* spiffs.h in Headers */ = {isa = PBXBuildFile; fileRef = 491ED38D235392FF00DE0C42 /* spiffs.h */; };
		49C406EC1EB65A3E001E4DEC /* generateSharedAtoms.cpp in Sources */ = {isa = PBXBuildFile; fileRef = 49C406EA1EB65A39001E4DEC /* generateSharedAtoms.cpp */; };
		49C406F31EB675B7001E4DEC /* SharedAtoms.cpp in Sources */ = {isa = PBXBuildFile; fileRef = 49C406F01EB675B0001E4DEC /* SharedAtoms.cpp */; };
		49CB74311E7F3028007A4805 /* IPAddr.cpp in Sources */ = {isa = PBXBuildFile; fileRef = 49CB74301E7F3028007A4805 /* IPAddr.cpp */; };
		49D5FD351E2D9D89001AF5C8 /* TCP.cpp in Sources */ = {isa = PBXBuildFile; fileRef = 49D5FD331E2D9D89001AF5C8 /* TCP.cpp */; };
		49D9B8201D1C854700724911 /* Document.xib in Resources */ = {isa = PBXBuildFile; fileRef = 49D9B81E1D1C854700724911 /* Document.xib */; };
		49D9B8221D1C854700724911 /* Assets.xcassets in Resources */ = {isa = PBXBuildFile; fileRef = 49D9B8211D1C854700724911 /* Assets.xcassets */; };
		49D9B8251D1C854700724911 /* MainMenu.xib in Resources */ = {isa = PBXBuildFile; fileRef = 49D9B8231D1C854700724911 /* MainMenu.xib */; };
		49D9B82D1D1C8CD300724911 /* green-led-off-md.png in Resources */ = {isa = PBXBuildFile; fileRef = 49D9B82B1D1C8CD300724911 /* green-led-off-md.png */; };
		49D9B82E1D1C8CD300724911 /* green-led-on-md.png in Resources */ = {isa = PBXBuildFile; fileRef = 49D9B82C1D1C8CD300724911 /* green-led-on-md.png */; };
		49DD773D1D83CEA400D7C374 /* upload.png in Resources */ = {isa = PBXBuildFile; fileRef = 49DD773C1D83CEA400D7C374 /* upload.png */; };
		49DD77411D83E14B00D7C374 /* ReloadFiles3.png in Resources */ = {isa = PBXBuildFile; fileRef = 49DD773E1D83E14B00D7C374 /* ReloadFiles3.png */; };
		49DD77421D83E14B00D7C374 /* ReloadFIles2.png in Resources */ = {isa = PBXBuildFile; fileRef = 49DD773F1D83E14B00D7C374 /* ReloadFIles2.png */; };
		49DD77431D83E14B00D7C374 /* ReloadFiles1.png in Resources */ = {isa = PBXBuildFile; fileRef = 49DD77401D83E14B00D7C374 /* ReloadFiles1.png */; };
		49DD77451D8467C100D7C374 /* DeleteFile.png in Resources */ = {isa = PBXBuildFile; fileRef = 49DD77441D8467C100D7C374 /* DeleteFile.png */; };
		49DD77471D84689100D7C374 /* AddFile.png in Resources */ = {isa = PBXBuildFile; fileRef = 49DD77461D84689100D7C374 /* AddFile.png */; };
		49DD77491D84D94900D7C374 /* Simulate.png in Resources */ = {isa = PBXBuildFile; fileRef = 49DD77481D84D94900D7C374 /* Simulate.png */; };
		49DD774C1D84DD7D00D7C374 /* Application.cpp in Sources */ = {isa = PBXBuildFile; fileRef = 49DD774A1D84DD7D00D7C374 /* Application.cpp */; };
		49DD774D1D84DD7D00D7C374 /* Application.h in Headers */ = {isa = PBXBuildFile; fileRef = 49DD774B1D84DD7D00D7C374 /* Application.h */; };
		49E5AB551D981D6100C6988D /* FileBrowser.xib in Resources */ = {isa = PBXBuildFile; fileRef = 49E5AB541D981D6100C6988D /* FileBrowser.xib */; };
		49E5AB581D981DDB00C6988D /* FileBrowser.m in Sources */ = {isa = PBXBuildFile; fileRef = 49E5AB571D981DDB00C6988D /* FileBrowser.m */; };
		49E5AB5E1D98C00600C6988D /* FastSocket.m in Sources */ = {isa = PBXBuildFile; fileRef = 49E5AB5C1D98C00600C6988D /* FastSocket.m */; };
		49E826301E95EB0100E416C4 /* JSON.cpp in Sources */ = {isa = PBXBuildFile; fileRef = 49E8262E1E95EB0100E416C4 /* JSON.cpp */; };
		49E826311E95EB0100E416C4 /* JSON.h in Headers */ = {isa = PBXBuildFile; fileRef = 49E8262F1E95EB0100E416C4 /* JSON.h */; };
		49E9871223628AE600C17CB6 /* FS.cpp in Sources */ = {isa = PBXBuildFile; fileRef = 49E9871123628AE600C17CB6 /* FS.cpp */; };
		49E987182365CEF000C17CB6 /* Mallocator.cpp in Sources */ = {isa = PBXBuildFile; fileRef = 49E987162365CEF000C17CB6 /* Mallocator.cpp */; };
		49E987192365CEF000C17CB6 /* Mallocator.h in Headers */ = {isa = PBXBuildFile; fileRef = 49E987172365CEF000C17CB6 /* Mallocator.h */; };
		49E9871C2365F6AC00C17CB6 /* SystemTime.cpp in Sources */ = {isa = PBXBuildFile; fileRef = 49E9871A2365F63000C17CB6 /* SystemTime.cpp */; };
		49EED98B2357971500831598 /* lfs.c in Sources */ = {isa = PBXBuildFile; fileRef = 49EED9872357971500831598 /* lfs.c */; };
		49EED98C2357971500831598 /* lfs_util.h in Headers */ = {isa = PBXBuildFile; fileRef = 49EED9882357971500831598 /* lfs_util.h */; };
		49EED98D2357971500831598 /* lfs.h in Headers */ = {isa = PBXBuildFile; fileRef = 49EED9892357971500831598 /* lfs.h */; };
		49EED98E2357971500831598 /* lfs_util.c in Sources */ = {isa = PBXBuildFile; fileRef = 49EED98A2357971500831598 /* lfs_util.c */; };
		49F166F71DA7443100C07A1A /* SimulationView.xib in Resources */ = {isa = PBXBuildFile; fileRef = 49F166F41DA7443100C07A1A /* SimulationView.xib */; };
		49F166F81DA7443100C07A1A /* SimulationView.m in Sources */ = {isa = PBXBuildFile; fileRef = 49F166F51DA7443100C07A1A /* SimulationView.m */; };
		49F463331E0DD05E004EF625 /* MGSFragaria.framework in Frameworks */ = {isa = PBXBuildFile; fileRef = 49F463321E0DD05E004EF625 /* MGSFragaria.framework */; };
		49F463361E0DD545004EF625 /* MGSFragaria.framework in CopyFiles */ = {isa = PBXBuildFile; fileRef = 49F463321E0DD05E004EF625 /* MGSFragaria.framework */; settings = {ATTRIBUTES = (CodeSignOnCopy, RemoveHeadersOnCopy, ); }; };
		49F4633D1E1873D6004EF625 /* Iterator.cpp in Sources */ = {isa = PBXBuildFile; fileRef = 49F4633B1E1873D6004EF625 /* Iterator.cpp */; };
		49F4633E1E1873D6004EF625 /* Iterator.h in Headers */ = {isa = PBXBuildFile; fileRef = 49F4633C1E1873D6004EF625 /* Iterator.h */; };
/* End PBXBuildFile section */

/* Begin PBXContainerItemProxy section */
		491ED3AA2353F44B00DE0C42 /* PBXContainerItemProxy */ = {
			isa = PBXContainerItemProxy;
			containerPortal = 49E647E01D00B68F005F5059 /* Project object */;
			proxyType = 1;
			remoteGlobalIDString = 494D254D1D2E9055003755DB;
			remoteInfo = libm8rscript;
		};
		4945A8761EC3712700559CD1 /* PBXContainerItemProxy */ = {
			isa = PBXContainerItemProxy;
			containerPortal = 49E647E01D00B68F005F5059 /* Project object */;
			proxyType = 1;
			remoteGlobalIDString = 494D254D1D2E9055003755DB;
			remoteInfo = libm8rscript;
		};
		49AD0A1C209B503A00F86278 /* PBXContainerItemProxy */ = {
			isa = PBXContainerItemProxy;
			containerPortal = 49E647E01D00B68F005F5059 /* Project object */;
			proxyType = 1;
			remoteGlobalIDString = 494D254D1D2E9055003755DB;
			remoteInfo = libm8rscript;
		};
/* End PBXContainerItemProxy section */

/* Begin PBXCopyFilesBuildPhase section */
		491ED3A12353EFE600DE0C42 /* CopyFiles */ = {
			isa = PBXCopyFilesBuildPhase;
			buildActionMask = 12;
			dstPath = "$(HOME)/bin";
			dstSubfolderSpec = 0;
			files = (
				499D95F22355323D00F45585 /* m8rtest in CopyFiles */,
			);
			runOnlyForDeploymentPostprocessing = 0;
		};
		4945A86D1EC3711D00559CD1 /* CopyFiles */ = {
			isa = PBXCopyFilesBuildPhase;
			buildActionMask = 12;
			dstPath = "$(HOME)/bin";
			dstSubfolderSpec = 0;
			files = (
				499D95F3235532F100F45585 /* m8r in CopyFiles */,
			);
			runOnlyForDeploymentPostprocessing = 0;
		};
		4988DC3D1F0A3713009F7ED5 /* Embed XPC Services */ = {
			isa = PBXCopyFilesBuildPhase;
			buildActionMask = 2147483647;
			dstPath = "$(CONTENTS_FOLDER_PATH)/XPCServices";
			dstSubfolderSpec = 16;
			files = (
			);
			name = "Embed XPC Services";
			runOnlyForDeploymentPostprocessing = 0;
		};
		49C406E01EB6598B001E4DEC /* CopyFiles */ = {
			isa = PBXCopyFilesBuildPhase;
			buildActionMask = 2147483647;
			dstPath = /usr/share/man/man1/;
			dstSubfolderSpec = 0;
			files = (
			);
			runOnlyForDeploymentPostprocessing = 1;
		};
		49F463351E0DD533004EF625 /* CopyFiles */ = {
			isa = PBXCopyFilesBuildPhase;
			buildActionMask = 2147483647;
			dstPath = "";
			dstSubfolderSpec = 10;
			files = (
				49F463361E0DD545004EF625 /* MGSFragaria.framework in CopyFiles */,
			);
			runOnlyForDeploymentPostprocessing = 0;
		};
/* End PBXCopyFilesBuildPhase section */

/* Begin PBXFileReference section */
		491E2F8D236A52160054725E /* Telnet.cpp */ = {isa = PBXFileReference; lastKnownFileType = sourcecode.cpp.cpp; name = Telnet.cpp; path = ../src/Telnet.cpp; sourceTree = "<group>"; };
		491E2F8E236A52160054725E /* Telnet.h */ = {isa = PBXFileReference; lastKnownFileType = sourcecode.c.h; name = Telnet.h; path = ../src/Telnet.h; sourceTree = "<group>"; };
		491ED38D235392FF00DE0C42 /* spiffs.h */ = {isa = PBXFileReference; fileEncoding = 4; lastKnownFileType = sourcecode.c.h; name = spiffs.h; path = ../src/spiffs/src/spiffs.h; sourceTree = "<group>"; };
		491ED38E235392FF00DE0C42 /* spiffs_cache.c */ = {isa = PBXFileReference; fileEncoding = 4; lastKnownFileType = sourcecode.c.c; name = spiffs_cache.c; path = ../src/spiffs/src/spiffs_cache.c; sourceTree = "<group>"; };
		491ED38F235392FF00DE0C42 /* spiffs_config.h */ = {isa = PBXFileReference; fileEncoding = 4; lastKnownFileType = sourcecode.c.h; name = spiffs_config.h; path = ../src/spiffs/src/spiffs_config.h; sourceTree = "<group>"; };
		491ED390235392FF00DE0C42 /* spiffs_check.c */ = {isa = PBXFileReference; fileEncoding = 4; lastKnownFileType = sourcecode.c.c; name = spiffs_check.c; path = ../src/spiffs/src/spiffs_check.c; sourceTree = "<group>"; };
		491ED391235392FF00DE0C42 /* spiffs_hydrogen.c */ = {isa = PBXFileReference; fileEncoding = 4; lastKnownFileType = sourcecode.c.c; name = spiffs_hydrogen.c; path = ../src/spiffs/src/spiffs_hydrogen.c; sourceTree = "<group>"; };
		491ED392235392FF00DE0C42 /* spiffs_nucleus.h */ = {isa = PBXFileReference; fileEncoding = 4; lastKnownFileType = sourcecode.c.h; name = spiffs_nucleus.h; path = ../src/spiffs/src/spiffs_nucleus.h; sourceTree = "<group>"; };
		491ED393235392FF00DE0C42 /* spiffs_gc.c */ = {isa = PBXFileReference; fileEncoding = 4; lastKnownFileType = sourcecode.c.c; name = spiffs_gc.c; path = ../src/spiffs/src/spiffs_gc.c; sourceTree = "<group>"; };
		491ED394235392FF00DE0C42 /* spiffs_nucleus.c */ = {isa = PBXFileReference; fileEncoding = 4; lastKnownFileType = sourcecode.c.c; name = spiffs_nucleus.c; path = ../src/spiffs/src/spiffs_nucleus.c; sourceTree = "<group>"; };
		491ED3A32353EFE600DE0C42 /* m8rtest */ = {isa = PBXFileReference; explicitFileType = "compiled.mach-o.executable"; includeInIndex = 0; path = m8rtest; sourceTree = BUILT_PRODUCTS_DIR; };
		491ED3A52353EFE600DE0C42 /* main.cpp */ = {isa = PBXFileReference; lastKnownFileType = sourcecode.cpp.cpp; path = main.cpp; sourceTree = "<group>"; };
		4923672423733EEC0009963A /* umm_malloc.cpp */ = {isa = PBXFileReference; fileEncoding = 4; lastKnownFileType = sourcecode.cpp.cpp; name = umm_malloc.cpp; path = ../src/umm/umm_malloc.cpp; sourceTree = "<group>"; };
		4923672523733EEC0009963A /* umm_malloc.h */ = {isa = PBXFileReference; fileEncoding = 4; lastKnownFileType = sourcecode.c.h; name = umm_malloc.h; path = ../src/umm/umm_malloc.h; sourceTree = "<group>"; };
		4923672623733EEC0009963A /* umm_malloc_cfg.h */ = {isa = PBXFileReference; fileEncoding = 4; lastKnownFileType = sourcecode.c.h; name = umm_malloc_cfg.h; path = ../src/umm/umm_malloc_cfg.h; sourceTree = "<group>"; };
		492396C51E711D12007AC0BF /* UDP.cpp */ = {isa = PBXFileReference; fileEncoding = 4; lastKnownFileType = sourcecode.cpp.cpp; name = UDP.cpp; path = ../src/UDP.cpp; sourceTree = "<group>"; };
		492396C91E711E47007AC0BF /* IPAddr.h */ = {isa = PBXFileReference; lastKnownFileType = sourcecode.c.h; name = IPAddr.h; path = ../src/IPAddr.h; sourceTree = "<group>"; };
		4924FDB41DDBE7CD00883967 /* GPIO.h */ = {isa = PBXFileReference; fileEncoding = 4; lastKnownFileType = sourcecode.c.h; name = GPIO.h; path = ../src/GPIO.h; sourceTree = "<group>"; };
		492604A71D9354F000C5DF07 /* BonjourBW.png */ = {isa = PBXFileReference; lastKnownFileType = image.png; path = BonjourBW.png; sourceTree = "<group>"; };
		49263ABB23611DF0005CB9F9 /* StreamProto.cpp */ = {isa = PBXFileReference; lastKnownFileType = sourcecode.cpp.cpp; name = StreamProto.cpp; path = ../src/StreamProto.cpp; sourceTree = "<group>"; };
		49263ABC23611DF0005CB9F9 /* StreamProto.h */ = {isa = PBXFileReference; lastKnownFileType = sourcecode.c.h; name = StreamProto.h; path = ../src/StreamProto.h; sourceTree = "<group>"; };
		492BA3D61E15849C00242DA8 /* GPIO.cpp */ = {isa = PBXFileReference; fileEncoding = 4; lastKnownFileType = sourcecode.cpp.cpp; name = GPIO.cpp; path = ../src/GPIO.cpp; sourceTree = "<group>"; };
		492BA3D81E15944000242DA8 /* GPIOInterface.h */ = {isa = PBXFileReference; fileEncoding = 4; lastKnownFileType = sourcecode.c.h; name = GPIOInterface.h; path = ../src/GPIOInterface.h; sourceTree = "<group>"; };
		492BA3DA1E15987C00242DA8 /* Base64.cpp */ = {isa = PBXFileReference; fileEncoding = 4; lastKnownFileType = sourcecode.cpp.cpp; name = Base64.cpp; path = ../src/Base64.cpp; sourceTree = "<group>"; };
		492BA3DB1E15987C00242DA8 /* Base64.h */ = {isa = PBXFileReference; fileEncoding = 4; lastKnownFileType = sourcecode.c.h; name = Base64.h; path = ../src/Base64.h; sourceTree = "<group>"; };
		492BA3EE1E19727C00242DA8 /* slre.cpp */ = {isa = PBXFileReference; fileEncoding = 4; lastKnownFileType = sourcecode.cpp.cpp; name = slre.cpp; path = ../src/slre.cpp; sourceTree = "<group>"; };
		492BA3EF1E19727C00242DA8 /* slre.h */ = {isa = PBXFileReference; fileEncoding = 4; lastKnownFileType = sourcecode.c.h; name = slre.h; path = ../src/slre.h; sourceTree = "<group>"; };
		493C9ED41D218F100062152D /* stop.png */ = {isa = PBXFileReference; lastKnownFileType = image.png; path = stop.png; sourceTree = "<group>"; };
		493C9ED51D218F100062152D /* pause.png */ = {isa = PBXFileReference; lastKnownFileType = image.png; path = pause.png; sourceTree = "<group>"; };
		493C9ED61D218F100062152D /* play.png */ = {isa = PBXFileReference; lastKnownFileType = image.png; path = play.png; sourceTree = "<group>"; };
		493C9EDA1D2191E60062152D /* build.png */ = {isa = PBXFileReference; lastKnownFileType = image.png; path = build.png; sourceTree = "<group>"; };
		4942EA7E1D06FC2500E02088 /* Object.h */ = {isa = PBXFileReference; lastKnownFileType = sourcecode.c.h; name = Object.h; path = ../src/Object.h; sourceTree = "<group>"; };
		4942EA7F1D07009E00E02088 /* Program.h */ = {isa = PBXFileReference; lastKnownFileType = sourcecode.c.h; name = Program.h; path = ../src/Program.h; sourceTree = "<group>"; };
		4942EA811D07043C00E02088 /* Function.h */ = {isa = PBXFileReference; lastKnownFileType = sourcecode.c.h; name = Function.h; path = ../src/Function.h; sourceTree = "<group>"; };
		4942EA821D070C9B00E02088 /* Program.cpp */ = {isa = PBXFileReference; fileEncoding = 4; lastKnownFileType = sourcecode.cpp.cpp; name = Program.cpp; path = ../src/Program.cpp; sourceTree = "<group>"; };
		4942EA841D0AEAC600E02088 /* Value.cpp */ = {isa = PBXFileReference; fileEncoding = 4; lastKnownFileType = sourcecode.cpp.cpp; name = Value.cpp; path = ../src/Value.cpp; sourceTree = "<group>"; };
		4942EA851D0AEAC600E02088 /* Value.h */ = {isa = PBXFileReference; fileEncoding = 4; lastKnownFileType = sourcecode.c.h; name = Value.h; path = ../src/Value.h; sourceTree = "<group>"; };
		4942EA871D0AF26300E02088 /* Function.cpp */ = {isa = PBXFileReference; fileEncoding = 4; lastKnownFileType = sourcecode.cpp.cpp; name = Function.cpp; path = ../src/Function.cpp; sourceTree = "<group>"; };
		4942EA8C1D0D950100E02088 /* Defines.h */ = {isa = PBXFileReference; lastKnownFileType = sourcecode.c.h; name = Defines.h; path = ../src/Defines.h; sourceTree = "<group>"; };
		4943BF521DC009CC00773D23 /* savebinary.png */ = {isa = PBXFileReference; lastKnownFileType = image.png; path = savebinary.png; sourceTree = "<group>"; };
		4945A86F1EC3711D00559CD1 /* m8r */ = {isa = PBXFileReference; explicitFileType = "compiled.mach-o.executable"; includeInIndex = 0; path = m8r; sourceTree = BUILT_PRODUCTS_DIR; };
		4945A8711EC3711D00559CD1 /* main.cpp */ = {isa = PBXFileReference; lastKnownFileType = sourcecode.cpp.cpp; path = main.cpp; sourceTree = "<group>"; };
		4945A87A1EC398B900559CD1 /* Foundation.framework */ = {isa = PBXFileReference; lastKnownFileType = wrapper.framework; name = Foundation.framework; path = System/Library/Frameworks/Foundation.framework; sourceTree = SDKROOT; };
		4945DD831D5ACE12006945BC /* core */ = {isa = PBXFileReference; lastKnownFileType = folder; name = core; path = ../esp/core; sourceTree = "<group>"; };
		494BA1981D207C3A00E72725 /* SystemInterface.h */ = {isa = PBXFileReference; lastKnownFileType = sourcecode.c.h; name = SystemInterface.h; path = ../src/SystemInterface.h; sourceTree = "<group>"; };
		494BA1A31D20B26100E72725 /* NoodleLineNumberMarker.h */ = {isa = PBXFileReference; fileEncoding = 4; lastKnownFileType = sourcecode.c.h; name = NoodleLineNumberMarker.h; path = "NSTextView+JSDExtensions/NoodleLineNumberMarker.h"; sourceTree = "<group>"; };
		494BA1A41D20B26100E72725 /* NoodleLineNumberMarker.m */ = {isa = PBXFileReference; fileEncoding = 4; lastKnownFileType = sourcecode.c.objc; name = NoodleLineNumberMarker.m; path = "NSTextView+JSDExtensions/NoodleLineNumberMarker.m"; sourceTree = "<group>"; };
		494BA1A51D20B26100E72725 /* NoodleLineNumberView.h */ = {isa = PBXFileReference; fileEncoding = 4; lastKnownFileType = sourcecode.c.h; name = NoodleLineNumberView.h; path = "NSTextView+JSDExtensions/NoodleLineNumberView.h"; sourceTree = "<group>"; };
		494BA1A61D20B26100E72725 /* NoodleLineNumberView.m */ = {isa = PBXFileReference; fileEncoding = 4; lastKnownFileType = sourcecode.c.objc; name = NoodleLineNumberView.m; path = "NSTextView+JSDExtensions/NoodleLineNumberView.m"; sourceTree = "<group>"; };
		494BA1A71D20B26100E72725 /* NSTextView+JSDExtensions.h */ = {isa = PBXFileReference; fileEncoding = 4; lastKnownFileType = sourcecode.c.h; name = "NSTextView+JSDExtensions.h"; path = "NSTextView+JSDExtensions/NSTextView+JSDExtensions.h"; sourceTree = "<group>"; };
		494BA1A81D20B26100E72725 /* NSTextView+JSDExtensions.m */ = {isa = PBXFileReference; fileEncoding = 4; lastKnownFileType = sourcecode.c.objc; name = "NSTextView+JSDExtensions.m"; path = "NSTextView+JSDExtensions/NSTextView+JSDExtensions.m"; sourceTree = "<group>"; };
		494D254E1D2E9055003755DB /* libm8rscript.a */ = {isa = PBXFileReference; explicitFileType = archive.ar; includeInIndex = 0; path = libm8rscript.a; sourceTree = BUILT_PRODUCTS_DIR; };
		494D25961D33D33E003755DB /* Object.cpp */ = {isa = PBXFileReference; fileEncoding = 4; lastKnownFileType = sourcecode.cpp.cpp; name = Object.cpp; path = ../src/Object.cpp; sourceTree = "<group>"; };
		49562F691D1D7A75001AFAEE /* main.m */ = {isa = PBXFileReference; fileEncoding = 4; lastKnownFileType = sourcecode.c.objc; path = main.m; sourceTree = "<group>"; };
		49562F6B1D1D7A9C001AFAEE /* AppDelegate.h */ = {isa = PBXFileReference; fileEncoding = 4; lastKnownFileType = sourcecode.c.h; path = AppDelegate.h; sourceTree = "<group>"; };
		49562F6C1D1D7A9C001AFAEE /* AppDelegate.m */ = {isa = PBXFileReference; fileEncoding = 4; lastKnownFileType = sourcecode.c.objc; path = AppDelegate.m; sourceTree = "<group>"; };
		49562F6D1D1D7A9C001AFAEE /* Document.h */ = {isa = PBXFileReference; fileEncoding = 4; lastKnownFileType = sourcecode.c.h; path = Document.h; sourceTree = "<group>"; };
		49562F6E1D1D7A9C001AFAEE /* Document.m */ = {isa = PBXFileReference; fileEncoding = 4; lastKnownFileType = sourcecode.c.objc; path = Document.m; sourceTree = "<group>"; };
		4966A41B1D22F8C4008951F4 /* CodePrinter.cpp */ = {isa = PBXFileReference; fileEncoding = 4; lastKnownFileType = sourcecode.cpp.cpp; name = CodePrinter.cpp; path = ../src/CodePrinter.cpp; sourceTree = "<group>"; };
		4966A41C1D22F8C4008951F4 /* CodePrinter.h */ = {isa = PBXFileReference; fileEncoding = 4; lastKnownFileType = sourcecode.c.h; name = CodePrinter.h; path = ../src/CodePrinter.h; sourceTree = "<group>"; };
		4970FD121DB04DDD00521DF1 /* download.png */ = {isa = PBXFileReference; lastKnownFileType = image.png; path = download.png; sourceTree = "<group>"; };
		4979C6711DDB790D00180BC2 /* gdbstub */ = {isa = PBXFileReference; lastKnownFileType = folder; name = gdbstub; path = ../esp/gdbstub; sourceTree = "<group>"; };
		497B449E1D469B3200BC1B57 /* app */ = {isa = PBXFileReference; lastKnownFileType = folder; name = app; path = ../esp/app; sourceTree = "<group>"; };
		497B449F1D469BB000BC1B57 /* Makefile */ = {isa = PBXFileReference; lastKnownFileType = sourcecode.make; name = Makefile; path = ../esp/Makefile; sourceTree = "<group>"; };
		4984E8301D1370A500D0ABA6 /* Global.cpp */ = {isa = PBXFileReference; fileEncoding = 4; lastKnownFileType = sourcecode.cpp.cpp; name = Global.cpp; path = ../src/Global.cpp; sourceTree = "<group>"; };
		4984E8311D1370A500D0ABA6 /* Global.h */ = {isa = PBXFileReference; fileEncoding = 4; lastKnownFileType = sourcecode.c.h; name = Global.h; path = ../src/Global.h; sourceTree = "<group>"; };
		4984E8331D1492ED00D0ABA6 /* MStream.h */ = {isa = PBXFileReference; fileEncoding = 4; lastKnownFileType = sourcecode.c.h; name = MStream.h; path = ../src/MStream.h; sourceTree = "<group>"; };
		49884F06236CB25100C292EA /* StateMachine.h */ = {isa = PBXFileReference; lastKnownFileType = sourcecode.c.h; name = StateMachine.h; path = ../src/StateMachine.h; sourceTree = "<group>"; };
		4988DC2C1F03EBEB009F7ED5 /* Containers.cpp */ = {isa = PBXFileReference; fileEncoding = 4; lastKnownFileType = sourcecode.cpp.cpp; name = Containers.cpp; path = ../src/Containers.cpp; sourceTree = "<group>"; };
		4988DC741F0C296B009F7ED5 /* Device.mm */ = {isa = PBXFileReference; fileEncoding = 4; lastKnownFileType = sourcecode.cpp.objcpp; path = Device.mm; sourceTree = "<group>"; };
		4988DC751F0C296B009F7ED5 /* Device.h */ = {isa = PBXFileReference; fileEncoding = 4; lastKnownFileType = sourcecode.c.h; path = Device.h; sourceTree = "<group>"; };
		49899B981EA56A6E003B334B /* Closure.cpp */ = {isa = PBXFileReference; fileEncoding = 4; lastKnownFileType = sourcecode.cpp.cpp; name = Closure.cpp; path = ../src/Closure.cpp; sourceTree = "<group>"; };
		49899B991EA56A6E003B334B /* Closure.h */ = {isa = PBXFileReference; fileEncoding = 4; lastKnownFileType = sourcecode.c.h; name = Closure.h; path = ../src/Closure.h; sourceTree = "<group>"; };
		498ACA761D17503C0039E1CD /* ParseEngine.cpp */ = {isa = PBXFileReference; fileEncoding = 4; lastKnownFileType = sourcecode.cpp.cpp; name = ParseEngine.cpp; path = ../src/ParseEngine.cpp; sourceTree = "<group>"; };
		498ACA771D17503C0039E1CD /* ParseEngine.h */ = {isa = PBXFileReference; fileEncoding = 4; lastKnownFileType = sourcecode.c.h; name = ParseEngine.h; path = ../src/ParseEngine.h; sourceTree = "<group>"; };
		4998DB4E1D21671000E2F776 /* Run.png */ = {isa = PBXFileReference; lastKnownFileType = image.png; path = Run.png; sourceTree = "<group>"; };
		499AE8DF2349B1BC00459451 /* Heartbeat.cpp */ = {isa = PBXFileReference; lastKnownFileType = sourcecode.cpp.cpp; name = Heartbeat.cpp; path = ../src/Heartbeat.cpp; sourceTree = "<group>"; };
		499AE8E02349B1BC00459451 /* Heartbeat.h */ = {isa = PBXFileReference; lastKnownFileType = sourcecode.c.h; name = Heartbeat.h; path = ../src/Heartbeat.h; sourceTree = "<group>"; };
		499AE8E3234A625100459451 /* Task.cpp */ = {isa = PBXFileReference; lastKnownFileType = sourcecode.cpp.cpp; name = Task.cpp; path = ../src/Task.cpp; sourceTree = "<group>"; };
		499AE8E4234A625100459451 /* Task.h */ = {isa = PBXFileReference; lastKnownFileType = sourcecode.c.h; name = Task.h; path = ../src/Task.h; sourceTree = "<group>"; };
		499AE8E7234A667D00459451 /* SystemInterface.cpp */ = {isa = PBXFileReference; lastKnownFileType = sourcecode.cpp.cpp; name = SystemInterface.cpp; path = ../src/SystemInterface.cpp; sourceTree = "<group>"; };
		49A3286A1D35BDC50006D0FE /* Error.cpp */ = {isa = PBXFileReference; fileEncoding = 4; lastKnownFileType = sourcecode.cpp.cpp; name = Error.cpp; path = ../src/Error.cpp; sourceTree = "<group>"; };
		49A3286B1D35BDC50006D0FE /* Error.h */ = {isa = PBXFileReference; fileEncoding = 4; lastKnownFileType = sourcecode.c.h; name = Error.h; path = ../src/Error.h; sourceTree = "<group>"; };
		49A39F1E234C513600F6A144 /* SystemTime.h */ = {isa = PBXFileReference; lastKnownFileType = sourcecode.c.h; name = SystemTime.h; path = ../src/SystemTime.h; sourceTree = "<group>"; };
		49A39F2123509E5200F6A144 /* mrsh */ = {isa = PBXFileReference; lastKnownFileType = text; name = mrsh; path = ../scripts/mrsh; sourceTree = "<group>"; xcLanguageSpecificationIdentifier = xcode.lang.javascript; };
		49A39F222350A1A600F6A144 /* timing */ = {isa = PBXFileReference; lastKnownFileType = folder; name = timing; path = ../scripts/timing; sourceTree = "<group>"; };
		49A39F232350A1A700F6A144 /* simple */ = {isa = PBXFileReference; lastKnownFileType = folder; name = simple; path = ../scripts/simple; sourceTree = "<group>"; };
		49A39F242350A1A700F6A144 /* tests */ = {isa = PBXFileReference; lastKnownFileType = folder; name = tests; path = ../scripts/tests; sourceTree = "<group>"; };
		49A39F252350A1A700F6A144 /* examples */ = {isa = PBXFileReference; lastKnownFileType = folder; name = examples; path = ../scripts/examples; sourceTree = "<group>"; };
		49AB794B1DC143B700DE6332 /* TaskManager.cpp */ = {isa = PBXFileReference; fileEncoding = 4; lastKnownFileType = sourcecode.cpp.cpp; name = TaskManager.cpp; path = ../src/TaskManager.cpp; sourceTree = "<group>"; };
		49AB794C1DC143B700DE6332 /* TaskManager.h */ = {isa = PBXFileReference; fileEncoding = 4; lastKnownFileType = sourcecode.c.h; name = TaskManager.h; path = ../src/TaskManager.h; sourceTree = "<group>"; };
		49AC572F1D02C71B00DB94B5 /* ExecutionUnit.h */ = {isa = PBXFileReference; lastKnownFileType = sourcecode.c.h; name = ExecutionUnit.h; path = ../src/ExecutionUnit.h; sourceTree = "<group>"; };
		49AC57301D03465600DB94B5 /* ExecutionUnit.cpp */ = {isa = PBXFileReference; fileEncoding = 4; lastKnownFileType = sourcecode.cpp.cpp; name = ExecutionUnit.cpp; path = ../src/ExecutionUnit.cpp; sourceTree = "<group>"; };
		49AD0A1E209B534F00F86278 /* Simulator.mm */ = {isa = PBXFileReference; fileEncoding = 4; lastKnownFileType = sourcecode.cpp.objcpp; path = Simulator.mm; sourceTree = "<group>"; };
		49AD0A1F209B534F00F86278 /* Simulator.h */ = {isa = PBXFileReference; fileEncoding = 4; lastKnownFileType = sourcecode.c.h; path = Simulator.h; sourceTree = "<group>"; };
		49AE34F11D8231BF00C4E680 /* FS.h */ = {isa = PBXFileReference; lastKnownFileType = sourcecode.c.h; name = FS.h; path = ../src/FS.h; sourceTree = "<group>"; };
		49BDE19C236C711B00304BE8 /* MString.cpp */ = {isa = PBXFileReference; lastKnownFileType = sourcecode.cpp.cpp; name = MString.cpp; path = ../src/MString.cpp; sourceTree = "<group>"; };
		49BDE19D236C711B00304BE8 /* MString.h */ = {isa = PBXFileReference; lastKnownFileType = sourcecode.c.h; name = MString.h; path = ../src/MString.h; sourceTree = "<group>"; };
		49BDE1A423714DC000304BE8 /* mem */ = {isa = PBXFileReference; explicitFileType = sourcecode.javascript; name = mem; path = ../scripts/mem; sourceTree = "<group>"; };
		49BE1CB82350DBA900BF6D9E /* SpiffsFS.h */ = {isa = PBXFileReference; fileEncoding = 4; lastKnownFileType = sourcecode.c.h; name = SpiffsFS.h; path = ../src/SpiffsFS.h; sourceTree = "<group>"; };
		49BE1CB92350DBA900BF6D9E /* SpiffsFS.cpp */ = {isa = PBXFileReference; fileEncoding = 4; lastKnownFileType = sourcecode.cpp.cpp; name = SpiffsFS.cpp; path = ../src/SpiffsFS.cpp; sourceTree = "<group>"; };
		49BE1CF32350F4CD00BF6D9E /* MacSpiffsFS.cpp */ = {isa = PBXFileReference; fileEncoding = 4; lastKnownFileType = sourcecode.cpp.cpp; path = MacSpiffsFS.cpp; sourceTree = "<group>"; };
		49BEB2041DC30EB600F70E0B /* MacTaskManager.cpp */ = {isa = PBXFileReference; fileEncoding = 4; lastKnownFileType = sourcecode.cpp.cpp; path = MacTaskManager.cpp; sourceTree = "<group>"; };
		49BEB2051DC30EB600F70E0B /* MacTaskManager.h */ = {isa = PBXFileReference; fileEncoding = 4; lastKnownFileType = sourcecode.c.h; path = MacTaskManager.h; sourceTree = "<group>"; };
		49BF34432368083B001E5508 /* LittleFS.cpp */ = {isa = PBXFileReference; lastKnownFileType = sourcecode.cpp.cpp; name = LittleFS.cpp; path = ../src/LittleFS.cpp; sourceTree = "<group>"; };
		49BF34442368083B001E5508 /* LittleFS.h */ = {isa = PBXFileReference; lastKnownFileType = sourcecode.c.h; name = LittleFS.h; path = ../src/LittleFS.h; sourceTree = "<group>"; };
		49BF344723680892001E5508 /* MacLittleFS.cpp */ = {isa = PBXFileReference; lastKnownFileType = sourcecode.cpp.cpp; path = MacLittleFS.cpp; sourceTree = "<group>"; };
		49C406E21EB6598B001E4DEC /* generateSharedAtoms */ = {isa = PBXFileReference; explicitFileType = "compiled.mach-o.executable"; includeInIndex = 0; path = generateSharedAtoms; sourceTree = BUILT_PRODUCTS_DIR; };
		49C406EA1EB65A39001E4DEC /* generateSharedAtoms.cpp */ = {isa = PBXFileReference; fileEncoding = 4; lastKnownFileType = sourcecode.cpp.cpp; name = generateSharedAtoms.cpp; path = generators/generateSharedAtoms.cpp; sourceTree = "<group>"; };
		49C406ED1EB65A66001E4DEC /* SharedAtoms.txt */ = {isa = PBXFileReference; fileEncoding = 4; lastKnownFileType = text; name = SharedAtoms.txt; path = generators/SharedAtoms.txt; sourceTree = "<group>"; };
		49C406F01EB675B0001E4DEC /* SharedAtoms.cpp */ = {isa = PBXFileReference; fileEncoding = 4; lastKnownFileType = sourcecode.cpp.cpp; name = SharedAtoms.cpp; path = ../src/SharedAtoms.cpp; sourceTree = "<group>"; };
		49C406F11EB675B0001E4DEC /* SharedAtoms.h */ = {isa = PBXFileReference; fileEncoding = 4; lastKnownFileType = sourcecode.c.h; name = SharedAtoms.h; path = ../src/SharedAtoms.h; sourceTree = "<group>"; };
		49CB74301E7F3028007A4805 /* IPAddr.cpp */ = {isa = PBXFileReference; fileEncoding = 4; lastKnownFileType = sourcecode.cpp.cpp; name = IPAddr.cpp; path = ../src/IPAddr.cpp; sourceTree = "<group>"; };
		49D5FD331E2D9D89001AF5C8 /* TCP.cpp */ = {isa = PBXFileReference; fileEncoding = 4; lastKnownFileType = sourcecode.cpp.cpp; name = TCP.cpp; path = ../src/TCP.cpp; sourceTree = "<group>"; };
		49D9B8181D1C854700724911 /* m8rsim.app */ = {isa = PBXFileReference; explicitFileType = wrapper.application; includeInIndex = 0; path = m8rsim.app; sourceTree = BUILT_PRODUCTS_DIR; };
		49D9B81F1D1C854700724911 /* Base */ = {isa = PBXFileReference; lastKnownFileType = file.xib; name = Base; path = Base.lproj/Document.xib; sourceTree = "<group>"; };
		49D9B8211D1C854700724911 /* Assets.xcassets */ = {isa = PBXFileReference; lastKnownFileType = folder.assetcatalog; path = Assets.xcassets; sourceTree = "<group>"; };
		49D9B8241D1C854700724911 /* Base */ = {isa = PBXFileReference; lastKnownFileType = file.xib; name = Base; path = Base.lproj/MainMenu.xib; sourceTree = "<group>"; };
		49D9B8261D1C854700724911 /* Info.plist */ = {isa = PBXFileReference; lastKnownFileType = text.plist.xml; path = Info.plist; sourceTree = "<group>"; };
		49D9B82B1D1C8CD300724911 /* green-led-off-md.png */ = {isa = PBXFileReference; lastKnownFileType = image.png; path = "green-led-off-md.png"; sourceTree = "<group>"; };
		49D9B82C1D1C8CD300724911 /* green-led-on-md.png */ = {isa = PBXFileReference; lastKnownFileType = image.png; path = "green-led-on-md.png"; sourceTree = "<group>"; };
		49DD773C1D83CEA400D7C374 /* upload.png */ = {isa = PBXFileReference; lastKnownFileType = image.png; path = upload.png; sourceTree = "<group>"; };
		49DD773E1D83E14B00D7C374 /* ReloadFiles3.png */ = {isa = PBXFileReference; lastKnownFileType = image.png; path = ReloadFiles3.png; sourceTree = "<group>"; };
		49DD773F1D83E14B00D7C374 /* ReloadFIles2.png */ = {isa = PBXFileReference; lastKnownFileType = image.png; path = ReloadFIles2.png; sourceTree = "<group>"; };
		49DD77401D83E14B00D7C374 /* ReloadFiles1.png */ = {isa = PBXFileReference; lastKnownFileType = image.png; path = ReloadFiles1.png; sourceTree = "<group>"; };
		49DD77441D8467C100D7C374 /* DeleteFile.png */ = {isa = PBXFileReference; lastKnownFileType = image.png; path = DeleteFile.png; sourceTree = "<group>"; };
		49DD77461D84689100D7C374 /* AddFile.png */ = {isa = PBXFileReference; lastKnownFileType = image.png; path = AddFile.png; sourceTree = "<group>"; };
		49DD77481D84D94900D7C374 /* Simulate.png */ = {isa = PBXFileReference; lastKnownFileType = image.png; path = Simulate.png; sourceTree = "<group>"; };
		49DD774A1D84DD7D00D7C374 /* Application.cpp */ = {isa = PBXFileReference; fileEncoding = 4; lastKnownFileType = sourcecode.cpp.cpp; name = Application.cpp; path = ../src/Application.cpp; sourceTree = "<group>"; };
		49DD774B1D84DD7D00D7C374 /* Application.h */ = {isa = PBXFileReference; fileEncoding = 4; lastKnownFileType = sourcecode.c.h; name = Application.h; path = ../src/Application.h; sourceTree = "<group>"; };
		49E190781DB99E270030DC89 /* TCP.h */ = {isa = PBXFileReference; fileEncoding = 4; lastKnownFileType = sourcecode.c.h; name = TCP.h; path = ../src/TCP.h; sourceTree = "<group>"; };
		49E190791DB99E270030DC89 /* UDP.h */ = {isa = PBXFileReference; fileEncoding = 4; lastKnownFileType = sourcecode.c.h; name = UDP.h; path = ../src/UDP.h; sourceTree = "<group>"; };
		49E1907A1DBAE2570030DC89 /* MacUDP.cpp */ = {isa = PBXFileReference; fileEncoding = 4; lastKnownFileType = sourcecode.cpp.cpp; path = MacUDP.cpp; sourceTree = "<group>"; };
		49E1907B1DBAE2570030DC89 /* MacUDP.h */ = {isa = PBXFileReference; fileEncoding = 4; lastKnownFileType = sourcecode.c.h; path = MacUDP.h; sourceTree = "<group>"; };
		49E1907C1DBAE2570030DC89 /* MacTCP.h */ = {isa = PBXFileReference; fileEncoding = 4; lastKnownFileType = sourcecode.c.h; path = MacTCP.h; sourceTree = "<group>"; };
		49E1907D1DBAE2570030DC89 /* MacTCP.cpp */ = {isa = PBXFileReference; fileEncoding = 4; lastKnownFileType = sourcecode.cpp.cpp; path = MacTCP.cpp; sourceTree = "<group>"; };
		49E5AB541D981D6100C6988D /* FileBrowser.xib */ = {isa = PBXFileReference; fileEncoding = 4; lastKnownFileType = file.xib; path = FileBrowser.xib; sourceTree = "<group>"; };
		49E5AB561D981DDB00C6988D /* FileBrowser.h */ = {isa = PBXFileReference; fileEncoding = 4; lastKnownFileType = sourcecode.c.h; path = FileBrowser.h; sourceTree = "<group>"; };
		49E5AB571D981DDB00C6988D /* FileBrowser.m */ = {isa = PBXFileReference; fileEncoding = 4; lastKnownFileType = sourcecode.c.objc; path = FileBrowser.m; sourceTree = "<group>"; };
		49E5AB5C1D98C00600C6988D /* FastSocket.m */ = {isa = PBXFileReference; fileEncoding = 4; lastKnownFileType = sourcecode.c.objc; name = FastSocket.m; path = FastSocket/FastSocket.m; sourceTree = "<group>"; };
		49E5AB5D1D98C00600C6988D /* FastSocket.h */ = {isa = PBXFileReference; fileEncoding = 4; lastKnownFileType = sourcecode.c.h; name = FastSocket.h; path = FastSocket/FastSocket.h; sourceTree = "<group>"; };
		49E648141D00C088005F5059 /* Float.h */ = {isa = PBXFileReference; fileEncoding = 4; lastKnownFileType = sourcecode.c.h; name = Float.h; path = ../src/Float.h; sourceTree = "<group>"; };
		49E648181D00C088005F5059 /* Parser.cpp */ = {isa = PBXFileReference; fileEncoding = 4; lastKnownFileType = sourcecode.cpp.cpp; name = Parser.cpp; path = ../src/Parser.cpp; sourceTree = "<group>"; };
		49E648191D00C088005F5059 /* Parser.h */ = {isa = PBXFileReference; fileEncoding = 4; lastKnownFileType = sourcecode.c.h; name = Parser.h; path = ../src/Parser.h; sourceTree = "<group>"; };
		49E6481A1D00C088005F5059 /* Scanner.cpp */ = {isa = PBXFileReference; fileEncoding = 4; lastKnownFileType = sourcecode.cpp.cpp; name = Scanner.cpp; path = ../src/Scanner.cpp; sourceTree = "<group>"; };
		49E6481B1D00C088005F5059 /* Scanner.h */ = {isa = PBXFileReference; fileEncoding = 4; lastKnownFileType = sourcecode.c.h; name = Scanner.h; path = ../src/Scanner.h; sourceTree = "<group>"; };
		49E648221D00CB57005F5059 /* Containers.h */ = {isa = PBXFileReference; fileEncoding = 4; lastKnownFileType = sourcecode.c.h; name = Containers.h; path = ../src/Containers.h; sourceTree = "<group>"; };
		49E6482B1D01F279005F5059 /* Atom.h */ = {isa = PBXFileReference; lastKnownFileType = sourcecode.c.h; name = Atom.h; path = ../src/Atom.h; sourceTree = "<group>"; };
		49E6482C1D01F3CA005F5059 /* Atom.cpp */ = {isa = PBXFileReference; fileEncoding = 4; lastKnownFileType = sourcecode.cpp.cpp; name = Atom.cpp; path = ../src/Atom.cpp; sourceTree = "<group>"; };
		49E8262E1E95EB0100E416C4 /* JSON.cpp */ = {isa = PBXFileReference; fileEncoding = 4; lastKnownFileType = sourcecode.cpp.cpp; name = JSON.cpp; path = ../src/JSON.cpp; sourceTree = "<group>"; };
		49E8262F1E95EB0100E416C4 /* JSON.h */ = {isa = PBXFileReference; fileEncoding = 4; lastKnownFileType = sourcecode.c.h; name = JSON.h; path = ../src/JSON.h; sourceTree = "<group>"; };
		49E9871123628AE600C17CB6 /* FS.cpp */ = {isa = PBXFileReference; lastKnownFileType = sourcecode.cpp.cpp; name = FS.cpp; path = ../src/FS.cpp; sourceTree = "<group>"; };
		49E987162365CEF000C17CB6 /* Mallocator.cpp */ = {isa = PBXFileReference; lastKnownFileType = sourcecode.cpp.cpp; name = Mallocator.cpp; path = ../src/Mallocator.cpp; sourceTree = "<group>"; };
		49E987172365CEF000C17CB6 /* Mallocator.h */ = {isa = PBXFileReference; lastKnownFileType = sourcecode.c.h; name = Mallocator.h; path = ../src/Mallocator.h; sourceTree = "<group>"; };
		49E9871A2365F63000C17CB6 /* SystemTime.cpp */ = {isa = PBXFileReference; lastKnownFileType = sourcecode.cpp.cpp; name = SystemTime.cpp; path = ../src/SystemTime.cpp; sourceTree = "<group>"; };
		49EED9872357971500831598 /* lfs.c */ = {isa = PBXFileReference; fileEncoding = 4; lastKnownFileType = sourcecode.c.c; path = lfs.c; sourceTree = "<group>"; };
		49EED9882357971500831598 /* lfs_util.h */ = {isa = PBXFileReference; fileEncoding = 4; lastKnownFileType = sourcecode.c.h; path = lfs_util.h; sourceTree = "<group>"; };
		49EED9892357971500831598 /* lfs.h */ = {isa = PBXFileReference; fileEncoding = 4; lastKnownFileType = sourcecode.c.h; path = lfs.h; sourceTree = "<group>"; };
		49EED98A2357971500831598 /* lfs_util.c */ = {isa = PBXFileReference; fileEncoding = 4; lastKnownFileType = sourcecode.c.c; path = lfs_util.c; sourceTree = "<group>"; };
		49F166F41DA7443100C07A1A /* SimulationView.xib */ = {isa = PBXFileReference; fileEncoding = 4; lastKnownFileType = file.xib; path = SimulationView.xib; sourceTree = "<group>"; };
		49F166F51DA7443100C07A1A /* SimulationView.m */ = {isa = PBXFileReference; fileEncoding = 4; lastKnownFileType = sourcecode.c.objc; path = SimulationView.m; sourceTree = "<group>"; };
		49F166F61DA7443100C07A1A /* SimulationView.h */ = {isa = PBXFileReference; fileEncoding = 4; lastKnownFileType = sourcecode.c.h; path = SimulationView.h; sourceTree = "<group>"; };
		49F463321E0DD05E004EF625 /* MGSFragaria.framework */ = {isa = PBXFileReference; lastKnownFileType = wrapper.framework; path = MGSFragaria.framework; sourceTree = "<group>"; };
		49F4633B1E1873D6004EF625 /* Iterator.cpp */ = {isa = PBXFileReference; fileEncoding = 4; lastKnownFileType = sourcecode.cpp.cpp; name = Iterator.cpp; path = ../src/Iterator.cpp; sourceTree = "<group>"; };
		49F4633C1E1873D6004EF625 /* Iterator.h */ = {isa = PBXFileReference; fileEncoding = 4; lastKnownFileType = sourcecode.c.h; name = Iterator.h; path = ../src/Iterator.h; sourceTree = "<group>"; };
/* End PBXFileReference section */

/* Begin PBXFrameworksBuildPhase section */
		491ED3A02353EFE600DE0C42 /* Frameworks */ = {
			isa = PBXFrameworksBuildPhase;
			buildActionMask = 2147483647;
			files = (
				491ED3AC2353F48100DE0C42 /* libm8rscript.a in Frameworks */,
			);
			runOnlyForDeploymentPostprocessing = 0;
		};
		4945A86C1EC3711D00559CD1 /* Frameworks */ = {
			isa = PBXFrameworksBuildPhase;
			buildActionMask = 2147483647;
			files = (
				4945A8781EC3969100559CD1 /* libm8rscript.a in Frameworks */,
			);
			runOnlyForDeploymentPostprocessing = 0;
		};
		494D254B1D2E9055003755DB /* Frameworks */ = {
			isa = PBXFrameworksBuildPhase;
			buildActionMask = 2147483647;
			files = (
			);
			runOnlyForDeploymentPostprocessing = 0;
		};
		49C406DF1EB6598B001E4DEC /* Frameworks */ = {
			isa = PBXFrameworksBuildPhase;
			buildActionMask = 2147483647;
			files = (
			);
			runOnlyForDeploymentPostprocessing = 0;
		};
		49D9B8151D1C854700724911 /* Frameworks */ = {
			isa = PBXFrameworksBuildPhase;
			buildActionMask = 2147483647;
			files = (
				494D25631D2E9337003755DB /* libm8rscript.a in Frameworks */,
				49F463331E0DD05E004EF625 /* MGSFragaria.framework in Frameworks */,
			);
			runOnlyForDeploymentPostprocessing = 0;
		};
/* End PBXFrameworksBuildPhase section */

/* Begin PBXGroup section */
		491ED38C235392D400DE0C42 /* spiffs */ = {
			isa = PBXGroup;
			children = (
				491ED38E235392FF00DE0C42 /* spiffs_cache.c */,
				491ED390235392FF00DE0C42 /* spiffs_check.c */,
				491ED38F235392FF00DE0C42 /* spiffs_config.h */,
				491ED393235392FF00DE0C42 /* spiffs_gc.c */,
				491ED391235392FF00DE0C42 /* spiffs_hydrogen.c */,
				491ED394235392FF00DE0C42 /* spiffs_nucleus.c */,
				491ED392235392FF00DE0C42 /* spiffs_nucleus.h */,
				491ED38D235392FF00DE0C42 /* spiffs.h */,
			);
			name = spiffs;
			sourceTree = "<group>";
		};
		491ED3A42353EFE600DE0C42 /* m8rtest */ = {
			isa = PBXGroup;
			children = (
				491ED3A52353EFE600DE0C42 /* main.cpp */,
			);
			path = m8rtest;
			sourceTree = "<group>";
		};
		4923672323733ECF0009963A /* umm */ = {
			isa = PBXGroup;
			children = (
				4923672623733EEC0009963A /* umm_malloc_cfg.h */,
				4923672423733EEC0009963A /* umm_malloc.cpp */,
				4923672523733EEC0009963A /* umm_malloc.h */,
			);
			name = umm;
			sourceTree = "<group>";
		};
		4942EA891D0C86BB00E02088 /* scripts */ = {
			isa = PBXGroup;
			children = (
				49A39F252350A1A700F6A144 /* examples */,
				49A39F232350A1A700F6A144 /* simple */,
				49A39F242350A1A700F6A144 /* tests */,
				49A39F222350A1A600F6A144 /* timing */,
				49BDE1A423714DC000304BE8 /* mem */,
				49A39F2123509E5200F6A144 /* mrsh */,
			);
			name = scripts;
			sourceTree = "<group>";
		};
		4945A8701EC3711D00559CD1 /* m8r */ = {
			isa = PBXGroup;
			children = (
				4945A8711EC3711D00559CD1 /* main.cpp */,
			);
			path = m8r;
			sourceTree = "<group>";
		};
		4945A8791EC398B900559CD1 /* Frameworks */ = {
			isa = PBXGroup;
			children = (
				4945A87A1EC398B900559CD1 /* Foundation.framework */,
			);
			name = Frameworks;
			sourceTree = "<group>";
		};
		494BA1901D207A9B00E72725 /* m8rscript */ = {
			isa = PBXGroup;
			children = (
				49C406E91EB65A15001E4DEC /* generators */,
				494D25891D32B2E6003755DB /* esp */,
			);
			name = m8rscript;
			sourceTree = "<group>";
		};
		494BA1911D207AB700E72725 /* mac */ = {
			isa = PBXGroup;
			children = (
				49BF344723680892001E5508 /* MacLittleFS.cpp */,
				49BE1CF32350F4CD00BF6D9E /* MacSpiffsFS.cpp */,
				49BEB2041DC30EB600F70E0B /* MacTaskManager.cpp */,
				49BEB2051DC30EB600F70E0B /* MacTaskManager.h */,
				49E1907D1DBAE2570030DC89 /* MacTCP.cpp */,
				49E1907C1DBAE2570030DC89 /* MacTCP.h */,
				49E1907A1DBAE2570030DC89 /* MacUDP.cpp */,
				49E1907B1DBAE2570030DC89 /* MacUDP.h */,
			);
			name = mac;
			sourceTree = "<group>";
		};
		494BA1991D20B1BF00E72725 /* NSTextView+JSDExtensions */ = {
			isa = PBXGroup;
			children = (
				494BA1A31D20B26100E72725 /* NoodleLineNumberMarker.h */,
				494BA1A41D20B26100E72725 /* NoodleLineNumberMarker.m */,
				494BA1A51D20B26100E72725 /* NoodleLineNumberView.h */,
				494BA1A61D20B26100E72725 /* NoodleLineNumberView.m */,
				494BA1A71D20B26100E72725 /* NSTextView+JSDExtensions.h */,
				494BA1A81D20B26100E72725 /* NSTextView+JSDExtensions.m */,
			);
			name = "NSTextView+JSDExtensions";
			sourceTree = "<group>";
		};
		494D25891D32B2E6003755DB /* esp */ = {
			isa = PBXGroup;
			children = (
				4979C6711DDB790D00180BC2 /* gdbstub */,
				4945DD831D5ACE12006945BC /* core */,
				497B449E1D469B3200BC1B57 /* app */,
				497B449F1D469BB000BC1B57 /* Makefile */,
			);
			name = esp;
			sourceTree = "<group>";
		};
		49C406E91EB65A15001E4DEC /* generators */ = {
			isa = PBXGroup;
			children = (
				49C406ED1EB65A66001E4DEC /* SharedAtoms.txt */,
				49C406EA1EB65A39001E4DEC /* generateSharedAtoms.cpp */,
			);
			name = generators;
			sourceTree = "<group>";
		};
		49D9B8191D1C854700724911 /* m8rsim */ = {
			isa = PBXGroup;
			children = (
				49AD0A1E209B534F00F86278 /* Simulator.mm */,
				49AD0A1F209B534F00F86278 /* Simulator.h */,
				49F463321E0DD05E004EF625 /* MGSFragaria.framework */,
				49E5AB5B1D98BFED00C6988D /* FastSocket */,
				49E5AB531D981A6300C6988D /* UI */,
				49562F6C1D1D7A9C001AFAEE /* AppDelegate.m */,
				4988DC741F0C296B009F7ED5 /* Device.mm */,
				4988DC751F0C296B009F7ED5 /* Device.h */,
				49562F691D1D7A75001AFAEE /* main.m */,
				49562F6B1D1D7A9C001AFAEE /* AppDelegate.h */,
				49D9B82A1D1C8C9000724911 /* Images */,
				49D9B8211D1C854700724911 /* Assets.xcassets */,
				49D9B8261D1C854700724911 /* Info.plist */,
			);
			path = m8rsim;
			sourceTree = "<group>";
		};
		49D9B82A1D1C8C9000724911 /* Images */ = {
			isa = PBXGroup;
			children = (
				4943BF521DC009CC00773D23 /* savebinary.png */,
				492604A71D9354F000C5DF07 /* BonjourBW.png */,
				493C9EDA1D2191E60062152D /* build.png */,
				49DD77461D84689100D7C374 /* AddFile.png */,
				49DD77441D8467C100D7C374 /* DeleteFile.png */,
				4970FD121DB04DDD00521DF1 /* download.png */,
				493C9ED41D218F100062152D /* stop.png */,
				493C9ED51D218F100062152D /* pause.png */,
				493C9ED61D218F100062152D /* play.png */,
				4998DB4E1D21671000E2F776 /* Run.png */,
				49D9B82B1D1C8CD300724911 /* green-led-off-md.png */,
				49D9B82C1D1C8CD300724911 /* green-led-on-md.png */,
				49DD773E1D83E14B00D7C374 /* ReloadFiles3.png */,
				49DD773F1D83E14B00D7C374 /* ReloadFIles2.png */,
				49DD77401D83E14B00D7C374 /* ReloadFiles1.png */,
				49DD77481D84D94900D7C374 /* Simulate.png */,
				49DD773C1D83CEA400D7C374 /* upload.png */,
			);
			name = Images;
			sourceTree = "<group>";
		};
		49E5AB531D981A6300C6988D /* UI */ = {
			isa = PBXGroup;
			children = (
				49F166F41DA7443100C07A1A /* SimulationView.xib */,
				49F166F51DA7443100C07A1A /* SimulationView.m */,
				49F166F61DA7443100C07A1A /* SimulationView.h */,
				49562F6D1D1D7A9C001AFAEE /* Document.h */,
				49562F6E1D1D7A9C001AFAEE /* Document.m */,
				49D9B81E1D1C854700724911 /* Document.xib */,
				49E5AB561D981DDB00C6988D /* FileBrowser.h */,
				49E5AB571D981DDB00C6988D /* FileBrowser.m */,
				49E5AB541D981D6100C6988D /* FileBrowser.xib */,
				49D9B8231D1C854700724911 /* MainMenu.xib */,
				494BA1991D20B1BF00E72725 /* NSTextView+JSDExtensions */,
			);
			name = UI;
			sourceTree = "<group>";
		};
		49E5AB5B1D98BFED00C6988D /* FastSocket */ = {
			isa = PBXGroup;
			children = (
				49E5AB5C1D98C00600C6988D /* FastSocket.m */,
				49E5AB5D1D98C00600C6988D /* FastSocket.h */,
			);
			name = FastSocket;
			sourceTree = "<group>";
		};
		49E647DF1D00B68F005F5059 = {
			isa = PBXGroup;
			children = (
				494BA1901D207A9B00E72725 /* m8rscript */,
				49E648071D00BEEC005F5059 /* libm8rscript */,
				4945A8701EC3711D00559CD1 /* m8r */,
				491ED3A42353EFE600DE0C42 /* m8rtest */,
				4942EA891D0C86BB00E02088 /* scripts */,
				49D9B8191D1C854700724911 /* m8rsim */,
				49E647E91D00B68F005F5059 /* Products */,
				4945A8791EC398B900559CD1 /* Frameworks */,
			);
			sourceTree = "<group>";
		};
		49E647E91D00B68F005F5059 /* Products */ = {
			isa = PBXGroup;
			children = (
				49D9B8181D1C854700724911 /* m8rsim.app */,
				494D254E1D2E9055003755DB /* libm8rscript.a */,
				49C406E21EB6598B001E4DEC /* generateSharedAtoms */,
				4945A86F1EC3711D00559CD1 /* m8r */,
				491ED3A32353EFE600DE0C42 /* m8rtest */,
			);
			name = Products;
			sourceTree = "<group>";
		};
		49E648071D00BEEC005F5059 /* libm8rscript */ = {
			isa = PBXGroup;
			children = (
				4923672323733ECF0009963A /* umm */,
				49EED9862357971500831598 /* littlefs */,
				494BA1911D207AB700E72725 /* mac */,
				491ED38C235392D400DE0C42 /* spiffs */,
				49DD774A1D84DD7D00D7C374 /* Application.cpp */,
				49DD774B1D84DD7D00D7C374 /* Application.h */,
				49E6482C1D01F3CA005F5059 /* Atom.cpp */,
				49E6482B1D01F279005F5059 /* Atom.h */,
				492BA3DA1E15987C00242DA8 /* Base64.cpp */,
				492BA3DB1E15987C00242DA8 /* Base64.h */,
				49899B981EA56A6E003B334B /* Closure.cpp */,
				49899B991EA56A6E003B334B /* Closure.h */,
				4966A41B1D22F8C4008951F4 /* CodePrinter.cpp */,
				4966A41C1D22F8C4008951F4 /* CodePrinter.h */,
				4988DC2C1F03EBEB009F7ED5 /* Containers.cpp */,
				49E648221D00CB57005F5059 /* Containers.h */,
				4942EA8C1D0D950100E02088 /* Defines.h */,
				49A3286A1D35BDC50006D0FE /* Error.cpp */,
				49A3286B1D35BDC50006D0FE /* Error.h */,
				49AC57301D03465600DB94B5 /* ExecutionUnit.cpp */,
				49AC572F1D02C71B00DB94B5 /* ExecutionUnit.h */,
				49E648141D00C088005F5059 /* Float.h */,
				49E9871123628AE600C17CB6 /* FS.cpp */,
				49AE34F11D8231BF00C4E680 /* FS.h */,
				4942EA871D0AF26300E02088 /* Function.cpp */,
				4942EA811D07043C00E02088 /* Function.h */,
				4984E8301D1370A500D0ABA6 /* Global.cpp */,
				4984E8311D1370A500D0ABA6 /* Global.h */,
				492BA3D61E15849C00242DA8 /* GPIO.cpp */,
				4924FDB41DDBE7CD00883967 /* GPIO.h */,
				492BA3D81E15944000242DA8 /* GPIOInterface.h */,
				499AE8DF2349B1BC00459451 /* Heartbeat.cpp */,
				499AE8E02349B1BC00459451 /* Heartbeat.h */,
				49CB74301E7F3028007A4805 /* IPAddr.cpp */,
				492396C91E711E47007AC0BF /* IPAddr.h */,
				49F4633B1E1873D6004EF625 /* Iterator.cpp */,
				49F4633C1E1873D6004EF625 /* Iterator.h */,
				49E8262E1E95EB0100E416C4 /* JSON.cpp */,
				49E8262F1E95EB0100E416C4 /* JSON.h */,
				49BF34432368083B001E5508 /* LittleFS.cpp */,
				49BF34442368083B001E5508 /* LittleFS.h */,
				49E987162365CEF000C17CB6 /* Mallocator.cpp */,
				49E987172365CEF000C17CB6 /* Mallocator.h */,
				4984E8331D1492ED00D0ABA6 /* MStream.h */,
				49BDE19C236C711B00304BE8 /* MString.cpp */,
				49BDE19D236C711B00304BE8 /* MString.h */,
				494D25961D33D33E003755DB /* Object.cpp */,
				4942EA7E1D06FC2500E02088 /* Object.h */,
				498ACA761D17503C0039E1CD /* ParseEngine.cpp */,
				498ACA771D17503C0039E1CD /* ParseEngine.h */,
				49E648181D00C088005F5059 /* Parser.cpp */,
				49E648191D00C088005F5059 /* Parser.h */,
				4942EA821D070C9B00E02088 /* Program.cpp */,
				4942EA7F1D07009E00E02088 /* Program.h */,
				49E6481A1D00C088005F5059 /* Scanner.cpp */,
				49E6481B1D00C088005F5059 /* Scanner.h */,
				49C406F01EB675B0001E4DEC /* SharedAtoms.cpp */,
				49C406F11EB675B0001E4DEC /* SharedAtoms.h */,
				49BE1CB92350DBA900BF6D9E /* SpiffsFS.cpp */,
				49BE1CB82350DBA900BF6D9E /* SpiffsFS.h */,
				492BA3EE1E19727C00242DA8 /* slre.cpp */,
				492BA3EF1E19727C00242DA8 /* slre.h */,
				49884F06236CB25100C292EA /* StateMachine.h */,
				49263ABB23611DF0005CB9F9 /* StreamProto.cpp */,
				49263ABC23611DF0005CB9F9 /* StreamProto.h */,
				499AE8E7234A667D00459451 /* SystemInterface.cpp */,
				494BA1981D207C3A00E72725 /* SystemInterface.h */,
				49E9871A2365F63000C17CB6 /* SystemTime.cpp */,
				49A39F1E234C513600F6A144 /* SystemTime.h */,
				499AE8E3234A625100459451 /* Task.cpp */,
				499AE8E4234A625100459451 /* Task.h */,
				49AB794B1DC143B700DE6332 /* TaskManager.cpp */,
				49AB794C1DC143B700DE6332 /* TaskManager.h */,
				491E2F8D236A52160054725E /* Telnet.cpp */,
				491E2F8E236A52160054725E /* Telnet.h */,
				49E190781DB99E270030DC89 /* TCP.h */,
				49D5FD331E2D9D89001AF5C8 /* TCP.cpp */,
				49E190791DB99E270030DC89 /* UDP.h */,
				492396C51E711D12007AC0BF /* UDP.cpp */,
				4942EA841D0AEAC600E02088 /* Value.cpp */,
				4942EA851D0AEAC600E02088 /* Value.h */,
			);
			name = libm8rscript;
			sourceTree = "<group>";
		};
		49EED9862357971500831598 /* littlefs */ = {
			isa = PBXGroup;
			children = (
				49EED9872357971500831598 /* lfs.c */,
				49EED9882357971500831598 /* lfs_util.h */,
				49EED9892357971500831598 /* lfs.h */,
				49EED98A2357971500831598 /* lfs_util.c */,
			);
			name = littlefs;
			path = ../src/littlefs;
			sourceTree = "<group>";
		};
/* End PBXGroup section */

/* Begin PBXHeadersBuildPhase section */
		494D254C1D2E9055003755DB /* Headers */ = {
			isa = PBXHeadersBuildPhase;
			buildActionMask = 2147483647;
			files = (
				49A3286D1D35BDC50006D0FE /* Error.h in Headers */,
				49BF344B236811BF001E5508 /* spiffs_config.h in Headers */,
				49EED98C2357971500831598 /* lfs_util.h in Headers */,
				49DD774D1D84DD7D00D7C374 /* Application.h in Headers */,
				49884F07236CB25100C292EA /* StateMachine.h in Headers */,
				49BDE19F236C711B00304BE8 /* MString.h in Headers */,
				49263ABF23611DFC005CB9F9 /* StreamProto.h in Headers */,
				49E826311E95EB0100E416C4 /* JSON.h in Headers */,
				499AE8E22349B1BC00459451 /* Heartbeat.h in Headers */,
				49F4633E1E1873D6004EF625 /* Iterator.h in Headers */,
				492BA3F11E19729A00242DA8 /* slre.h in Headers */,
				49A39F20234C513600F6A144 /* SystemTime.h in Headers */,
				499AE8E6234A625100459451 /* Task.h in Headers */,
				49BF34462368083B001E5508 /* LittleFS.h in Headers */,
				49E987192365CEF000C17CB6 /* Mallocator.h in Headers */,
				492BA3D91E15944000242DA8 /* GPIOInterface.h in Headers */,
				492BA3DD1E15987C00242DA8 /* Base64.h in Headers */,
				49AB794E1DC143B700DE6332 /* TaskManager.h in Headers */,
				49BEB2071DC30EB600F70E0B /* MacTaskManager.h in Headers */,
				4921CF9723739C3F004CB000 /* Defines.h in Headers */,
				4923672923733EEC0009963A /* umm_malloc_cfg.h in Headers */,
				4923672823733EEC0009963A /* umm_malloc.h in Headers */,
				49BF3450236811BF001E5508 /* spiffs.h in Headers */,
				49EED98D2357971500831598 /* lfs.h in Headers */,
				49BF344F236811BF001E5508 /* spiffs_nucleus.h in Headers */,
			);
			runOnlyForDeploymentPostprocessing = 0;
		};
/* End PBXHeadersBuildPhase section */

/* Begin PBXNativeTarget section */
		491ED3A22353EFE600DE0C42 /* m8rtest */ = {
			isa = PBXNativeTarget;
			buildConfigurationList = 491ED3A72353EFE600DE0C42 /* Build configuration list for PBXNativeTarget "m8rtest" */;
			buildPhases = (
				491ED39F2353EFE600DE0C42 /* Sources */,
				491ED3A02353EFE600DE0C42 /* Frameworks */,
				491ED3A12353EFE600DE0C42 /* CopyFiles */,
			);
			buildRules = (
			);
			dependencies = (
				491ED3AB2353F44B00DE0C42 /* PBXTargetDependency */,
			);
			name = m8rtest;
			productName = m8rtest;
			productReference = 491ED3A32353EFE600DE0C42 /* m8rtest */;
			productType = "com.apple.product-type.tool";
		};
		4945A86E1EC3711D00559CD1 /* m8r */ = {
			isa = PBXNativeTarget;
			buildConfigurationList = 4945A8731EC3711D00559CD1 /* Build configuration list for PBXNativeTarget "m8r" */;
			buildPhases = (
				4945A86B1EC3711D00559CD1 /* Sources */,
				4945A86C1EC3711D00559CD1 /* Frameworks */,
				4945A86D1EC3711D00559CD1 /* CopyFiles */,
			);
			buildRules = (
			);
			dependencies = (
				4945A8771EC3712700559CD1 /* PBXTargetDependency */,
			);
			name = m8r;
			productName = m8r;
			productReference = 4945A86F1EC3711D00559CD1 /* m8r */;
			productType = "com.apple.product-type.tool";
		};
		494D254D1D2E9055003755DB /* m8rscript */ = {
			isa = PBXNativeTarget;
			buildConfigurationList = 494D254F1D2E9055003755DB /* Build configuration list for PBXNativeTarget "m8rscript" */;
			buildPhases = (
				494D254A1D2E9055003755DB /* Sources */,
				494D254B1D2E9055003755DB /* Frameworks */,
				494D254C1D2E9055003755DB /* Headers */,
			);
			buildRules = (
			);
			dependencies = (
			);
			name = m8rscript;
			productName = libm8rscript;
			productReference = 494D254E1D2E9055003755DB /* libm8rscript.a */;
			productType = "com.apple.product-type.library.static";
		};
		49C406E11EB6598B001E4DEC /* generateSharedAtoms */ = {
			isa = PBXNativeTarget;
			buildConfigurationList = 49C406E61EB6598B001E4DEC /* Build configuration list for PBXNativeTarget "generateSharedAtoms" */;
			buildPhases = (
				49C406DE1EB6598B001E4DEC /* Sources */,
				49C406DF1EB6598B001E4DEC /* Frameworks */,
				49C406E01EB6598B001E4DEC /* CopyFiles */,
			);
			buildRules = (
			);
			dependencies = (
			);
			name = generateSharedAtoms;
			productName = generateSharedAtoms;
			productReference = 49C406E21EB6598B001E4DEC /* generateSharedAtoms */;
			productType = "com.apple.product-type.tool";
		};
		49D9B8171D1C854700724911 /* m8rsim */ = {
			isa = PBXNativeTarget;
			buildConfigurationList = 49D9B8271D1C854700724911 /* Build configuration list for PBXNativeTarget "m8rsim" */;
			buildPhases = (
				49D9B8141D1C854700724911 /* Sources */,
				49D9B8151D1C854700724911 /* Frameworks */,
				49D9B8161D1C854700724911 /* Resources */,
				49F463351E0DD533004EF625 /* CopyFiles */,
				4988DC3D1F0A3713009F7ED5 /* Embed XPC Services */,
			);
			buildRules = (
			);
			dependencies = (
				49AD0A1D209B503A00F86278 /* PBXTargetDependency */,
			);
			name = m8rsim;
			productName = m8rsim;
			productReference = 49D9B8181D1C854700724911 /* m8rsim.app */;
			productType = "com.apple.product-type.application";
		};
/* End PBXNativeTarget section */

/* Begin PBXProject section */
		49E647E01D00B68F005F5059 /* Project object */ = {
			isa = PBXProject;
			attributes = {
				LastSwiftUpdateCheck = 0800;
				LastUpgradeCheck = 1110;
				ORGANIZATIONNAME = MarrinTech;
				TargetAttributes = {
					491ED3A22353EFE600DE0C42 = {
						CreatedOnToolsVersion = 11.0;
						ProvisioningStyle = Automatic;
					};
					4945A86E1EC3711D00559CD1 = {
						CreatedOnToolsVersion = 9.0;
						ProvisioningStyle = Automatic;
					};
					494D254D1D2E9055003755DB = {
						CreatedOnToolsVersion = 8.0;
						ProvisioningStyle = Automatic;
					};
					49C406E11EB6598B001E4DEC = {
						CreatedOnToolsVersion = 8.2.1;
						ProvisioningStyle = Automatic;
					};
					49D9B8171D1C854700724911 = {
						CreatedOnToolsVersion = 8.0;
						LastSwiftMigration = 0800;
						ProvisioningStyle = Automatic;
					};
				};
			};
			buildConfigurationList = 49E647E31D00B68F005F5059 /* Build configuration list for PBXProject "m8rscript" */;
			compatibilityVersion = "Xcode 3.2";
			developmentRegion = en;
			hasScannedForEncodings = 0;
			knownRegions = (
				en,
				Base,
			);
			mainGroup = 49E647DF1D00B68F005F5059;
			productRefGroup = 49E647E91D00B68F005F5059 /* Products */;
			projectDirPath = "";
			projectRoot = "";
			targets = (
				49D9B8171D1C854700724911 /* m8rsim */,
				494D254D1D2E9055003755DB /* m8rscript */,
				49C406E11EB6598B001E4DEC /* generateSharedAtoms */,
				4945A86E1EC3711D00559CD1 /* m8r */,
				491ED3A22353EFE600DE0C42 /* m8rtest */,
			);
		};
/* End PBXProject section */

/* Begin PBXResourcesBuildPhase section */
		49D9B8161D1C854700724911 /* Resources */ = {
			isa = PBXResourcesBuildPhase;
			buildActionMask = 2147483647;
			files = (
				49F166F71DA7443100C07A1A /* SimulationView.xib in Resources */,
				49E5AB551D981D6100C6988D /* FileBrowser.xib in Resources */,
				49DD77411D83E14B00D7C374 /* ReloadFiles3.png in Resources */,
				49DD773D1D83CEA400D7C374 /* upload.png in Resources */,
				4998DB4F1D21671000E2F776 /* Run.png in Resources */,
				4970FD131DB04DDD00521DF1 /* download.png in Resources */,
				493C9ED91D218F100062152D /* play.png in Resources */,
				49BDE1A523714DC000304BE8 /* mem in Resources */,
				493C9ED71D218F100062152D /* stop.png in Resources */,
				49D9B82D1D1C8CD300724911 /* green-led-off-md.png in Resources */,
				49DD77451D8467C100D7C374 /* DeleteFile.png in Resources */,
				49DD77491D84D94900D7C374 /* Simulate.png in Resources */,
				49DD77471D84689100D7C374 /* AddFile.png in Resources */,
				49D9B8221D1C854700724911 /* Assets.xcassets in Resources */,
				4943BF531DC009CC00773D23 /* savebinary.png in Resources */,
				493C9ED81D218F100062152D /* pause.png in Resources */,
				49DD77431D83E14B00D7C374 /* ReloadFiles1.png in Resources */,
				49D9B8201D1C854700724911 /* Document.xib in Resources */,
				49D9B82E1D1C8CD300724911 /* green-led-on-md.png in Resources */,
				492604A81D9354F000C5DF07 /* BonjourBW.png in Resources */,
				493C9EDB1D2191E60062152D /* build.png in Resources */,
				49D9B8251D1C854700724911 /* MainMenu.xib in Resources */,
				49DD77421D83E14B00D7C374 /* ReloadFIles2.png in Resources */,
			);
			runOnlyForDeploymentPostprocessing = 0;
		};
/* End PBXResourcesBuildPhase section */

/* Begin PBXSourcesBuildPhase section */
		491ED39F2353EFE600DE0C42 /* Sources */ = {
			isa = PBXSourcesBuildPhase;
			buildActionMask = 2147483647;
			files = (
				491ED3A62353EFE600DE0C42 /* main.cpp in Sources */,
			);
			runOnlyForDeploymentPostprocessing = 0;
		};
		4945A86B1EC3711D00559CD1 /* Sources */ = {
			isa = PBXSourcesBuildPhase;
			buildActionMask = 2147483647;
			files = (
				4945A8721EC3711D00559CD1 /* main.cpp in Sources */,
			);
			runOnlyForDeploymentPostprocessing = 0;
		};
		494D254A1D2E9055003755DB /* Sources */ = {
			isa = PBXSourcesBuildPhase;
			buildActionMask = 2147483647;
			files = (
				49E987182365CEF000C17CB6 /* Mallocator.cpp in Sources */,
				49E9871223628AE600C17CB6 /* FS.cpp in Sources */,
				4945A87D1EC3995800559CD1 /* MacUDP.cpp in Sources */,
				4945A87C1EC3995000559CD1 /* MacTCP.cpp in Sources */,
				49899B9B1EA570DE003B334B /* Closure.cpp in Sources */,
				49BE1CF42350F4CD00BF6D9E /* MacSpiffsFS.cpp in Sources */,
				49263ABE23611DFC005CB9F9 /* StreamProto.cpp in Sources */,
				49DD774C1D84DD7D00D7C374 /* Application.cpp in Sources */,
				494D25541D2E90A9003755DB /* Atom.cpp in Sources */,
				49BF3449236811BF001E5508 /* spiffs_cache.c in Sources */,
				49CB74311E7F3028007A4805 /* IPAddr.cpp in Sources */,
				49E9871C2365F6AC00C17CB6 /* SystemTime.cpp in Sources */,
				49BF344823680892001E5508 /* MacLittleFS.cpp in Sources */,
				49D5FD351E2D9D89001AF5C8 /* TCP.cpp in Sources */,
				49BF34452368083B001E5508 /* LittleFS.cpp in Sources */,
				499AE8E8234A667D00459451 /* SystemInterface.cpp in Sources */,
				49BDE19E236C711B00304BE8 /* MString.cpp in Sources */,
				492BA3D71E15849C00242DA8 /* GPIO.cpp in Sources */,
				49A3286C1D35BDC50006D0FE /* Error.cpp in Sources */,
				492396C71E711D12007AC0BF /* UDP.cpp in Sources */,
				49E826301E95EB0100E416C4 /* JSON.cpp in Sources */,
				49BEB2061DC30EB600F70E0B /* MacTaskManager.cpp in Sources */,
				499AE8E12349B1BC00459451 /* Heartbeat.cpp in Sources */,
				494D25551D2E90A9003755DB /* CodePrinter.cpp in Sources */,
				49C406F31EB675B7001E4DEC /* SharedAtoms.cpp in Sources */,
				494D25561D2E90A9003755DB /* ExecutionUnit.cpp in Sources */,
				49F4633D1E1873D6004EF625 /* Iterator.cpp in Sources */,
				494D25571D2E90A9003755DB /* Function.cpp in Sources */,
				494D25581D2E90A9003755DB /* Global.cpp in Sources */,
				492BA3DC1E15987C00242DA8 /* Base64.cpp in Sources */,
				494D25971D33D33E003755DB /* Object.cpp in Sources */,
				494D25591D2E90A9003755DB /* ParseEngine.cpp in Sources */,
				499AE8E5234A625100459451 /* Task.cpp in Sources */,
				49BF344C236811BF001E5508 /* spiffs_gc.c in Sources */,
				49EED98E2357971500831598 /* lfs_util.c in Sources */,
				49AB794D1DC143B700DE6332 /* TaskManager.cpp in Sources */,
				49EED98B2357971500831598 /* lfs.c in Sources */,
				49BF344A236811BF001E5508 /* spiffs_check.c in Sources */,
				49BF344D236811BF001E5508 /* spiffs_hydrogen.c in Sources */,
				492BA3F21E1972A000242DA8 /* slre.cpp in Sources */,
				494D255A1D2E90A9003755DB /* Parser.cpp in Sources */,
				491E2F90236A55890054725E /* Telnet.cpp in Sources */,
				4923672723733EEC0009963A /* umm_malloc.cpp in Sources */,
				49BE1CBB2350DCE400BF6D9E /* SpiffsFS.cpp in Sources */,
				494D255B1D2E90A9003755DB /* Program.cpp in Sources */,
				4988DC2D1F03EBEB009F7ED5 /* Containers.cpp in Sources */,
				494D255C1D2E90A9003755DB /* Scanner.cpp in Sources */,
				49BF344E236811BF001E5508 /* spiffs_nucleus.c in Sources */,
				494D255D1D2E90A9003755DB /* Value.cpp in Sources */,
			);
			runOnlyForDeploymentPostprocessing = 0;
		};
		49C406DE1EB6598B001E4DEC /* Sources */ = {
			isa = PBXSourcesBuildPhase;
			buildActionMask = 2147483647;
			files = (
				49C406EC1EB65A3E001E4DEC /* generateSharedAtoms.cpp in Sources */,
			);
			runOnlyForDeploymentPostprocessing = 0;
		};
		49D9B8141D1C854700724911 /* Sources */ = {
			isa = PBXSourcesBuildPhase;
			buildActionMask = 2147483647;
			files = (
				49562F6F1D1D7A9C001AFAEE /* AppDelegate.m in Sources */,
				491E2F8F236A52160054725E /* Telnet.cpp in Sources */,
				49562F6A1D1D7A75001AFAEE /* main.m in Sources */,
				49E5AB581D981DDB00C6988D /* FileBrowser.m in Sources */,
				494BA1AB1D20B26100E72725 /* NSTextView+JSDExtensions.m in Sources */,
				49263ABD23611DF0005CB9F9 /* StreamProto.cpp in Sources */,
				4988DC761F0C296B009F7ED5 /* Device.mm in Sources */,
				49562F701D1D7A9C001AFAEE /* Document.m in Sources */,
				49E5AB5E1D98C00600C6988D /* FastSocket.m in Sources */,
				49AD0A20209B534F00F86278 /* Simulator.mm in Sources */,
				49F166F81DA7443100C07A1A /* SimulationView.m in Sources */,
				494BA1AA1D20B26100E72725 /* NoodleLineNumberView.m in Sources */,
				494BA1A91D20B26100E72725 /* NoodleLineNumberMarker.m in Sources */,
			);
			runOnlyForDeploymentPostprocessing = 0;
		};
/* End PBXSourcesBuildPhase section */

/* Begin PBXTargetDependency section */
		491ED3AB2353F44B00DE0C42 /* PBXTargetDependency */ = {
			isa = PBXTargetDependency;
			target = 494D254D1D2E9055003755DB /* m8rscript */;
			targetProxy = 491ED3AA2353F44B00DE0C42 /* PBXContainerItemProxy */;
		};
		4945A8771EC3712700559CD1 /* PBXTargetDependency */ = {
			isa = PBXTargetDependency;
			target = 494D254D1D2E9055003755DB /* m8rscript */;
			targetProxy = 4945A8761EC3712700559CD1 /* PBXContainerItemProxy */;
		};
		49AD0A1D209B503A00F86278 /* PBXTargetDependency */ = {
			isa = PBXTargetDependency;
			target = 494D254D1D2E9055003755DB /* m8rscript */;
			targetProxy = 49AD0A1C209B503A00F86278 /* PBXContainerItemProxy */;
		};
/* End PBXTargetDependency section */

/* Begin PBXVariantGroup section */
		49D9B81E1D1C854700724911 /* Document.xib */ = {
			isa = PBXVariantGroup;
			children = (
				49D9B81F1D1C854700724911 /* Base */,
			);
			name = Document.xib;
			sourceTree = "<group>";
		};
		49D9B8231D1C854700724911 /* MainMenu.xib */ = {
			isa = PBXVariantGroup;
			children = (
				49D9B8241D1C854700724911 /* Base */,
			);
			name = MainMenu.xib;
			sourceTree = "<group>";
		};
/* End PBXVariantGroup section */

/* Begin XCBuildConfiguration section */
		491ED3A82353EFE600DE0C42 /* Debug */ = {
			isa = XCBuildConfiguration;
			buildSettings = {
				CLANG_ANALYZER_NUMBER_OBJECT_CONVERSION = YES_AGGRESSIVE;
				CLANG_CXX_LANGUAGE_STANDARD = "gnu++14";
				CLANG_ENABLE_OBJC_WEAK = YES;
				CLANG_WARN_DOCUMENTATION_COMMENTS = YES;
				CLANG_WARN_UNGUARDED_AVAILABILITY = YES_AGGRESSIVE;
				CODE_SIGN_IDENTITY = "-";
				CODE_SIGN_STYLE = Automatic;
				GCC_C_LANGUAGE_STANDARD = gnu11;
				MACOSX_DEPLOYMENT_TARGET = 10.14;
				MTL_ENABLE_DEBUG_INFO = INCLUDE_SOURCE;
				MTL_FAST_MATH = YES;
				PRODUCT_NAME = "$(TARGET_NAME)";
			};
			name = Debug;
		};
		491ED3A92353EFE600DE0C42 /* Release */ = {
			isa = XCBuildConfiguration;
			buildSettings = {
				CLANG_ANALYZER_NUMBER_OBJECT_CONVERSION = YES_AGGRESSIVE;
				CLANG_CXX_LANGUAGE_STANDARD = "gnu++14";
				CLANG_ENABLE_OBJC_WEAK = YES;
				CLANG_WARN_DOCUMENTATION_COMMENTS = YES;
				CLANG_WARN_UNGUARDED_AVAILABILITY = YES_AGGRESSIVE;
				CODE_SIGN_IDENTITY = "-";
				CODE_SIGN_STYLE = Automatic;
				GCC_C_LANGUAGE_STANDARD = gnu11;
				MACOSX_DEPLOYMENT_TARGET = 10.14;
				MTL_FAST_MATH = YES;
				PRODUCT_NAME = "$(TARGET_NAME)";
			};
			name = Release;
		};
		4945A8741EC3711D00559CD1 /* Debug */ = {
			isa = XCBuildConfiguration;
			buildSettings = {
				CLANG_ANALYZER_NUMBER_OBJECT_CONVERSION = YES_AGGRESSIVE;
				CLANG_CXX_LANGUAGE_STANDARD = "gnu++14";
				CLANG_WARN_DOCUMENTATION_COMMENTS = YES;
				CLANG_WARN_INFINITE_RECURSION = YES;
				CLANG_WARN_RANGE_LOOP_ANALYSIS = YES;
				CLANG_WARN_SUSPICIOUS_MOVE = YES;
				CODE_SIGN_IDENTITY = "-";
				GCC_C_LANGUAGE_STANDARD = gnu11;
				MACOSX_DEPLOYMENT_TARGET = 10.12;
				PRODUCT_NAME = "$(TARGET_NAME)";
			};
			name = Debug;
		};
		4945A8751EC3711D00559CD1 /* Release */ = {
			isa = XCBuildConfiguration;
			buildSettings = {
				CLANG_ANALYZER_NUMBER_OBJECT_CONVERSION = YES_AGGRESSIVE;
				CLANG_CXX_LANGUAGE_STANDARD = "gnu++14";
				CLANG_WARN_DOCUMENTATION_COMMENTS = YES;
				CLANG_WARN_INFINITE_RECURSION = YES;
				CLANG_WARN_RANGE_LOOP_ANALYSIS = YES;
				CLANG_WARN_SUSPICIOUS_MOVE = YES;
				CODE_SIGN_IDENTITY = "-";
				GCC_C_LANGUAGE_STANDARD = gnu11;
				MACOSX_DEPLOYMENT_TARGET = 10.12;
				PRODUCT_NAME = "$(TARGET_NAME)";
			};
			name = Release;
		};
		494D25501D2E9055003755DB /* Debug */ = {
			isa = XCBuildConfiguration;
			buildSettings = {
				CLANG_WARN_DOCUMENTATION_COMMENTS = YES;
				EXECUTABLE_PREFIX = lib;
				HEADER_SEARCH_PATHS = "";
				LLVM_LTO = NO;
				PRODUCT_NAME = "$(TARGET_NAME)";
				USER_HEADER_SEARCH_PATHS = generated;
			};
			name = Debug;
		};
		494D25511D2E9055003755DB /* Release */ = {
			isa = XCBuildConfiguration;
			buildSettings = {
				CLANG_WARN_DOCUMENTATION_COMMENTS = YES;
				EXECUTABLE_PREFIX = lib;
				GCC_OPTIMIZATION_LEVEL = fast;
				HEADER_SEARCH_PATHS = "";
				LLVM_LTO = YES;
				PRODUCT_NAME = "$(TARGET_NAME)";
				USER_HEADER_SEARCH_PATHS = generated;
			};
			name = Release;
		};
		49C406E71EB6598B001E4DEC /* Debug */ = {
			isa = XCBuildConfiguration;
			buildSettings = {
				CLANG_WARN_DOCUMENTATION_COMMENTS = YES;
				CLANG_WARN_INFINITE_RECURSION = YES;
				CLANG_WARN_SUSPICIOUS_MOVE = YES;
				CODE_SIGN_IDENTITY = "-";
				MACOSX_DEPLOYMENT_TARGET = 10.12;
				PRODUCT_NAME = "$(TARGET_NAME)";
			};
			name = Debug;
		};
		49C406E81EB6598B001E4DEC /* Release */ = {
			isa = XCBuildConfiguration;
			buildSettings = {
				CLANG_WARN_DOCUMENTATION_COMMENTS = YES;
				CLANG_WARN_INFINITE_RECURSION = YES;
				CLANG_WARN_SUSPICIOUS_MOVE = YES;
				CODE_SIGN_IDENTITY = "-";
				MACOSX_DEPLOYMENT_TARGET = 10.12;
				PRODUCT_NAME = "$(TARGET_NAME)";
			};
			name = Release;
		};
		49D9B8281D1C854700724911 /* Debug */ = {
			isa = XCBuildConfiguration;
			buildSettings = {
				ASSETCATALOG_COMPILER_APPICON_NAME = AppIcon;
				CLANG_ENABLE_MODULES = YES;
				CODE_SIGN_IDENTITY = "-";
				COMBINE_HIDPI_IMAGES = YES;
				EXCLUDED_RECURSIVE_SEARCH_PATH_SUBDIRECTORIES = "../m8rscript/esp *.nib *.lproj *.framework *.gch *.xcode* *.xcassets (*) .DS_Store CVS .svn .git .hg *.pbproj *.pbxproj";
				FRAMEWORK_SEARCH_PATHS = (
					"$(inherited)",
					"$(PROJECT_DIR)/m8rsim",
				);
				INFOPLIST_FILE = m8rsim/Info.plist;
				LD_RUNPATH_SEARCH_PATHS = "$(inherited) @executable_path/../Frameworks";
				PRODUCT_BUNDLE_IDENTIFIER = org.marrin.m8rsim;
				PRODUCT_NAME = "$(TARGET_NAME)";
				SWIFT_ACTIVE_COMPILATION_CONDITIONS = DEBUG;
				SWIFT_OPTIMIZATION_LEVEL = "-Onone";
				SWIFT_VERSION = 3.0;
			};
			name = Debug;
		};
		49D9B8291D1C854700724911 /* Release */ = {
			isa = XCBuildConfiguration;
			buildSettings = {
				ASSETCATALOG_COMPILER_APPICON_NAME = AppIcon;
				CLANG_ENABLE_MODULES = YES;
				CODE_SIGN_IDENTITY = "-";
				COMBINE_HIDPI_IMAGES = YES;
				EXCLUDED_RECURSIVE_SEARCH_PATH_SUBDIRECTORIES = "../m8rscript/esp *.nib *.lproj *.framework *.gch *.xcode* *.xcassets (*) .DS_Store CVS .svn .git .hg *.pbproj *.pbxproj";
				FRAMEWORK_SEARCH_PATHS = (
					"$(inherited)",
					"$(PROJECT_DIR)/m8rsim",
				);
				INFOPLIST_FILE = m8rsim/Info.plist;
				LD_RUNPATH_SEARCH_PATHS = "$(inherited) @executable_path/../Frameworks";
				PRODUCT_BUNDLE_IDENTIFIER = org.marrin.m8rsim;
				PRODUCT_NAME = "$(TARGET_NAME)";
				SWIFT_OPTIMIZATION_LEVEL = "-Owholemodule";
				SWIFT_VERSION = 3.0;
			};
			name = Release;
		};
		49E647ED1D00B68F005F5059 /* Debug */ = {
			isa = XCBuildConfiguration;
			buildSettings = {
				ALWAYS_SEARCH_USER_PATHS = NO;
				ASSETCATALOG_COMPRESSION = lossless;
				CLANG_ANALYZER_LOCALIZABILITY_NONLOCALIZED = YES;
				CLANG_ANALYZER_NONNULL = YES;
				CLANG_CXX_LANGUAGE_STANDARD = "gnu++0x";
				CLANG_CXX_LIBRARY = "libc++";
				CLANG_ENABLE_MODULES = YES;
				CLANG_ENABLE_OBJC_ARC = YES;
				CLANG_WARN_BLOCK_CAPTURE_AUTORELEASING = YES;
				CLANG_WARN_BOOL_CONVERSION = YES;
				CLANG_WARN_COMMA = YES;
				CLANG_WARN_CONSTANT_CONVERSION = YES;
				CLANG_WARN_DEPRECATED_OBJC_IMPLEMENTATIONS = YES;
				CLANG_WARN_DIRECT_OBJC_ISA_USAGE = YES_ERROR;
				CLANG_WARN_EMPTY_BODY = YES;
				CLANG_WARN_ENUM_CONVERSION = YES;
				CLANG_WARN_INFINITE_RECURSION = YES;
				CLANG_WARN_INT_CONVERSION = YES;
				CLANG_WARN_NON_LITERAL_NULL_CONVERSION = YES;
				CLANG_WARN_OBJC_IMPLICIT_RETAIN_SELF = YES;
				CLANG_WARN_OBJC_LITERAL_CONVERSION = YES;
				CLANG_WARN_OBJC_ROOT_CLASS = YES_ERROR;
				CLANG_WARN_RANGE_LOOP_ANALYSIS = YES;
				CLANG_WARN_STRICT_PROTOTYPES = YES;
				CLANG_WARN_SUSPICIOUS_MOVE = YES;
				CLANG_WARN_UNREACHABLE_CODE = YES;
				CLANG_WARN__DUPLICATE_METHOD_MATCH = YES;
				CODE_SIGN_IDENTITY = "-";
				COPY_PHASE_STRIP = NO;
				DEBUG_INFORMATION_FORMAT = dwarf;
				ENABLE_STRICT_OBJC_MSGSEND = YES;
				ENABLE_TESTABILITY = YES;
				GCC_C_LANGUAGE_STANDARD = gnu99;
				GCC_DYNAMIC_NO_PIC = NO;
				GCC_NO_COMMON_BLOCKS = YES;
				GCC_OPTIMIZATION_LEVEL = 0;
				GCC_PREPROCESSOR_DEFINITIONS = (
					"DEBUG=1",
					"$(inherited)",
				);
				GCC_WARN_64_TO_32_BIT_CONVERSION = YES;
				GCC_WARN_ABOUT_RETURN_TYPE = YES_ERROR;
				GCC_WARN_UNDECLARED_SELECTOR = YES;
				GCC_WARN_UNINITIALIZED_AUTOS = YES_AGGRESSIVE;
				GCC_WARN_UNUSED_FUNCTION = YES;
				GCC_WARN_UNUSED_VARIABLE = YES;
				MACOSX_DEPLOYMENT_TARGET = 10.11;
				MTL_ENABLE_DEBUG_INFO = YES;
				ONLY_ACTIVE_ARCH = YES;
				SDKROOT = macosx;
			};
			name = Debug;
		};
		49E647EE1D00B68F005F5059 /* Release */ = {
			isa = XCBuildConfiguration;
			buildSettings = {
				ALWAYS_SEARCH_USER_PATHS = NO;
				ASSETCATALOG_COMPRESSION = "respect-asset-catalog";
				CLANG_ANALYZER_LOCALIZABILITY_NONLOCALIZED = YES;
				CLANG_ANALYZER_NONNULL = YES;
				CLANG_CXX_LANGUAGE_STANDARD = "gnu++0x";
				CLANG_CXX_LIBRARY = "libc++";
				CLANG_ENABLE_MODULES = YES;
				CLANG_ENABLE_OBJC_ARC = YES;
				CLANG_WARN_BLOCK_CAPTURE_AUTORELEASING = YES;
				CLANG_WARN_BOOL_CONVERSION = YES;
				CLANG_WARN_COMMA = YES;
				CLANG_WARN_CONSTANT_CONVERSION = YES;
				CLANG_WARN_DEPRECATED_OBJC_IMPLEMENTATIONS = YES;
				CLANG_WARN_DIRECT_OBJC_ISA_USAGE = YES_ERROR;
				CLANG_WARN_EMPTY_BODY = YES;
				CLANG_WARN_ENUM_CONVERSION = YES;
				CLANG_WARN_INFINITE_RECURSION = YES;
				CLANG_WARN_INT_CONVERSION = YES;
				CLANG_WARN_NON_LITERAL_NULL_CONVERSION = YES;
				CLANG_WARN_OBJC_IMPLICIT_RETAIN_SELF = YES;
				CLANG_WARN_OBJC_LITERAL_CONVERSION = YES;
				CLANG_WARN_OBJC_ROOT_CLASS = YES_ERROR;
				CLANG_WARN_RANGE_LOOP_ANALYSIS = YES;
				CLANG_WARN_STRICT_PROTOTYPES = YES;
				CLANG_WARN_SUSPICIOUS_MOVE = YES;
				CLANG_WARN_UNREACHABLE_CODE = YES;
				CLANG_WARN__DUPLICATE_METHOD_MATCH = YES;
				CODE_SIGN_IDENTITY = "-";
				COPY_PHASE_STRIP = NO;
				DEBUG_INFORMATION_FORMAT = "dwarf-with-dsym";
				ENABLE_NS_ASSERTIONS = NO;
				ENABLE_STRICT_OBJC_MSGSEND = YES;
				GCC_C_LANGUAGE_STANDARD = gnu99;
				GCC_NO_COMMON_BLOCKS = YES;
				GCC_PREPROCESSOR_DEFINITIONS = NDEBUG;
				GCC_WARN_64_TO_32_BIT_CONVERSION = YES;
				GCC_WARN_ABOUT_RETURN_TYPE = YES_ERROR;
				GCC_WARN_UNDECLARED_SELECTOR = YES;
				GCC_WARN_UNINITIALIZED_AUTOS = YES_AGGRESSIVE;
				GCC_WARN_UNUSED_FUNCTION = YES;
				GCC_WARN_UNUSED_VARIABLE = YES;
				MACOSX_DEPLOYMENT_TARGET = 10.11;
				MTL_ENABLE_DEBUG_INFO = NO;
				SDKROOT = macosx;
			};
			name = Release;
		};
/* End XCBuildConfiguration section */

/* Begin XCConfigurationList section */
		491ED3A72353EFE600DE0C42 /* Build configuration list for PBXNativeTarget "m8rtest" */ = {
			isa = XCConfigurationList;
			buildConfigurations = (
				491ED3A82353EFE600DE0C42 /* Debug */,
				491ED3A92353EFE600DE0C42 /* Release */,
			);
			defaultConfigurationIsVisible = 0;
			defaultConfigurationName = Release;
		};
		4945A8731EC3711D00559CD1 /* Build configuration list for PBXNativeTarget "m8r" */ = {
			isa = XCConfigurationList;
			buildConfigurations = (
				4945A8741EC3711D00559CD1 /* Debug */,
				4945A8751EC3711D00559CD1 /* Release */,
			);
			defaultConfigurationIsVisible = 0;
			defaultConfigurationName = Release;
		};
		494D254F1D2E9055003755DB /* Build configuration list for PBXNativeTarget "m8rscript" */ = {
			isa = XCConfigurationList;
			buildConfigurations = (
				494D25501D2E9055003755DB /* Debug */,
				494D25511D2E9055003755DB /* Release */,
			);
			defaultConfigurationIsVisible = 0;
			defaultConfigurationName = Release;
		};
		49C406E61EB6598B001E4DEC /* Build configuration list for PBXNativeTarget "generateSharedAtoms" */ = {
			isa = XCConfigurationList;
			buildConfigurations = (
				49C406E71EB6598B001E4DEC /* Debug */,
				49C406E81EB6598B001E4DEC /* Release */,
			);
			defaultConfigurationIsVisible = 0;
			defaultConfigurationName = Release;
		};
		49D9B8271D1C854700724911 /* Build configuration list for PBXNativeTarget "m8rsim" */ = {
			isa = XCConfigurationList;
			buildConfigurations = (
				49D9B8281D1C854700724911 /* Debug */,
				49D9B8291D1C854700724911 /* Release */,
			);
			defaultConfigurationIsVisible = 0;
			defaultConfigurationName = Release;
		};
		49E647E31D00B68F005F5059 /* Build configuration list for PBXProject "m8rscript" */ = {
			isa = XCConfigurationList;
			buildConfigurations = (
				49E647ED1D00B68F005F5059 /* Debug */,
				49E647EE1D00B68F005F5059 /* Release */,
			);
			defaultConfigurationIsVisible = 0;
			defaultConfigurationName = Release;
		};
/* End XCConfigurationList section */
	};
	rootObject = 49E647E01D00B68F005F5059 /* Project object */;
}
