// !$*UTF8*$!
{
	archiveVersion = 1;
	classes = {
	};
	objectVersion = 46;
	objects = {

/* Begin PBXBuildFile section */
		491ED3AC2353F48100DE0C42 /* liblibm8r.a in Frameworks */ = {isa = PBXBuildFile; fileRef = 494D254E1D2E9055003755DB /* liblibm8r.a */; };
		492C7DB024EECBBE0027B75E /* generateValues.cpp in Sources */ = {isa = PBXBuildFile; fileRef = 49C406EA1EB65A39001E4DEC /* generateValues.cpp */; };
		492C7DBA24EF06410027B75E /* libmarly.a in Frameworks */ = {isa = PBXBuildFile; fileRef = 492C7D9C24EDF9390027B75E /* libmarly.a */; };
		493E015C24E9C0E100EF89B3 /* liblua.a in Frameworks */ = {isa = PBXBuildFile; fileRef = 49F2475924D45F1100D977D2 /* liblua.a */; };
		493E4F4924F31A6700D64430 /* generateValues.cpp in Sources */ = {isa = PBXBuildFile; fileRef = 49C406EA1EB65A39001E4DEC /* generateValues.cpp */; };
		493E4F4F24F31C4B00D64430 /* GeneratedValues.cpp in Sources */ = {isa = PBXBuildFile; fileRef = 493E4F4B24F31C4400D64430 /* GeneratedValues.cpp */; };
		493E4F6F24F31D0600D64430 /* Parser.cpp in Sources */ = {isa = PBXBuildFile; fileRef = 493E4F6124F31D0500D64430 /* Parser.cpp */; };
		493E4F7024F31D0600D64430 /* Closure.cpp in Sources */ = {isa = PBXBuildFile; fileRef = 493E4F6224F31D0500D64430 /* Closure.cpp */; };
		493E4F7124F31D0600D64430 /* TimerProto.cpp in Sources */ = {isa = PBXBuildFile; fileRef = 493E4F6324F31D0500D64430 /* TimerProto.cpp */; };
		493E4F7224F31D0600D64430 /* Value.cpp in Sources */ = {isa = PBXBuildFile; fileRef = 493E4F6424F31D0500D64430 /* Value.cpp */; };
		493E4F7324F31D0600D64430 /* StreamProto.cpp in Sources */ = {isa = PBXBuildFile; fileRef = 493E4F6524F31D0500D64430 /* StreamProto.cpp */; };
		493E4F7424F31D0600D64430 /* Object.cpp in Sources */ = {isa = PBXBuildFile; fileRef = 493E4F6624F31D0500D64430 /* Object.cpp */; };
		493E4F7524F31D0600D64430 /* CodePrinter.cpp in Sources */ = {isa = PBXBuildFile; fileRef = 493E4F6724F31D0500D64430 /* CodePrinter.cpp */; };
		493E4F7624F31D0600D64430 /* Global.cpp in Sources */ = {isa = PBXBuildFile; fileRef = 493E4F6824F31D0500D64430 /* Global.cpp */; };
		493E4F7724F31D0600D64430 /* ExecutionUnit.cpp in Sources */ = {isa = PBXBuildFile; fileRef = 493E4F6924F31D0500D64430 /* ExecutionUnit.cpp */; };
		493E4F7824F31D0600D64430 /* Program.cpp in Sources */ = {isa = PBXBuildFile; fileRef = 493E4F6A24F31D0500D64430 /* Program.cpp */; };
		493E4F7924F31D0600D64430 /* Function.cpp in Sources */ = {isa = PBXBuildFile; fileRef = 493E4F6B24F31D0500D64430 /* Function.cpp */; };
		493E4F7A24F31D0600D64430 /* Iterator.cpp in Sources */ = {isa = PBXBuildFile; fileRef = 493E4F6C24F31D0600D64430 /* Iterator.cpp */; };
		493E4F7B24F31D0600D64430 /* GPIO.cpp in Sources */ = {isa = PBXBuildFile; fileRef = 493E4F6D24F31D0600D64430 /* GPIO.cpp */; };
		493E4F7C24F31D0600D64430 /* ParseEngine.cpp in Sources */ = {isa = PBXBuildFile; fileRef = 493E4F6E24F31D0600D64430 /* ParseEngine.cpp */; };
		493E4F8324F31FF200D64430 /* JSONProto.cpp in Sources */ = {isa = PBXBuildFile; fileRef = 493E4F8124F31FF200D64430 /* JSONProto.cpp */; };
		493E4F8424F31FF200D64430 /* JSONProto.h in Headers */ = {isa = PBXBuildFile; fileRef = 493E4F8224F31FF200D64430 /* JSONProto.h */; };
		493E4F8724F320BE00D64430 /* TCPProto.cpp in Sources */ = {isa = PBXBuildFile; fileRef = 493E4F8524F320BE00D64430 /* TCPProto.cpp */; };
		493E4F8F24F32AF700D64430 /* FSProto.cpp in Sources */ = {isa = PBXBuildFile; fileRef = 493E4F8924F32AF600D64430 /* FSProto.cpp */; };
		493E4F9124F32AF700D64430 /* TaskProto.cpp in Sources */ = {isa = PBXBuildFile; fileRef = 493E4F8B24F32AF700D64430 /* TaskProto.cpp */; };
		493E4F9424F32AF700D64430 /* IPAddrProto.cpp in Sources */ = {isa = PBXBuildFile; fileRef = 493E4F8E24F32AF700D64430 /* IPAddrProto.cpp */; };
		493E4F9824F32D1E00D64430 /* GC.cpp in Sources */ = {isa = PBXBuildFile; fileRef = 493E4F9624F32D1E00D64430 /* GC.cpp */; };
		4945A8781EC3969100559CD1 /* liblibm8r.a in Frameworks */ = {isa = PBXBuildFile; fileRef = 494D254E1D2E9055003755DB /* liblibm8r.a */; settings = {ATTRIBUTES = (Required, ); }; };
		4948AEB024242CC90087EC5A /* NTPClient.m8r in Resources */ = {isa = PBXBuildFile; fileRef = 4948AEAE24242CC90087EC5A /* NTPClient.m8r */; };
		4948AEB124242CC90087EC5A /* TimeZoneDBClient.m8r in Resources */ = {isa = PBXBuildFile; fileRef = 4948AEAF24242CC90087EC5A /* TimeZoneDBClient.m8r */; };
		494D25631D2E9337003755DB /* liblibm8r.a in Frameworks */ = {isa = PBXBuildFile; fileRef = 494D254E1D2E9055003755DB /* liblibm8r.a */; };
		4968D6E024F48C2C00AD089F /* libm8rscript.a in Frameworks */ = {isa = PBXBuildFile; fileRef = 493E4F4524F31A4100D64430 /* libm8rscript.a */; };
		499D95F22355323D00F45585 /* m8rtest in CopyFiles */ = {isa = PBXBuildFile; fileRef = 491ED3A32353EFE600DE0C42 /* m8rtest */; };
		499D95F3235532F100F45585 /* m8rmac in CopyFiles */ = {isa = PBXBuildFile; fileRef = 4945A86F1EC3711D00559CD1 /* m8rmac */; };
		49BDE1A523714DC000304BE8 /* mem.m8r in Resources */ = {isa = PBXBuildFile; fileRef = 49BDE1A423714DC000304BE8 /* mem.m8r */; };
		49C406EC1EB65A3E001E4DEC /* generateValues.cpp in Sources */ = {isa = PBXBuildFile; fileRef = 49C406EA1EB65A39001E4DEC /* generateValues.cpp */; };
/* End PBXBuildFile section */

/* Begin PBXContainerItemProxy section */
		491ED3AA2353F44B00DE0C42 /* PBXContainerItemProxy */ = {
			isa = PBXContainerItemProxy;
			containerPortal = 49E647E01D00B68F005F5059 /* Project object */;
			proxyType = 1;
			remoteGlobalIDString = 494D254D1D2E9055003755DB;
			remoteInfo = libm8rscript;
		};
		492C7DA224EDFC420027B75E /* PBXContainerItemProxy */ = {
			isa = PBXContainerItemProxy;
			containerPortal = 49E647E01D00B68F005F5059 /* Project object */;
			proxyType = 1;
			remoteGlobalIDString = 492C7D9B24EDF9390027B75E;
			remoteInfo = marly;
		};
		492C7DB124EECF540027B75E /* PBXContainerItemProxy */ = {
			isa = PBXContainerItemProxy;
			containerPortal = 49E647E01D00B68F005F5059 /* Project object */;
			proxyType = 1;
			remoteGlobalIDString = 49C406E11EB6598B001E4DEC;
			remoteInfo = generateMarlyValues;
		};
		493E4F5024F31C6800D64430 /* PBXContainerItemProxy */ = {
			isa = PBXContainerItemProxy;
			containerPortal = 49E647E01D00B68F005F5059 /* Project object */;
			proxyType = 1;
			remoteGlobalIDString = 493E4F3924F31A2700D64430;
			remoteInfo = generateM8rscriptValues;
		};
		493E4F9924F339BC00D64430 /* PBXContainerItemProxy */ = {
			isa = PBXContainerItemProxy;
			containerPortal = 49E647E01D00B68F005F5059 /* Project object */;
			proxyType = 1;
			remoteGlobalIDString = 493E4F4424F31A4100D64430;
			remoteInfo = m8rscript;
		};
		4945A8761EC3712700559CD1 /* PBXContainerItemProxy */ = {
			isa = PBXContainerItemProxy;
			containerPortal = 49E647E01D00B68F005F5059 /* Project object */;
			proxyType = 1;
			remoteGlobalIDString = 494D254D1D2E9055003755DB;
			remoteInfo = libm8rscript;
		};
		49AD0A1C209B503A00F86278 /* PBXContainerItemProxy */ = {
			isa = PBXContainerItemProxy;
			containerPortal = 49E647E01D00B68F005F5059 /* Project object */;
			proxyType = 1;
			remoteGlobalIDString = 494D254D1D2E9055003755DB;
			remoteInfo = libm8rscript;
		};
/* End PBXContainerItemProxy section */

/* Begin PBXCopyFilesBuildPhase section */
		491ED3A12353EFE600DE0C42 /* CopyFiles */ = {
			isa = PBXCopyFilesBuildPhase;
			buildActionMask = 12;
			dstPath = "$(HOME)/bin";
			dstSubfolderSpec = 0;
			files = (
				499D95F22355323D00F45585 /* m8rtest in CopyFiles */,
			);
			runOnlyForDeploymentPostprocessing = 0;
		};
		492C7DA724EECBA10027B75E /* CopyFiles */ = {
			isa = PBXCopyFilesBuildPhase;
			buildActionMask = 2147483647;
			dstPath = /usr/share/man/man1/;
			dstSubfolderSpec = 0;
			files = (
			);
			runOnlyForDeploymentPostprocessing = 1;
		};
		493E4F3824F31A2700D64430 /* CopyFiles */ = {
			isa = PBXCopyFilesBuildPhase;
			buildActionMask = 2147483647;
			dstPath = /usr/share/man/man1/;
			dstSubfolderSpec = 0;
			files = (
			);
			runOnlyForDeploymentPostprocessing = 1;
		};
		4945A86D1EC3711D00559CD1 /* CopyFiles */ = {
			isa = PBXCopyFilesBuildPhase;
			buildActionMask = 12;
			dstPath = "$(HOME)/bin";
			dstSubfolderSpec = 0;
			files = (
				499D95F3235532F100F45585 /* m8rmac in CopyFiles */,
			);
			runOnlyForDeploymentPostprocessing = 0;
		};
		4988DC3D1F0A3713009F7ED5 /* Embed XPC Services */ = {
			isa = PBXCopyFilesBuildPhase;
			buildActionMask = 2147483647;
			dstPath = "$(CONTENTS_FOLDER_PATH)/XPCServices";
			dstSubfolderSpec = 16;
			files = (
			);
			name = "Embed XPC Services";
			runOnlyForDeploymentPostprocessing = 0;
		};
		49C406E01EB6598B001E4DEC /* CopyFiles */ = {
			isa = PBXCopyFilesBuildPhase;
			buildActionMask = 2147483647;
			dstPath = /usr/share/man/man1/;
			dstSubfolderSpec = 0;
			files = (
			);
			runOnlyForDeploymentPostprocessing = 1;
		};
		49F463351E0DD533004EF625 /* CopyFiles */ = {
			isa = PBXCopyFilesBuildPhase;
			buildActionMask = 2147483647;
			dstPath = "";
			dstSubfolderSpec = 10;
			files = (
			);
			runOnlyForDeploymentPostprocessing = 0;
		};
/* End PBXCopyFilesBuildPhase section */

/* Begin PBXFileReference section */
		491ED3A32353EFE600DE0C42 /* m8rtest */ = {isa = PBXFileReference; explicitFileType = "compiled.mach-o.executable"; includeInIndex = 0; path = m8rtest; sourceTree = BUILT_PRODUCTS_DIR; };
		492C7D9C24EDF9390027B75E /* libmarly.a */ = {isa = PBXFileReference; explicitFileType = archive.ar; includeInIndex = 0; path = libmarly.a; sourceTree = BUILT_PRODUCTS_DIR; };
		492C7DA424EDFE120027B75E /* SharedAtoms.txt */ = {isa = PBXFileReference; fileEncoding = 4; lastKnownFileType = text; name = SharedAtoms.txt; path = ../lib/m8rscript/src/SharedAtoms.txt; sourceTree = "<group>"; };
		492C7DA924EECBA10027B75E /* generator */ = {isa = PBXFileReference; explicitFileType = "compiled.mach-o.executable"; includeInIndex = 0; path = generator; sourceTree = BUILT_PRODUCTS_DIR; };
		493E4F3A24F31A2700D64430 /* generateM8rscriptValues */ = {isa = PBXFileReference; explicitFileType = "compiled.mach-o.executable"; includeInIndex = 0; path = generateM8rscriptValues; sourceTree = BUILT_PRODUCTS_DIR; };
		493E4F4524F31A4100D64430 /* libm8rscript.a */ = {isa = PBXFileReference; explicitFileType = archive.ar; includeInIndex = 0; path = libm8rscript.a; sourceTree = BUILT_PRODUCTS_DIR; };
		493E4F4B24F31C4400D64430 /* GeneratedValues.cpp */ = {isa = PBXFileReference; fileEncoding = 4; lastKnownFileType = sourcecode.cpp.cpp; name = GeneratedValues.cpp; path = ../lib/m8rscript/src/GeneratedValues.cpp; sourceTree = "<group>"; };
		493E4F4C24F31C4400D64430 /* GeneratedValues.h */ = {isa = PBXFileReference; fileEncoding = 4; lastKnownFileType = sourcecode.c.h; name = GeneratedValues.h; path = ../lib/m8rscript/src/GeneratedValues.h; sourceTree = "<group>"; };
		493E4F5224F31CDF00D64430 /* Global.h */ = {isa = PBXFileReference; lastKnownFileType = sourcecode.c.h; name = Global.h; path = ../lib/m8rscript/src/Global.h; sourceTree = "<group>"; };
		493E4F5324F31CDF00D64430 /* Iterator.h */ = {isa = PBXFileReference; lastKnownFileType = sourcecode.c.h; name = Iterator.h; path = ../lib/m8rscript/src/Iterator.h; sourceTree = "<group>"; };
		493E4F5424F31CDF00D64430 /* ExecutionUnit.h */ = {isa = PBXFileReference; lastKnownFileType = sourcecode.c.h; name = ExecutionUnit.h; path = ../lib/m8rscript/src/ExecutionUnit.h; sourceTree = "<group>"; };
		493E4F5524F31CDF00D64430 /* CodePrinter.h */ = {isa = PBXFileReference; lastKnownFileType = sourcecode.c.h; name = CodePrinter.h; path = ../lib/m8rscript/src/CodePrinter.h; sourceTree = "<group>"; };
		493E4F5624F31CE000D64430 /* Object.h */ = {isa = PBXFileReference; lastKnownFileType = sourcecode.c.h; name = Object.h; path = ../lib/m8rscript/src/Object.h; sourceTree = "<group>"; };
		493E4F5724F31CE000D64430 /* GPIO.h */ = {isa = PBXFileReference; lastKnownFileType = sourcecode.c.h; name = GPIO.h; path = ../lib/m8rscript/src/GPIO.h; sourceTree = "<group>"; };
		493E4F5824F31CE000D64430 /* StreamProto.h */ = {isa = PBXFileReference; lastKnownFileType = sourcecode.c.h; name = StreamProto.h; path = ../lib/m8rscript/src/StreamProto.h; sourceTree = "<group>"; };
		493E4F5924F31CE000D64430 /* Value.h */ = {isa = PBXFileReference; lastKnownFileType = sourcecode.c.h; name = Value.h; path = ../lib/m8rscript/src/Value.h; sourceTree = "<group>"; };
		493E4F5A24F31CE000D64430 /* ParseEngine.h */ = {isa = PBXFileReference; lastKnownFileType = sourcecode.c.h; name = ParseEngine.h; path = ../lib/m8rscript/src/ParseEngine.h; sourceTree = "<group>"; };
		493E4F5B24F31CE000D64430 /* Function.h */ = {isa = PBXFileReference; lastKnownFileType = sourcecode.c.h; name = Function.h; path = ../lib/m8rscript/src/Function.h; sourceTree = "<group>"; };
		493E4F5C24F31CE000D64430 /* Closure.h */ = {isa = PBXFileReference; lastKnownFileType = sourcecode.c.h; name = Closure.h; path = ../lib/m8rscript/src/Closure.h; sourceTree = "<group>"; };
		493E4F5D24F31CE000D64430 /* Program.h */ = {isa = PBXFileReference; lastKnownFileType = sourcecode.c.h; name = Program.h; path = ../lib/m8rscript/src/Program.h; sourceTree = "<group>"; };
		493E4F5E24F31CE000D64430 /* Parser.h */ = {isa = PBXFileReference; lastKnownFileType = sourcecode.c.h; name = Parser.h; path = ../lib/m8rscript/src/Parser.h; sourceTree = "<group>"; };
		493E4F5F24F31CE000D64430 /* MachineCode.h */ = {isa = PBXFileReference; lastKnownFileType = sourcecode.c.h; name = MachineCode.h; path = ../lib/m8rscript/src/MachineCode.h; sourceTree = "<group>"; };
		493E4F6024F31CE000D64430 /* TimerProto.h */ = {isa = PBXFileReference; lastKnownFileType = sourcecode.c.h; name = TimerProto.h; path = ../lib/m8rscript/src/TimerProto.h; sourceTree = "<group>"; };
		493E4F6124F31D0500D64430 /* Parser.cpp */ = {isa = PBXFileReference; fileEncoding = 4; lastKnownFileType = sourcecode.cpp.cpp; name = Parser.cpp; path = ../lib/m8rscript/src/Parser.cpp; sourceTree = "<group>"; };
		493E4F6224F31D0500D64430 /* Closure.cpp */ = {isa = PBXFileReference; fileEncoding = 4; lastKnownFileType = sourcecode.cpp.cpp; name = Closure.cpp; path = ../lib/m8rscript/src/Closure.cpp; sourceTree = "<group>"; };
		493E4F6324F31D0500D64430 /* TimerProto.cpp */ = {isa = PBXFileReference; fileEncoding = 4; lastKnownFileType = sourcecode.cpp.cpp; name = TimerProto.cpp; path = ../lib/m8rscript/src/TimerProto.cpp; sourceTree = "<group>"; };
		493E4F6424F31D0500D64430 /* Value.cpp */ = {isa = PBXFileReference; fileEncoding = 4; lastKnownFileType = sourcecode.cpp.cpp; name = Value.cpp; path = ../lib/m8rscript/src/Value.cpp; sourceTree = "<group>"; };
		493E4F6524F31D0500D64430 /* StreamProto.cpp */ = {isa = PBXFileReference; fileEncoding = 4; lastKnownFileType = sourcecode.cpp.cpp; name = StreamProto.cpp; path = ../lib/m8rscript/src/StreamProto.cpp; sourceTree = "<group>"; };
		493E4F6624F31D0500D64430 /* Object.cpp */ = {isa = PBXFileReference; fileEncoding = 4; lastKnownFileType = sourcecode.cpp.cpp; name = Object.cpp; path = ../lib/m8rscript/src/Object.cpp; sourceTree = "<group>"; };
		493E4F6724F31D0500D64430 /* CodePrinter.cpp */ = {isa = PBXFileReference; fileEncoding = 4; lastKnownFileType = sourcecode.cpp.cpp; name = CodePrinter.cpp; path = ../lib/m8rscript/src/CodePrinter.cpp; sourceTree = "<group>"; };
		493E4F6824F31D0500D64430 /* Global.cpp */ = {isa = PBXFileReference; fileEncoding = 4; lastKnownFileType = sourcecode.cpp.cpp; name = Global.cpp; path = ../lib/m8rscript/src/Global.cpp; sourceTree = "<group>"; };
		493E4F6924F31D0500D64430 /* ExecutionUnit.cpp */ = {isa = PBXFileReference; fileEncoding = 4; lastKnownFileType = sourcecode.cpp.cpp; name = ExecutionUnit.cpp; path = ../lib/m8rscript/src/ExecutionUnit.cpp; sourceTree = "<group>"; };
		493E4F6A24F31D0500D64430 /* Program.cpp */ = {isa = PBXFileReference; fileEncoding = 4; lastKnownFileType = sourcecode.cpp.cpp; name = Program.cpp; path = ../lib/m8rscript/src/Program.cpp; sourceTree = "<group>"; };
		493E4F6B24F31D0500D64430 /* Function.cpp */ = {isa = PBXFileReference; fileEncoding = 4; lastKnownFileType = sourcecode.cpp.cpp; name = Function.cpp; path = ../lib/m8rscript/src/Function.cpp; sourceTree = "<group>"; };
		493E4F6C24F31D0600D64430 /* Iterator.cpp */ = {isa = PBXFileReference; fileEncoding = 4; lastKnownFileType = sourcecode.cpp.cpp; name = Iterator.cpp; path = ../lib/m8rscript/src/Iterator.cpp; sourceTree = "<group>"; };
		493E4F6D24F31D0600D64430 /* GPIO.cpp */ = {isa = PBXFileReference; fileEncoding = 4; lastKnownFileType = sourcecode.cpp.cpp; name = GPIO.cpp; path = ../lib/m8rscript/src/GPIO.cpp; sourceTree = "<group>"; };
		493E4F6E24F31D0600D64430 /* ParseEngine.cpp */ = {isa = PBXFileReference; fileEncoding = 4; lastKnownFileType = sourcecode.cpp.cpp; name = ParseEngine.cpp; path = ../lib/m8rscript/src/ParseEngine.cpp; sourceTree = "<group>"; };
		493E4F8124F31FF200D64430 /* JSONProto.cpp */ = {isa = PBXFileReference; lastKnownFileType = sourcecode.cpp.cpp; name = JSONProto.cpp; path = ../lib/m8rscript/src/JSONProto.cpp; sourceTree = "<group>"; };
		493E4F8224F31FF200D64430 /* JSONProto.h */ = {isa = PBXFileReference; lastKnownFileType = sourcecode.c.h; name = JSONProto.h; path = ../lib/m8rscript/src/JSONProto.h; sourceTree = "<group>"; };
		493E4F8524F320BE00D64430 /* TCPProto.cpp */ = {isa = PBXFileReference; lastKnownFileType = sourcecode.cpp.cpp; name = TCPProto.cpp; path = ../lib/m8rscript/src/TCPProto.cpp; sourceTree = "<group>"; };
		493E4F8624F320BE00D64430 /* TCPProto.h */ = {isa = PBXFileReference; lastKnownFileType = sourcecode.c.h; name = TCPProto.h; path = ../lib/m8rscript/src/TCPProto.h; sourceTree = "<group>"; };
		493E4F8924F32AF600D64430 /* FSProto.cpp */ = {isa = PBXFileReference; fileEncoding = 4; lastKnownFileType = sourcecode.cpp.cpp; name = FSProto.cpp; path = ../lib/m8rscript/src/FSProto.cpp; sourceTree = "<group>"; };
		493E4F8A24F32AF600D64430 /* IPAddrProto.h */ = {isa = PBXFileReference; fileEncoding = 4; lastKnownFileType = sourcecode.c.h; name = IPAddrProto.h; path = ../lib/m8rscript/src/IPAddrProto.h; sourceTree = "<group>"; };
		493E4F8B24F32AF700D64430 /* TaskProto.cpp */ = {isa = PBXFileReference; fileEncoding = 4; lastKnownFileType = sourcecode.cpp.cpp; name = TaskProto.cpp; path = ../lib/m8rscript/src/TaskProto.cpp; sourceTree = "<group>"; };
		493E4F8C24F32AF700D64430 /* TaskProto.h */ = {isa = PBXFileReference; fileEncoding = 4; lastKnownFileType = sourcecode.c.h; name = TaskProto.h; path = ../lib/m8rscript/src/TaskProto.h; sourceTree = "<group>"; };
		493E4F8D24F32AF700D64430 /* FSProto.h */ = {isa = PBXFileReference; fileEncoding = 4; lastKnownFileType = sourcecode.c.h; name = FSProto.h; path = ../lib/m8rscript/src/FSProto.h; sourceTree = "<group>"; };
		493E4F8E24F32AF700D64430 /* IPAddrProto.cpp */ = {isa = PBXFileReference; fileEncoding = 4; lastKnownFileType = sourcecode.cpp.cpp; name = IPAddrProto.cpp; path = ../lib/m8rscript/src/IPAddrProto.cpp; sourceTree = "<group>"; };
		493E4F9524F32D1E00D64430 /* GC.h */ = {isa = PBXFileReference; fileEncoding = 4; lastKnownFileType = sourcecode.c.h; name = GC.h; path = ../lib/m8rscript/src/GC.h; sourceTree = "<group>"; };
		493E4F9624F32D1E00D64430 /* GC.cpp */ = {isa = PBXFileReference; fileEncoding = 4; lastKnownFileType = sourcecode.cpp.cpp; name = GC.cpp; path = ../lib/m8rscript/src/GC.cpp; sourceTree = "<group>"; };
		4945A86F1EC3711D00559CD1 /* m8rmac */ = {isa = PBXFileReference; explicitFileType = "compiled.mach-o.executable"; includeInIndex = 0; path = m8rmac; sourceTree = BUILT_PRODUCTS_DIR; };
		4948AEAE24242CC90087EC5A /* NTPClient.m8r */ = {isa = PBXFileReference; explicitFileType = sourcecode.javascript; fileEncoding = 4; name = NTPClient.m8r; path = examples/NTPClient.m8r; sourceTree = "<group>"; };
		4948AEAF24242CC90087EC5A /* TimeZoneDBClient.m8r */ = {isa = PBXFileReference; explicitFileType = sourcecode.javascript; fileEncoding = 4; name = TimeZoneDBClient.m8r; path = examples/TimeZoneDBClient.m8r; sourceTree = "<group>"; };
		494D254E1D2E9055003755DB /* liblibm8r.a */ = {isa = PBXFileReference; explicitFileType = archive.ar; includeInIndex = 0; path = liblibm8r.a; sourceTree = BUILT_PRODUCTS_DIR; };
		4968D6DF24F48B1600AD089F /* M8rscript.h */ = {isa = PBXFileReference; lastKnownFileType = sourcecode.c.h; name = M8rscript.h; path = ../lib/m8rscript/src/M8rscript.h; sourceTree = "<group>"; };
		497139DC24705AA90025CC4D /* m8rFSFile */ = {isa = PBXFileReference; lastKnownFileType = file; name = m8rFSFile; path = ../m8rFSFile; sourceTree = "<group>"; };
		4978365C24141EEC005735D5 /* timing.m8r */ = {isa = PBXFileReference; explicitFileType = sourcecode.javascript; name = timing.m8r; path = ../../scripts/timing/timing.m8r; sourceTree = "<group>"; };
		4978365D24141EEC005735D5 /* timing-esp.m8r */ = {isa = PBXFileReference; explicitFileType = sourcecode.javascript; name = "timing-esp.m8r"; path = "../../scripts/timing/timing-esp.m8r"; sourceTree = "<group>"; };
		4978366224141F27005735D5 /* TestClass.m8r */ = {isa = PBXFileReference; explicitFileType = sourcecode.javascript; name = TestClass.m8r; path = ../../scripts/tests/TestClass.m8r; sourceTree = "<group>"; };
		4978366324141F28005735D5 /* TestLoop.m8r */ = {isa = PBXFileReference; lastKnownFileType = text; name = TestLoop.m8r; path = ../../scripts/tests/TestLoop.m8r; sourceTree = "<group>"; };
		4978366424141F28005735D5 /* TestUDPSocket.m8r */ = {isa = PBXFileReference; lastKnownFileType = text; name = TestUDPSocket.m8r; path = ../../scripts/tests/TestUDPSocket.m8r; sourceTree = "<group>"; };
		4978366524141F28005735D5 /* TestBase64.m8r */ = {isa = PBXFileReference; explicitFileType = sourcecode.javascript; name = TestBase64.m8r; path = ../../scripts/tests/TestBase64.m8r; sourceTree = "<group>"; };
		4978366624141F28005735D5 /* TestClosure.m8r */ = {isa = PBXFileReference; explicitFileType = sourcecode.javascript; name = TestClosure.m8r; path = ../../scripts/tests/TestClosure.m8r; sourceTree = "<group>"; };
		4978366724141F28005735D5 /* TestTCPSocket.m8r */ = {isa = PBXFileReference; explicitFileType = sourcecode.javascript; name = TestTCPSocket.m8r; path = ../../scripts/tests/TestTCPSocket.m8r; sourceTree = "<group>"; };
		4978366824141F28005735D5 /* TestGibberish.m8r */ = {isa = PBXFileReference; lastKnownFileType = text; name = TestGibberish.m8r; path = ../../scripts/tests/TestGibberish.m8r; sourceTree = "<group>"; };
		4978366924141F28005735D5 /* TestIterator.m8r */ = {isa = PBXFileReference; explicitFileType = sourcecode.javascript; name = TestIterator.m8r; path = ../../scripts/tests/TestIterator.m8r; sourceTree = "<group>"; };
		4979403E24141E620042B86B /* simpleTest2.m8r */ = {isa = PBXFileReference; explicitFileType = sourcecode.javascript; path = simpleTest2.m8r; sourceTree = "<group>"; };
		4979403F24141E630042B86B /* basic.m8r */ = {isa = PBXFileReference; explicitFileType = sourcecode.javascript; path = basic.m8r; sourceTree = "<group>"; };
		4979404024141E630042B86B /* hello.m8r */ = {isa = PBXFileReference; explicitFileType = sourcecode.javascript; path = hello.m8r; sourceTree = "<group>"; };
		4979404124141E630042B86B /* blink.m8r */ = {isa = PBXFileReference; explicitFileType = sourcecode.javascript; path = blink.m8r; sourceTree = "<group>"; };
		4979404224141E630042B86B /* simpleFunction.m8r */ = {isa = PBXFileReference; explicitFileType = sourcecode.javascript; path = simpleFunction.m8r; sourceTree = "<group>"; };
		4979404324141E630042B86B /* simpleTest.m8r */ = {isa = PBXFileReference; explicitFileType = sourcecode.javascript; path = simpleTest.m8r; sourceTree = "<group>"; };
		49A39F2123509E5200F6A144 /* mrsh.m8r */ = {isa = PBXFileReference; lastKnownFileType = text; path = mrsh.m8r; sourceTree = "<group>"; xcLanguageSpecificationIdentifier = xcode.lang.javascript; };
		49BDE1A423714DC000304BE8 /* mem.m8r */ = {isa = PBXFileReference; explicitFileType = sourcecode.javascript; path = mem.m8r; sourceTree = "<group>"; };
		49C406E21EB6598B001E4DEC /* generateMarlyValues */ = {isa = PBXFileReference; explicitFileType = "compiled.mach-o.executable"; includeInIndex = 0; path = generateMarlyValues; sourceTree = BUILT_PRODUCTS_DIR; };
		49C406EA1EB65A39001E4DEC /* generateValues.cpp */ = {isa = PBXFileReference; fileEncoding = 4; lastKnownFileType = sourcecode.cpp.cpp; name = generateValues.cpp; path = generators/generateValues.cpp; sourceTree = "<group>"; };
		49D9B8181D1C854700724911 /* m8rsim.app */ = {isa = PBXFileReference; explicitFileType = wrapper.application; includeInIndex = 0; path = m8rsim.app; sourceTree = BUILT_PRODUCTS_DIR; };
		49F2475924D45F1100D977D2 /* liblua.a */ = {isa = PBXFileReference; explicitFileType = archive.ar; includeInIndex = 0; path = liblua.a; sourceTree = BUILT_PRODUCTS_DIR; };
/* End PBXFileReference section */

/* Begin PBXFrameworksBuildPhase section */
		491ED3A02353EFE600DE0C42 /* Frameworks */ = {
			isa = PBXFrameworksBuildPhase;
			buildActionMask = 2147483647;
			files = (
				491ED3AC2353F48100DE0C42 /* liblibm8r.a in Frameworks */,
			);
			runOnlyForDeploymentPostprocessing = 0;
		};
		492C7D9A24EDF9390027B75E /* Frameworks */ = {
			isa = PBXFrameworksBuildPhase;
			buildActionMask = 2147483647;
			files = (
			);
			runOnlyForDeploymentPostprocessing = 0;
		};
		492C7DA624EECBA10027B75E /* Frameworks */ = {
			isa = PBXFrameworksBuildPhase;
			buildActionMask = 2147483647;
			files = (
			);
			runOnlyForDeploymentPostprocessing = 0;
		};
		493E4F3724F31A2700D64430 /* Frameworks */ = {
			isa = PBXFrameworksBuildPhase;
			buildActionMask = 2147483647;
			files = (
			);
			runOnlyForDeploymentPostprocessing = 0;
		};
		493E4F4324F31A4100D64430 /* Frameworks */ = {
			isa = PBXFrameworksBuildPhase;
			buildActionMask = 2147483647;
			files = (
			);
			runOnlyForDeploymentPostprocessing = 0;
		};
		4945A86C1EC3711D00559CD1 /* Frameworks */ = {
			isa = PBXFrameworksBuildPhase;
			buildActionMask = 2147483647;
			files = (
				4968D6E024F48C2C00AD089F /* libm8rscript.a in Frameworks */,
				492C7DBA24EF06410027B75E /* libmarly.a in Frameworks */,
				4945A8781EC3969100559CD1 /* liblibm8r.a in Frameworks */,
			);
			runOnlyForDeploymentPostprocessing = 0;
		};
		494D254B1D2E9055003755DB /* Frameworks */ = {
			isa = PBXFrameworksBuildPhase;
			buildActionMask = 2147483647;
			files = (
			);
			runOnlyForDeploymentPostprocessing = 0;
		};
		49C406DF1EB6598B001E4DEC /* Frameworks */ = {
			isa = PBXFrameworksBuildPhase;
			buildActionMask = 2147483647;
			files = (
			);
			runOnlyForDeploymentPostprocessing = 0;
		};
		49D9B8151D1C854700724911 /* Frameworks */ = {
			isa = PBXFrameworksBuildPhase;
			buildActionMask = 2147483647;
			files = (
				493E015C24E9C0E100EF89B3 /* liblua.a in Frameworks */,
				494D25631D2E9337003755DB /* liblibm8r.a in Frameworks */,
			);
			runOnlyForDeploymentPostprocessing = 0;
		};
		49F2475724D45F1100D977D2 /* Frameworks */ = {
			isa = PBXFrameworksBuildPhase;
			buildActionMask = 2147483647;
			files = (
			);
			runOnlyForDeploymentPostprocessing = 0;
		};
/* End PBXFrameworksBuildPhase section */

/* Begin PBXGroup section */
		492C7D9524EDF8B20027B75E /* m8rscript */ = {
			isa = PBXGroup;
			children = (
				493E4F6224F31D0500D64430 /* Closure.cpp */,
				493E4F5C24F31CE000D64430 /* Closure.h */,
				493E4F6724F31D0500D64430 /* CodePrinter.cpp */,
				493E4F5524F31CDF00D64430 /* CodePrinter.h */,
				493E4F6924F31D0500D64430 /* ExecutionUnit.cpp */,
				493E4F5424F31CDF00D64430 /* ExecutionUnit.h */,
				493E4F8924F32AF600D64430 /* FSProto.cpp */,
				493E4F8D24F32AF700D64430 /* FSProto.h */,
				493E4F6B24F31D0500D64430 /* Function.cpp */,
				493E4F5B24F31CE000D64430 /* Function.h */,
				493E4F9624F32D1E00D64430 /* GC.cpp */,
				493E4F9524F32D1E00D64430 /* GC.h */,
				493E4F4B24F31C4400D64430 /* GeneratedValues.cpp */,
				493E4F4C24F31C4400D64430 /* GeneratedValues.h */,
				493E4F6824F31D0500D64430 /* Global.cpp */,
				493E4F5224F31CDF00D64430 /* Global.h */,
				493E4F6D24F31D0600D64430 /* GPIO.cpp */,
				493E4F5724F31CE000D64430 /* GPIO.h */,
				493E4F8E24F32AF700D64430 /* IPAddrProto.cpp */,
				493E4F8A24F32AF600D64430 /* IPAddrProto.h */,
				493E4F6C24F31D0600D64430 /* Iterator.cpp */,
				493E4F5324F31CDF00D64430 /* Iterator.h */,
				493E4F8124F31FF200D64430 /* JSONProto.cpp */,
				493E4F8224F31FF200D64430 /* JSONProto.h */,
				4968D6DF24F48B1600AD089F /* M8rscript.h */,
				493E4F5F24F31CE000D64430 /* MachineCode.h */,
				493E4F6624F31D0500D64430 /* Object.cpp */,
				493E4F5624F31CE000D64430 /* Object.h */,
				493E4F6E24F31D0600D64430 /* ParseEngine.cpp */,
				493E4F5A24F31CE000D64430 /* ParseEngine.h */,
				493E4F6124F31D0500D64430 /* Parser.cpp */,
				493E4F5E24F31CE000D64430 /* Parser.h */,
				493E4F6A24F31D0500D64430 /* Program.cpp */,
				493E4F5D24F31CE000D64430 /* Program.h */,
				492C7DA424EDFE120027B75E /* SharedAtoms.txt */,
				493E4F6524F31D0500D64430 /* StreamProto.cpp */,
				493E4F5824F31CE000D64430 /* StreamProto.h */,
				493E4F8B24F32AF700D64430 /* TaskProto.cpp */,
				493E4F8C24F32AF700D64430 /* TaskProto.h */,
				493E4F8524F320BE00D64430 /* TCPProto.cpp */,
				493E4F8624F320BE00D64430 /* TCPProto.h */,
				493E4F6324F31D0500D64430 /* TimerProto.cpp */,
				493E4F6024F31CE000D64430 /* TimerProto.h */,
				493E4F6424F31D0500D64430 /* Value.cpp */,
				493E4F5924F31CE000D64430 /* Value.h */,
			);
			name = m8rscript;
			sourceTree = "<group>";
		};
		4942EA891D0C86BB00E02088 /* scripts */ = {
			isa = PBXGroup;
			children = (
				4948AEAD24242CB70087EC5A /* examples */,
				49BDE1A423714DC000304BE8 /* mem.m8r */,
				49A39F2123509E5200F6A144 /* mrsh.m8r */,
				4979403D24141E4B0042B86B /* simple */,
				4978365B24141ED3005735D5 /* timing */,
				4978365A24141EC9005735D5 /* tests */,
			);
			name = scripts;
			path = ../scripts;
			sourceTree = "<group>";
		};
		4945A8791EC398B900559CD1 /* Frameworks */ = {
			isa = PBXGroup;
			children = (
			);
			name = Frameworks;
			sourceTree = "<group>";
		};
		4948AEAD24242CB70087EC5A /* examples */ = {
			isa = PBXGroup;
			children = (
				4948AEAE24242CC90087EC5A /* NTPClient.m8r */,
				4948AEAF24242CC90087EC5A /* TimeZoneDBClient.m8r */,
			);
			name = examples;
			sourceTree = "<group>";
		};
		4978365A24141EC9005735D5 /* tests */ = {
			isa = PBXGroup;
			children = (
				4978366524141F28005735D5 /* TestBase64.m8r */,
				4978366224141F27005735D5 /* TestClass.m8r */,
				4978366624141F28005735D5 /* TestClosure.m8r */,
				4978366824141F28005735D5 /* TestGibberish.m8r */,
				4978366924141F28005735D5 /* TestIterator.m8r */,
				4978366324141F28005735D5 /* TestLoop.m8r */,
				4978366724141F28005735D5 /* TestTCPSocket.m8r */,
				4978366424141F28005735D5 /* TestUDPSocket.m8r */,
			);
			path = tests;
			sourceTree = "<group>";
		};
		4978365B24141ED3005735D5 /* timing */ = {
			isa = PBXGroup;
			children = (
				4978365D24141EEC005735D5 /* timing-esp.m8r */,
				4978365C24141EEC005735D5 /* timing.m8r */,
			);
			path = timing;
			sourceTree = "<group>";
		};
		4979403D24141E4B0042B86B /* simple */ = {
			isa = PBXGroup;
			children = (
				4979403F24141E630042B86B /* basic.m8r */,
				4979404124141E630042B86B /* blink.m8r */,
				4979404024141E630042B86B /* hello.m8r */,
				4979404224141E630042B86B /* simpleFunction.m8r */,
				4979404324141E630042B86B /* simpleTest.m8r */,
				4979403E24141E620042B86B /* simpleTest2.m8r */,
			);
			path = simple;
			sourceTree = "<group>";
		};
		49C406E91EB65A15001E4DEC /* generators */ = {
			isa = PBXGroup;
			children = (
				49C406EA1EB65A39001E4DEC /* generateValues.cpp */,
			);
			name = generators;
			sourceTree = "<group>";
		};
		49E647DF1D00B68F005F5059 = {
			isa = PBXGroup;
			children = (
				497139DC24705AA90025CC4D /* m8rFSFile */,
				492C7D9524EDF8B20027B75E /* m8rscript */,
				49C406E91EB65A15001E4DEC /* generators */,
				49E647E91D00B68F005F5059 /* Products */,
				4942EA891D0C86BB00E02088 /* scripts */,
				4945A8791EC398B900559CD1 /* Frameworks */,
			);
			sourceTree = "<group>";
		};
		49E647E91D00B68F005F5059 /* Products */ = {
			isa = PBXGroup;
			children = (
				49D9B8181D1C854700724911 /* m8rsim.app */,
				494D254E1D2E9055003755DB /* liblibm8r.a */,
				49C406E21EB6598B001E4DEC /* generateMarlyValues */,
				4945A86F1EC3711D00559CD1 /* m8rmac */,
				491ED3A32353EFE600DE0C42 /* m8rtest */,
				49F2475924D45F1100D977D2 /* liblua.a */,
				492C7D9C24EDF9390027B75E /* libmarly.a */,
				492C7DA924EECBA10027B75E /* generator */,
				493E4F3A24F31A2700D64430 /* generateM8rscriptValues */,
				493E4F4524F31A4100D64430 /* libm8rscript.a */,
			);
			name = Products;
			sourceTree = "<group>";
		};
/* End PBXGroup section */

/* Begin PBXHeadersBuildPhase section */
		492C7D9824EDF9390027B75E /* Headers */ = {
			isa = PBXHeadersBuildPhase;
			buildActionMask = 2147483647;
			files = (
			);
			runOnlyForDeploymentPostprocessing = 0;
		};
		493E4F4124F31A4100D64430 /* Headers */ = {
			isa = PBXHeadersBuildPhase;
			buildActionMask = 2147483647;
			files = (
				493E4F8424F31FF200D64430 /* JSONProto.h in Headers */,
			);
			runOnlyForDeploymentPostprocessing = 0;
		};
		494D254C1D2E9055003755DB /* Headers */ = {
			isa = PBXHeadersBuildPhase;
			buildActionMask = 2147483647;
			files = (
			);
			runOnlyForDeploymentPostprocessing = 0;
		};
		49F2475524D45F1100D977D2 /* Headers */ = {
			isa = PBXHeadersBuildPhase;
			buildActionMask = 2147483647;
			files = (
			);
			runOnlyForDeploymentPostprocessing = 0;
		};
/* End PBXHeadersBuildPhase section */

/* Begin PBXNativeTarget section */
		491ED3A22353EFE600DE0C42 /* m8rtest */ = {
			isa = PBXNativeTarget;
			buildConfigurationList = 491ED3A72353EFE600DE0C42 /* Build configuration list for PBXNativeTarget "m8rtest" */;
			buildPhases = (
				491ED39F2353EFE600DE0C42 /* Sources */,
				491ED3A02353EFE600DE0C42 /* Frameworks */,
				491ED3A12353EFE600DE0C42 /* CopyFiles */,
			);
			buildRules = (
			);
			dependencies = (
				491ED3AB2353F44B00DE0C42 /* PBXTargetDependency */,
			);
			name = m8rtest;
			productName = m8rtest;
			productReference = 491ED3A32353EFE600DE0C42 /* m8rtest */;
			productType = "com.apple.product-type.tool";
		};
		492C7D9B24EDF9390027B75E /* marly */ = {
			isa = PBXNativeTarget;
			buildConfigurationList = 492C7D9D24EDF9390027B75E /* Build configuration list for PBXNativeTarget "marly" */;
			buildPhases = (
				492C7D9824EDF9390027B75E /* Headers */,
				492C7D9924EDF9390027B75E /* Sources */,
				492C7D9A24EDF9390027B75E /* Frameworks */,
			);
			buildRules = (
			);
			dependencies = (
				492C7DB224EECF540027B75E /* PBXTargetDependency */,
			);
			name = marly;
			productName = marly;
			productReference = 492C7D9C24EDF9390027B75E /* libmarly.a */;
			productType = "com.apple.product-type.library.static";
		};
		492C7DA824EECBA10027B75E /* generator */ = {
			isa = PBXNativeTarget;
			buildConfigurationList = 492C7DAD24EECBA10027B75E /* Build configuration list for PBXNativeTarget "generator" */;
			buildPhases = (
				492C7DA524EECBA10027B75E /* Sources */,
				492C7DA624EECBA10027B75E /* Frameworks */,
				492C7DA724EECBA10027B75E /* CopyFiles */,
			);
			buildRules = (
			);
			dependencies = (
			);
			name = generator;
			productName = generator;
			productReference = 492C7DA924EECBA10027B75E /* generator */;
			productType = "com.apple.product-type.tool";
		};
		493E4F3924F31A2700D64430 /* generateM8rscriptValues */ = {
			isa = PBXNativeTarget;
			buildConfigurationList = 493E4F3E24F31A2700D64430 /* Build configuration list for PBXNativeTarget "generateM8rscriptValues" */;
			buildPhases = (
				493E4F3624F31A2700D64430 /* Sources */,
				493E4F4A24F31AA300D64430 /* ShellScript */,
				493E4F3724F31A2700D64430 /* Frameworks */,
				493E4F3824F31A2700D64430 /* CopyFiles */,
			);
			buildRules = (
			);
			dependencies = (
			);
			name = generateM8rscriptValues;
			productName = generateM8rscriptValues;
			productReference = 493E4F3A24F31A2700D64430 /* generateM8rscriptValues */;
			productType = "com.apple.product-type.tool";
		};
		493E4F4424F31A4100D64430 /* m8rscript */ = {
			isa = PBXNativeTarget;
			buildConfigurationList = 493E4F4624F31A4100D64430 /* Build configuration list for PBXNativeTarget "m8rscript" */;
			buildPhases = (
				493E4F4124F31A4100D64430 /* Headers */,
				493E4F4224F31A4100D64430 /* Sources */,
				493E4F4324F31A4100D64430 /* Frameworks */,
			);
			buildRules = (
			);
			dependencies = (
				493E4F5124F31C6800D64430 /* PBXTargetDependency */,
			);
			name = m8rscript;
			productName = m8rscript;
			productReference = 493E4F4524F31A4100D64430 /* libm8rscript.a */;
			productType = "com.apple.product-type.library.static";
		};
		4945A86E1EC3711D00559CD1 /* m8rmac */ = {
			isa = PBXNativeTarget;
			buildConfigurationList = 4945A8731EC3711D00559CD1 /* Build configuration list for PBXNativeTarget "m8rmac" */;
			buildPhases = (
				4945A86B1EC3711D00559CD1 /* Sources */,
				4945A86C1EC3711D00559CD1 /* Frameworks */,
				4945A86D1EC3711D00559CD1 /* CopyFiles */,
			);
			buildRules = (
			);
			dependencies = (
				493E4F9A24F339BC00D64430 /* PBXTargetDependency */,
				492C7DA324EDFC420027B75E /* PBXTargetDependency */,
				4945A8771EC3712700559CD1 /* PBXTargetDependency */,
			);
			name = m8rmac;
			productName = m8r;
			productReference = 4945A86F1EC3711D00559CD1 /* m8rmac */;
			productType = "com.apple.product-type.tool";
		};
		494D254D1D2E9055003755DB /* libm8r */ = {
			isa = PBXNativeTarget;
			buildConfigurationList = 494D254F1D2E9055003755DB /* Build configuration list for PBXNativeTarget "libm8r" */;
			buildPhases = (
				494D254A1D2E9055003755DB /* Sources */,
				494D254B1D2E9055003755DB /* Frameworks */,
				494D254C1D2E9055003755DB /* Headers */,
			);
			buildRules = (
			);
			dependencies = (
			);
			name = libm8r;
			productName = libm8rscript;
			productReference = 494D254E1D2E9055003755DB /* liblibm8r.a */;
			productType = "com.apple.product-type.library.static";
		};
		49C406E11EB6598B001E4DEC /* generateMarlyValues */ = {
			isa = PBXNativeTarget;
			buildConfigurationList = 49C406E61EB6598B001E4DEC /* Build configuration list for PBXNativeTarget "generateMarlyValues" */;
			buildPhases = (
				49C406DE1EB6598B001E4DEC /* Sources */,
				49026F1C24CF29BC00CAB23B /* ShellScript */,
				49C406DF1EB6598B001E4DEC /* Frameworks */,
				49C406E01EB6598B001E4DEC /* CopyFiles */,
			);
			buildRules = (
			);
			dependencies = (
			);
			name = generateMarlyValues;
			productName = generateSharedAtoms;
			productReference = 49C406E21EB6598B001E4DEC /* generateMarlyValues */;
			productType = "com.apple.product-type.tool";
		};
		49D9B8171D1C854700724911 /* m8rsim */ = {
			isa = PBXNativeTarget;
			buildConfigurationList = 49D9B8271D1C854700724911 /* Build configuration list for PBXNativeTarget "m8rsim" */;
			buildPhases = (
				49D9B8141D1C854700724911 /* Sources */,
				49D9B8151D1C854700724911 /* Frameworks */,
				49D9B8161D1C854700724911 /* Resources */,
				49F463351E0DD533004EF625 /* CopyFiles */,
				4988DC3D1F0A3713009F7ED5 /* Embed XPC Services */,
			);
			buildRules = (
			);
			dependencies = (
				49AD0A1D209B503A00F86278 /* PBXTargetDependency */,
			);
			name = m8rsim;
			productName = m8rsim;
			productReference = 49D9B8181D1C854700724911 /* m8rsim.app */;
			productType = "com.apple.product-type.application";
		};
		49F2475824D45F1100D977D2 /* lua */ = {
			isa = PBXNativeTarget;
			buildConfigurationList = 49F2475C24D45F1100D977D2 /* Build configuration list for PBXNativeTarget "lua" */;
			buildPhases = (
				49F2475524D45F1100D977D2 /* Headers */,
				49F2475624D45F1100D977D2 /* Sources */,
				49F2475724D45F1100D977D2 /* Frameworks */,
			);
			buildRules = (
			);
			dependencies = (
			);
			name = lua;
			productName = lua;
			productReference = 49F2475924D45F1100D977D2 /* liblua.a */;
			productType = "com.apple.product-type.library.static";
		};
/* End PBXNativeTarget section */

/* Begin PBXProject section */
		49E647E01D00B68F005F5059 /* Project object */ = {
			isa = PBXProject;
			attributes = {
				LastSwiftUpdateCheck = 1140;
				LastUpgradeCheck = 1110;
				ORGANIZATIONNAME = MarrinTech;
				TargetAttributes = {
					491ED3A22353EFE600DE0C42 = {
						CreatedOnToolsVersion = 11.0;
						ProvisioningStyle = Automatic;
					};
					492C7D9B24EDF9390027B75E = {
						CreatedOnToolsVersion = 11.6;
						ProvisioningStyle = Automatic;
					};
					492C7DA824EECBA10027B75E = {
						CreatedOnToolsVersion = 11.6;
						ProvisioningStyle = Automatic;
					};
					493E4F3924F31A2700D64430 = {
						CreatedOnToolsVersion = 11.6;
						ProvisioningStyle = Automatic;
					};
					493E4F4424F31A4100D64430 = {
						CreatedOnToolsVersion = 11.6;
						ProvisioningStyle = Automatic;
					};
					4945A86E1EC3711D00559CD1 = {
						CreatedOnToolsVersion = 9.0;
						ProvisioningStyle = Automatic;
					};
					494D254D1D2E9055003755DB = {
						CreatedOnToolsVersion = 8.0;
						ProvisioningStyle = Automatic;
					};
					49C406E11EB6598B001E4DEC = {
						CreatedOnToolsVersion = 8.2.1;
						ProvisioningStyle = Automatic;
					};
					49D9B8171D1C854700724911 = {
						CreatedOnToolsVersion = 8.0;
						LastSwiftMigration = 0800;
						ProvisioningStyle = Automatic;
					};
					49F2475824D45F1100D977D2 = {
						CreatedOnToolsVersion = 11.6;
						ProvisioningStyle = Automatic;
					};
				};
			};
			buildConfigurationList = 49E647E31D00B68F005F5059 /* Build configuration list for PBXProject "m8rscript" */;
			compatibilityVersion = "Xcode 3.2";
			developmentRegion = en;
			hasScannedForEncodings = 0;
			knownRegions = (
				en,
				Base,
			);
			mainGroup = 49E647DF1D00B68F005F5059;
			productRefGroup = 49E647E91D00B68F005F5059 /* Products */;
			projectDirPath = "";
			projectRoot = "";
			targets = (
				494D254D1D2E9055003755DB /* libm8r */,
				493E4F4424F31A4100D64430 /* m8rscript */,
				493E4F3924F31A2700D64430 /* generateM8rscriptValues */,
				49F2475824D45F1100D977D2 /* lua */,
				492C7D9B24EDF9390027B75E /* marly */,
				49C406E11EB6598B001E4DEC /* generateMarlyValues */,
				4945A86E1EC3711D00559CD1 /* m8rmac */,
				491ED3A22353EFE600DE0C42 /* m8rtest */,
				49D9B8171D1C854700724911 /* m8rsim */,
				492C7DA824EECBA10027B75E /* generator */,
			);
		};
/* End PBXProject section */

/* Begin PBXResourcesBuildPhase section */
		49D9B8161D1C854700724911 /* Resources */ = {
			isa = PBXResourcesBuildPhase;
			buildActionMask = 2147483647;
			files = (
				4948AEB024242CC90087EC5A /* NTPClient.m8r in Resources */,
				49BDE1A523714DC000304BE8 /* mem.m8r in Resources */,
				4948AEB124242CC90087EC5A /* TimeZoneDBClient.m8r in Resources */,
			);
			runOnlyForDeploymentPostprocessing = 0;
		};
/* End PBXResourcesBuildPhase section */

/* Begin PBXShellScriptBuildPhase section */
		49026F1C24CF29BC00CAB23B /* ShellScript */ = {
			isa = PBXShellScriptBuildPhase;
			buildActionMask = 2147483647;
			files = (
			);
			inputFileListPaths = (
			);
			inputPaths = (
			);
			outputFileListPaths = (
			);
			outputPaths = (
			);
			runOnlyForDeploymentPostprocessing = 0;
			shellPath = /bin/sh;
			shellScript = "# Type a script or drag a script file from your workspace to insert its path.\n$TARGET_BUILD_DIR/generateMarlyValues ../lib/marly/src/SharedAtoms.txt ../lib/marly/src marly\n";
		};
		493E4F4A24F31AA300D64430 /* ShellScript */ = {
			isa = PBXShellScriptBuildPhase;
			buildActionMask = 2147483647;
			files = (
			);
			inputFileListPaths = (
			);
			inputPaths = (
			);
			outputFileListPaths = (
			);
			outputPaths = (
			);
			runOnlyForDeploymentPostprocessing = 0;
			shellPath = /bin/sh;
			shellScript = "# Type a script or drag a script file from your workspace to insert its path.\n$TARGET_BUILD_DIR/generateM8rscriptValues ../lib/m8rscript/src/SharedAtoms.txt ../lib/m8rscript/src m8rscript\n";
		};
/* End PBXShellScriptBuildPhase section */

/* Begin PBXSourcesBuildPhase section */
		491ED39F2353EFE600DE0C42 /* Sources */ = {
			isa = PBXSourcesBuildPhase;
			buildActionMask = 2147483647;
			files = (
			);
			runOnlyForDeploymentPostprocessing = 0;
		};
		492C7D9924EDF9390027B75E /* Sources */ = {
			isa = PBXSourcesBuildPhase;
			buildActionMask = 2147483647;
			files = (
			);
			runOnlyForDeploymentPostprocessing = 0;
		};
		492C7DA524EECBA10027B75E /* Sources */ = {
			isa = PBXSourcesBuildPhase;
			buildActionMask = 2147483647;
			files = (
				492C7DB024EECBBE0027B75E /* generateValues.cpp in Sources */,
			);
			runOnlyForDeploymentPostprocessing = 0;
		};
		493E4F3624F31A2700D64430 /* Sources */ = {
			isa = PBXSourcesBuildPhase;
			buildActionMask = 2147483647;
			files = (
				493E4F4924F31A6700D64430 /* generateValues.cpp in Sources */,
			);
			runOnlyForDeploymentPostprocessing = 0;
		};
		493E4F4224F31A4100D64430 /* Sources */ = {
			isa = PBXSourcesBuildPhase;
			buildActionMask = 2147483647;
			files = (
				493E4F7124F31D0600D64430 /* TimerProto.cpp in Sources */,
				493E4F8724F320BE00D64430 /* TCPProto.cpp in Sources */,
				493E4F7824F31D0600D64430 /* Program.cpp in Sources */,
				493E4F6F24F31D0600D64430 /* Parser.cpp in Sources */,
				493E4F9424F32AF700D64430 /* IPAddrProto.cpp in Sources */,
				493E4F9124F32AF700D64430 /* TaskProto.cpp in Sources */,
				493E4F7724F31D0600D64430 /* ExecutionUnit.cpp in Sources */,
				493E4F7B24F31D0600D64430 /* GPIO.cpp in Sources */,
				493E4F7024F31D0600D64430 /* Closure.cpp in Sources */,
				493E4F7624F31D0600D64430 /* Global.cpp in Sources */,
				493E4F7224F31D0600D64430 /* Value.cpp in Sources */,
				493E4F7924F31D0600D64430 /* Function.cpp in Sources */,
				493E4F7424F31D0600D64430 /* Object.cpp in Sources */,
				493E4F7A24F31D0600D64430 /* Iterator.cpp in Sources */,
				493E4F7324F31D0600D64430 /* StreamProto.cpp in Sources */,
				493E4F8F24F32AF700D64430 /* FSProto.cpp in Sources */,
				493E4F8324F31FF200D64430 /* JSONProto.cpp in Sources */,
				493E4F9824F32D1E00D64430 /* GC.cpp in Sources */,
				493E4F4F24F31C4B00D64430 /* GeneratedValues.cpp in Sources */,
				493E4F7524F31D0600D64430 /* CodePrinter.cpp in Sources */,
				493E4F7C24F31D0600D64430 /* ParseEngine.cpp in Sources */,
			);
			runOnlyForDeploymentPostprocessing = 0;
		};
		4945A86B1EC3711D00559CD1 /* Sources */ = {
			isa = PBXSourcesBuildPhase;
			buildActionMask = 2147483647;
			files = (
			);
			runOnlyForDeploymentPostprocessing = 0;
		};
		494D254A1D2E9055003755DB /* Sources */ = {
			isa = PBXSourcesBuildPhase;
			buildActionMask = 2147483647;
			files = (
			);
			runOnlyForDeploymentPostprocessing = 0;
		};
		49C406DE1EB6598B001E4DEC /* Sources */ = {
			isa = PBXSourcesBuildPhase;
			buildActionMask = 2147483647;
			files = (
				49C406EC1EB65A3E001E4DEC /* generateValues.cpp in Sources */,
			);
			runOnlyForDeploymentPostprocessing = 0;
		};
		49D9B8141D1C854700724911 /* Sources */ = {
			isa = PBXSourcesBuildPhase;
			buildActionMask = 2147483647;
			files = (
			);
			runOnlyForDeploymentPostprocessing = 0;
		};
		49F2475624D45F1100D977D2 /* Sources */ = {
			isa = PBXSourcesBuildPhase;
			buildActionMask = 2147483647;
			files = (
			);
			runOnlyForDeploymentPostprocessing = 0;
		};
/* End PBXSourcesBuildPhase section */

/* Begin PBXTargetDependency section */
		491ED3AB2353F44B00DE0C42 /* PBXTargetDependency */ = {
			isa = PBXTargetDependency;
			target = 494D254D1D2E9055003755DB /* libm8r */;
			targetProxy = 491ED3AA2353F44B00DE0C42 /* PBXContainerItemProxy */;
		};
		492C7DA324EDFC420027B75E /* PBXTargetDependency */ = {
			isa = PBXTargetDependency;
			target = 492C7D9B24EDF9390027B75E /* marly */;
			targetProxy = 492C7DA224EDFC420027B75E /* PBXContainerItemProxy */;
		};
		492C7DB224EECF540027B75E /* PBXTargetDependency */ = {
			isa = PBXTargetDependency;
			target = 49C406E11EB6598B001E4DEC /* generateMarlyValues */;
			targetProxy = 492C7DB124EECF540027B75E /* PBXContainerItemProxy */;
		};
		493E4F5124F31C6800D64430 /* PBXTargetDependency */ = {
			isa = PBXTargetDependency;
			target = 493E4F3924F31A2700D64430 /* generateM8rscriptValues */;
			targetProxy = 493E4F5024F31C6800D64430 /* PBXContainerItemProxy */;
		};
		493E4F9A24F339BC00D64430 /* PBXTargetDependency */ = {
			isa = PBXTargetDependency;
			target = 493E4F4424F31A4100D64430 /* m8rscript */;
			targetProxy = 493E4F9924F339BC00D64430 /* PBXContainerItemProxy */;
		};
		4945A8771EC3712700559CD1 /* PBXTargetDependency */ = {
			isa = PBXTargetDependency;
			target = 494D254D1D2E9055003755DB /* libm8r */;
			targetProxy = 4945A8761EC3712700559CD1 /* PBXContainerItemProxy */;
		};
		49AD0A1D209B503A00F86278 /* PBXTargetDependency */ = {
			isa = PBXTargetDependency;
			target = 494D254D1D2E9055003755DB /* libm8r */;
			targetProxy = 49AD0A1C209B503A00F86278 /* PBXContainerItemProxy */;
		};
/* End PBXTargetDependency section */

/* Begin XCBuildConfiguration section */
		491ED3A82353EFE600DE0C42 /* Debug */ = {
			isa = XCBuildConfiguration;
			buildSettings = {
				CLANG_ANALYZER_NUMBER_OBJECT_CONVERSION = YES_AGGRESSIVE;
				CLANG_CXX_LANGUAGE_STANDARD = "gnu++14";
				CLANG_ENABLE_OBJC_WEAK = YES;
				CLANG_WARN_DOCUMENTATION_COMMENTS = YES;
				CLANG_WARN_UNGUARDED_AVAILABILITY = YES_AGGRESSIVE;
				CODE_SIGN_IDENTITY = "-";
				CODE_SIGN_STYLE = Automatic;
				GCC_C_LANGUAGE_STANDARD = gnu11;
				MACOSX_DEPLOYMENT_TARGET = 10.14;
				MTL_ENABLE_DEBUG_INFO = INCLUDE_SOURCE;
				MTL_FAST_MATH = YES;
				PRODUCT_NAME = "$(TARGET_NAME)";
			};
			name = Debug;
		};
		491ED3A92353EFE600DE0C42 /* Release */ = {
			isa = XCBuildConfiguration;
			buildSettings = {
				CLANG_ANALYZER_NUMBER_OBJECT_CONVERSION = YES_AGGRESSIVE;
				CLANG_CXX_LANGUAGE_STANDARD = "gnu++14";
				CLANG_ENABLE_OBJC_WEAK = YES;
				CLANG_WARN_DOCUMENTATION_COMMENTS = YES;
				CLANG_WARN_UNGUARDED_AVAILABILITY = YES_AGGRESSIVE;
				CODE_SIGN_IDENTITY = "-";
				CODE_SIGN_STYLE = Automatic;
				GCC_C_LANGUAGE_STANDARD = gnu11;
				MACOSX_DEPLOYMENT_TARGET = 10.14;
				MTL_FAST_MATH = YES;
				PRODUCT_NAME = "$(TARGET_NAME)";
			};
			name = Release;
		};
		492C7D9E24EDF9390027B75E /* Debug */ = {
			isa = XCBuildConfiguration;
			buildSettings = {
				CLANG_ANALYZER_NUMBER_OBJECT_CONVERSION = YES_AGGRESSIVE;
				CLANG_CXX_LANGUAGE_STANDARD = "gnu++14";
				CLANG_ENABLE_OBJC_WEAK = YES;
				CLANG_WARN_DOCUMENTATION_COMMENTS = YES;
				CLANG_WARN_UNGUARDED_AVAILABILITY = YES_AGGRESSIVE;
				CODE_SIGN_STYLE = Automatic;
				EXECUTABLE_PREFIX = lib;
				GCC_C_LANGUAGE_STANDARD = gnu11;
				MACOSX_DEPLOYMENT_TARGET = 10.15;
				MTL_ENABLE_DEBUG_INFO = INCLUDE_SOURCE;
				MTL_FAST_MATH = YES;
				PRODUCT_NAME = "$(TARGET_NAME)";
				SKIP_INSTALL = YES;
			};
			name = Debug;
		};
		492C7D9F24EDF9390027B75E /* Release */ = {
			isa = XCBuildConfiguration;
			buildSettings = {
				CLANG_ANALYZER_NUMBER_OBJECT_CONVERSION = YES_AGGRESSIVE;
				CLANG_CXX_LANGUAGE_STANDARD = "gnu++14";
				CLANG_ENABLE_OBJC_WEAK = YES;
				CLANG_WARN_DOCUMENTATION_COMMENTS = YES;
				CLANG_WARN_UNGUARDED_AVAILABILITY = YES_AGGRESSIVE;
				CODE_SIGN_STYLE = Automatic;
				EXECUTABLE_PREFIX = lib;
				GCC_C_LANGUAGE_STANDARD = gnu11;
				MACOSX_DEPLOYMENT_TARGET = 10.15;
				MTL_FAST_MATH = YES;
				PRODUCT_NAME = "$(TARGET_NAME)";
				SKIP_INSTALL = YES;
			};
			name = Release;
		};
		492C7DAE24EECBA10027B75E /* Debug */ = {
			isa = XCBuildConfiguration;
			buildSettings = {
				CLANG_ANALYZER_NUMBER_OBJECT_CONVERSION = YES_AGGRESSIVE;
				CLANG_CXX_LANGUAGE_STANDARD = "gnu++14";
				CLANG_ENABLE_OBJC_WEAK = YES;
				CLANG_WARN_DOCUMENTATION_COMMENTS = YES;
				CLANG_WARN_UNGUARDED_AVAILABILITY = YES_AGGRESSIVE;
				CODE_SIGN_STYLE = Automatic;
				GCC_C_LANGUAGE_STANDARD = gnu11;
				MACOSX_DEPLOYMENT_TARGET = 10.15;
				MTL_ENABLE_DEBUG_INFO = INCLUDE_SOURCE;
				MTL_FAST_MATH = YES;
				PRODUCT_NAME = "$(TARGET_NAME)";
			};
			name = Debug;
		};
		492C7DAF24EECBA10027B75E /* Release */ = {
			isa = XCBuildConfiguration;
			buildSettings = {
				CLANG_ANALYZER_NUMBER_OBJECT_CONVERSION = YES_AGGRESSIVE;
				CLANG_CXX_LANGUAGE_STANDARD = "gnu++14";
				CLANG_ENABLE_OBJC_WEAK = YES;
				CLANG_WARN_DOCUMENTATION_COMMENTS = YES;
				CLANG_WARN_UNGUARDED_AVAILABILITY = YES_AGGRESSIVE;
				CODE_SIGN_STYLE = Automatic;
				GCC_C_LANGUAGE_STANDARD = gnu11;
				MACOSX_DEPLOYMENT_TARGET = 10.15;
				MTL_FAST_MATH = YES;
				PRODUCT_NAME = "$(TARGET_NAME)";
			};
			name = Release;
		};
		493E4F3F24F31A2700D64430 /* Debug */ = {
			isa = XCBuildConfiguration;
			buildSettings = {
				CLANG_ANALYZER_NUMBER_OBJECT_CONVERSION = YES_AGGRESSIVE;
				CLANG_CXX_LANGUAGE_STANDARD = "gnu++14";
				CLANG_ENABLE_OBJC_WEAK = YES;
				CLANG_WARN_DOCUMENTATION_COMMENTS = YES;
				CLANG_WARN_UNGUARDED_AVAILABILITY = YES_AGGRESSIVE;
				CODE_SIGN_STYLE = Automatic;
				GCC_C_LANGUAGE_STANDARD = gnu11;
				MACOSX_DEPLOYMENT_TARGET = 10.15;
				MTL_ENABLE_DEBUG_INFO = INCLUDE_SOURCE;
				MTL_FAST_MATH = YES;
				PRODUCT_NAME = "$(TARGET_NAME)";
			};
			name = Debug;
		};
		493E4F4024F31A2700D64430 /* Release */ = {
			isa = XCBuildConfiguration;
			buildSettings = {
				CLANG_ANALYZER_NUMBER_OBJECT_CONVERSION = YES_AGGRESSIVE;
				CLANG_CXX_LANGUAGE_STANDARD = "gnu++14";
				CLANG_ENABLE_OBJC_WEAK = YES;
				CLANG_WARN_DOCUMENTATION_COMMENTS = YES;
				CLANG_WARN_UNGUARDED_AVAILABILITY = YES_AGGRESSIVE;
				CODE_SIGN_STYLE = Automatic;
				GCC_C_LANGUAGE_STANDARD = gnu11;
				MACOSX_DEPLOYMENT_TARGET = 10.15;
				MTL_FAST_MATH = YES;
				PRODUCT_NAME = "$(TARGET_NAME)";
			};
			name = Release;
		};
		493E4F4724F31A4100D64430 /* Debug */ = {
			isa = XCBuildConfiguration;
			buildSettings = {
				CLANG_ANALYZER_NUMBER_OBJECT_CONVERSION = YES_AGGRESSIVE;
				CLANG_CXX_LANGUAGE_STANDARD = "gnu++14";
				CLANG_ENABLE_OBJC_WEAK = YES;
				CLANG_WARN_DOCUMENTATION_COMMENTS = YES;
				CLANG_WARN_UNGUARDED_AVAILABILITY = YES_AGGRESSIVE;
				CODE_SIGN_STYLE = Automatic;
				EXECUTABLE_PREFIX = lib;
				GCC_C_LANGUAGE_STANDARD = gnu11;
				MACOSX_DEPLOYMENT_TARGET = 10.15;
				MTL_ENABLE_DEBUG_INFO = INCLUDE_SOURCE;
				MTL_FAST_MATH = YES;
				PRODUCT_NAME = "$(TARGET_NAME)";
				SKIP_INSTALL = YES;
			};
			name = Debug;
		};
		493E4F4824F31A4100D64430 /* Release */ = {
			isa = XCBuildConfiguration;
			buildSettings = {
				CLANG_ANALYZER_NUMBER_OBJECT_CONVERSION = YES_AGGRESSIVE;
				CLANG_CXX_LANGUAGE_STANDARD = "gnu++14";
				CLANG_ENABLE_OBJC_WEAK = YES;
				CLANG_WARN_DOCUMENTATION_COMMENTS = YES;
				CLANG_WARN_UNGUARDED_AVAILABILITY = YES_AGGRESSIVE;
				CODE_SIGN_STYLE = Automatic;
				EXECUTABLE_PREFIX = lib;
				GCC_C_LANGUAGE_STANDARD = gnu11;
				MACOSX_DEPLOYMENT_TARGET = 10.15;
				MTL_FAST_MATH = YES;
				PRODUCT_NAME = "$(TARGET_NAME)";
				SKIP_INSTALL = YES;
			};
			name = Release;
		};
		4945A8741EC3711D00559CD1 /* Debug */ = {
			isa = XCBuildConfiguration;
			buildSettings = {
				CLANG_ANALYZER_NUMBER_OBJECT_CONVERSION = YES_AGGRESSIVE;
				CLANG_CXX_LANGUAGE_STANDARD = "gnu++14";
				CLANG_WARN_DOCUMENTATION_COMMENTS = YES;
				CLANG_WARN_INFINITE_RECURSION = YES;
				CLANG_WARN_RANGE_LOOP_ANALYSIS = YES;
				CLANG_WARN_SUSPICIOUS_MOVE = YES;
				CODE_SIGN_IDENTITY = "-";
				GCC_C_LANGUAGE_STANDARD = gnu11;
				MACOSX_DEPLOYMENT_TARGET = 10.12;
				OTHER_LDFLAGS = "";
				PRODUCT_NAME = "$(TARGET_NAME)";
			};
			name = Debug;
		};
		4945A8751EC3711D00559CD1 /* Release */ = {
			isa = XCBuildConfiguration;
			buildSettings = {
				CLANG_ANALYZER_NUMBER_OBJECT_CONVERSION = YES_AGGRESSIVE;
				CLANG_CXX_LANGUAGE_STANDARD = "gnu++14";
				CLANG_WARN_DOCUMENTATION_COMMENTS = YES;
				CLANG_WARN_INFINITE_RECURSION = YES;
				CLANG_WARN_RANGE_LOOP_ANALYSIS = YES;
				CLANG_WARN_SUSPICIOUS_MOVE = YES;
				CODE_SIGN_IDENTITY = "-";
				GCC_C_LANGUAGE_STANDARD = gnu11;
				MACOSX_DEPLOYMENT_TARGET = 10.12;
				OTHER_LDFLAGS = "";
				PRODUCT_NAME = "$(TARGET_NAME)";
			};
			name = Release;
		};
		494D25501D2E9055003755DB /* Debug */ = {
			isa = XCBuildConfiguration;
			buildSettings = {
				CLANG_CXX_LANGUAGE_STANDARD = "c++14";
				CLANG_WARN_DOCUMENTATION_COMMENTS = YES;
				CLANG_X86_VECTOR_INSTRUCTIONS = default;
				EXECUTABLE_PREFIX = lib;
				HEADER_SEARCH_PATHS = "";
				LLVM_LTO = NO;
				PRODUCT_NAME = "$(TARGET_NAME)";
				USER_HEADER_SEARCH_PATHS = "";
			};
			name = Debug;
		};
		494D25511D2E9055003755DB /* Release */ = {
			isa = XCBuildConfiguration;
			buildSettings = {
				CLANG_CXX_LANGUAGE_STANDARD = "c++14";
				CLANG_WARN_DOCUMENTATION_COMMENTS = YES;
				CLANG_X86_VECTOR_INSTRUCTIONS = default;
				EXECUTABLE_PREFIX = lib;
				GCC_OPTIMIZATION_LEVEL = 2;
				HEADER_SEARCH_PATHS = "";
				LLVM_LTO = YES;
				PRODUCT_NAME = "$(TARGET_NAME)";
				USER_HEADER_SEARCH_PATHS = "";
			};
			name = Release;
		};
		49C406E71EB6598B001E4DEC /* Debug */ = {
			isa = XCBuildConfiguration;
			buildSettings = {
				CLANG_CXX_LANGUAGE_STANDARD = "c++14";
				CLANG_WARN_DOCUMENTATION_COMMENTS = YES;
				CLANG_WARN_INFINITE_RECURSION = YES;
				CLANG_WARN_SUSPICIOUS_MOVE = YES;
				CODE_SIGN_IDENTITY = "-";
				MACOSX_DEPLOYMENT_TARGET = 10.12;
				PRODUCT_NAME = "$(TARGET_NAME)";
			};
			name = Debug;
		};
		49C406E81EB6598B001E4DEC /* Release */ = {
			isa = XCBuildConfiguration;
			buildSettings = {
				CLANG_CXX_LANGUAGE_STANDARD = "c++14";
				CLANG_WARN_DOCUMENTATION_COMMENTS = YES;
				CLANG_WARN_INFINITE_RECURSION = YES;
				CLANG_WARN_SUSPICIOUS_MOVE = YES;
				CODE_SIGN_IDENTITY = "-";
				MACOSX_DEPLOYMENT_TARGET = 10.12;
				PRODUCT_NAME = "$(TARGET_NAME)";
			};
			name = Release;
		};
		49D9B8281D1C854700724911 /* Debug */ = {
			isa = XCBuildConfiguration;
			buildSettings = {
				ASSETCATALOG_COMPILER_APPICON_NAME = AppIcon;
				CLANG_CXX_LANGUAGE_STANDARD = "c++14";
				CLANG_ENABLE_MODULES = YES;
				CODE_SIGN_ENTITLEMENTS = m8rsim/m8rsim.entitlements;
				CODE_SIGN_IDENTITY = "-";
				CODE_SIGN_STYLE = Automatic;
				COMBINE_HIDPI_IMAGES = YES;
				DEVELOPMENT_TEAM = "";
				EXCLUDED_RECURSIVE_SEARCH_PATH_SUBDIRECTORIES = "../m8rscript/esp *.nib *.lproj *.framework *.gch *.xcode* *.xcassets (*) .DS_Store CVS .svn .git .hg *.pbproj *.pbxproj";
				FRAMEWORK_SEARCH_PATHS = (
					"$(inherited)",
					"$(PROJECT_DIR)/m8rsim",
				);
				INFOPLIST_FILE = m8rsim/Info.plist;
				LD_RUNPATH_SEARCH_PATHS = "$(inherited) @executable_path/../Frameworks";
				MACOSX_DEPLOYMENT_TARGET = 10.15;
				PRODUCT_BUNDLE_IDENTIFIER = org.marrin.m8rsim;
				PRODUCT_NAME = "$(TARGET_NAME)";
				PROVISIONING_PROFILE_SPECIFIER = "";
				SWIFT_ACTIVE_COMPILATION_CONDITIONS = DEBUG;
				SWIFT_OPTIMIZATION_LEVEL = "-Onone";
				SWIFT_VERSION = 3.0;
			};
			name = Debug;
		};
		49D9B8291D1C854700724911 /* Release */ = {
			isa = XCBuildConfiguration;
			buildSettings = {
				ASSETCATALOG_COMPILER_APPICON_NAME = AppIcon;
				CLANG_CXX_LANGUAGE_STANDARD = "c++14";
				CLANG_ENABLE_MODULES = YES;
				CODE_SIGN_ENTITLEMENTS = m8rsim/m8rsim.entitlements;
				CODE_SIGN_IDENTITY = "-";
				CODE_SIGN_STYLE = Automatic;
				COMBINE_HIDPI_IMAGES = YES;
				DEVELOPMENT_TEAM = "";
				EXCLUDED_RECURSIVE_SEARCH_PATH_SUBDIRECTORIES = "../m8rscript/esp *.nib *.lproj *.framework *.gch *.xcode* *.xcassets (*) .DS_Store CVS .svn .git .hg *.pbproj *.pbxproj";
				FRAMEWORK_SEARCH_PATHS = (
					"$(inherited)",
					"$(PROJECT_DIR)/m8rsim",
				);
				INFOPLIST_FILE = m8rsim/Info.plist;
				LD_RUNPATH_SEARCH_PATHS = "$(inherited) @executable_path/../Frameworks";
				MACOSX_DEPLOYMENT_TARGET = 10.15;
				PRODUCT_BUNDLE_IDENTIFIER = org.marrin.m8rsim;
				PRODUCT_NAME = "$(TARGET_NAME)";
				PROVISIONING_PROFILE_SPECIFIER = "";
				SWIFT_OPTIMIZATION_LEVEL = "-Owholemodule";
				SWIFT_VERSION = 3.0;
			};
			name = Release;
		};
		49E647ED1D00B68F005F5059 /* Debug */ = {
			isa = XCBuildConfiguration;
			buildSettings = {
				ALWAYS_SEARCH_USER_PATHS = NO;
				ASSETCATALOG_COMPRESSION = lossless;
				CLANG_ANALYZER_LOCALIZABILITY_NONLOCALIZED = YES;
				CLANG_ANALYZER_NONNULL = YES;
				CLANG_CXX_LANGUAGE_STANDARD = "gnu++0x";
				CLANG_CXX_LIBRARY = "libc++";
				CLANG_ENABLE_MODULES = YES;
				CLANG_ENABLE_OBJC_ARC = YES;
				CLANG_WARN_BLOCK_CAPTURE_AUTORELEASING = YES;
				CLANG_WARN_BOOL_CONVERSION = YES;
				CLANG_WARN_COMMA = YES;
				CLANG_WARN_CONSTANT_CONVERSION = YES;
				CLANG_WARN_DEPRECATED_OBJC_IMPLEMENTATIONS = YES;
				CLANG_WARN_DIRECT_OBJC_ISA_USAGE = YES_ERROR;
				CLANG_WARN_EMPTY_BODY = YES;
				CLANG_WARN_ENUM_CONVERSION = YES;
				CLANG_WARN_INFINITE_RECURSION = YES;
				CLANG_WARN_INT_CONVERSION = YES;
				CLANG_WARN_NON_LITERAL_NULL_CONVERSION = YES;
				CLANG_WARN_OBJC_IMPLICIT_RETAIN_SELF = YES;
				CLANG_WARN_OBJC_LITERAL_CONVERSION = YES;
				CLANG_WARN_OBJC_ROOT_CLASS = YES_ERROR;
				CLANG_WARN_RANGE_LOOP_ANALYSIS = YES;
				CLANG_WARN_STRICT_PROTOTYPES = YES;
				CLANG_WARN_SUSPICIOUS_MOVE = YES;
				CLANG_WARN_UNREACHABLE_CODE = YES;
				CLANG_WARN__DUPLICATE_METHOD_MATCH = YES;
				CODE_SIGN_IDENTITY = "-";
				COPY_PHASE_STRIP = NO;
				DEBUG_INFORMATION_FORMAT = dwarf;
				ENABLE_STRICT_OBJC_MSGSEND = YES;
				ENABLE_TESTABILITY = YES;
				GCC_C_LANGUAGE_STANDARD = gnu99;
				GCC_DYNAMIC_NO_PIC = NO;
				GCC_NO_COMMON_BLOCKS = YES;
				GCC_OPTIMIZATION_LEVEL = 0;
				GCC_PREPROCESSOR_DEFINITIONS = (
					"DEBUG=1",
					"$(inherited)",
				);
				GCC_WARN_64_TO_32_BIT_CONVERSION = YES;
				GCC_WARN_ABOUT_RETURN_TYPE = YES_ERROR;
				GCC_WARN_UNDECLARED_SELECTOR = YES;
				GCC_WARN_UNINITIALIZED_AUTOS = YES_AGGRESSIVE;
				GCC_WARN_UNUSED_FUNCTION = YES;
				GCC_WARN_UNUSED_VARIABLE = YES;
				MACOSX_DEPLOYMENT_TARGET = 10.11;
				MTL_ENABLE_DEBUG_INFO = YES;
				ONLY_ACTIVE_ARCH = YES;
				SDKROOT = macosx;
			};
			name = Debug;
		};
		49E647EE1D00B68F005F5059 /* Release */ = {
			isa = XCBuildConfiguration;
			buildSettings = {
				ALWAYS_SEARCH_USER_PATHS = NO;
				ASSETCATALOG_COMPRESSION = "respect-asset-catalog";
				CLANG_ANALYZER_LOCALIZABILITY_NONLOCALIZED = YES;
				CLANG_ANALYZER_NONNULL = YES;
				CLANG_CXX_LANGUAGE_STANDARD = "gnu++0x";
				CLANG_CXX_LIBRARY = "libc++";
				CLANG_ENABLE_MODULES = YES;
				CLANG_ENABLE_OBJC_ARC = YES;
				CLANG_WARN_BLOCK_CAPTURE_AUTORELEASING = YES;
				CLANG_WARN_BOOL_CONVERSION = YES;
				CLANG_WARN_COMMA = YES;
				CLANG_WARN_CONSTANT_CONVERSION = YES;
				CLANG_WARN_DEPRECATED_OBJC_IMPLEMENTATIONS = YES;
				CLANG_WARN_DIRECT_OBJC_ISA_USAGE = YES_ERROR;
				CLANG_WARN_EMPTY_BODY = YES;
				CLANG_WARN_ENUM_CONVERSION = YES;
				CLANG_WARN_INFINITE_RECURSION = YES;
				CLANG_WARN_INT_CONVERSION = YES;
				CLANG_WARN_NON_LITERAL_NULL_CONVERSION = YES;
				CLANG_WARN_OBJC_IMPLICIT_RETAIN_SELF = YES;
				CLANG_WARN_OBJC_LITERAL_CONVERSION = YES;
				CLANG_WARN_OBJC_ROOT_CLASS = YES_ERROR;
				CLANG_WARN_RANGE_LOOP_ANALYSIS = YES;
				CLANG_WARN_STRICT_PROTOTYPES = YES;
				CLANG_WARN_SUSPICIOUS_MOVE = YES;
				CLANG_WARN_UNREACHABLE_CODE = YES;
				CLANG_WARN__DUPLICATE_METHOD_MATCH = YES;
				CODE_SIGN_IDENTITY = "-";
				COPY_PHASE_STRIP = NO;
				DEBUG_INFORMATION_FORMAT = "dwarf-with-dsym";
				ENABLE_NS_ASSERTIONS = NO;
				ENABLE_STRICT_OBJC_MSGSEND = YES;
				GCC_C_LANGUAGE_STANDARD = gnu99;
				GCC_NO_COMMON_BLOCKS = YES;
				GCC_PREPROCESSOR_DEFINITIONS = NDEBUG;
				GCC_WARN_64_TO_32_BIT_CONVERSION = YES;
				GCC_WARN_ABOUT_RETURN_TYPE = YES_ERROR;
				GCC_WARN_UNDECLARED_SELECTOR = YES;
				GCC_WARN_UNINITIALIZED_AUTOS = YES_AGGRESSIVE;
				GCC_WARN_UNUSED_FUNCTION = YES;
				GCC_WARN_UNUSED_VARIABLE = YES;
				MACOSX_DEPLOYMENT_TARGET = 10.11;
				MTL_ENABLE_DEBUG_INFO = NO;
				SDKROOT = macosx;
			};
			name = Release;
		};
		49F2475A24D45F1100D977D2 /* Debug */ = {
			isa = XCBuildConfiguration;
			buildSettings = {
				CLANG_ANALYZER_NUMBER_OBJECT_CONVERSION = YES_AGGRESSIVE;
				CLANG_CXX_LANGUAGE_STANDARD = "gnu++14";
				CLANG_ENABLE_OBJC_WEAK = YES;
				CLANG_WARN_DOCUMENTATION_COMMENTS = YES;
				CLANG_WARN_UNGUARDED_AVAILABILITY = YES_AGGRESSIVE;
				CODE_SIGN_STYLE = Automatic;
				EXECUTABLE_PREFIX = lib;
				GCC_C_LANGUAGE_STANDARD = gnu11;
				MACOSX_DEPLOYMENT_TARGET = 10.15;
				MTL_ENABLE_DEBUG_INFO = INCLUDE_SOURCE;
				MTL_FAST_MATH = YES;
				OTHER_CFLAGS = "-DLUA_USE_MACOSX";
				PRODUCT_NAME = "$(TARGET_NAME)";
				SKIP_INSTALL = YES;
			};
			name = Debug;
		};
		49F2475B24D45F1100D977D2 /* Release */ = {
			isa = XCBuildConfiguration;
			buildSettings = {
				CLANG_ANALYZER_NUMBER_OBJECT_CONVERSION = YES_AGGRESSIVE;
				CLANG_CXX_LANGUAGE_STANDARD = "gnu++14";
				CLANG_ENABLE_OBJC_WEAK = YES;
				CLANG_WARN_DOCUMENTATION_COMMENTS = YES;
				CLANG_WARN_UNGUARDED_AVAILABILITY = YES_AGGRESSIVE;
				CODE_SIGN_STYLE = Automatic;
				EXECUTABLE_PREFIX = lib;
				GCC_C_LANGUAGE_STANDARD = gnu11;
				MACOSX_DEPLOYMENT_TARGET = 10.15;
				MTL_FAST_MATH = YES;
				OTHER_CFLAGS = "-DLUA_USE_MACOSX";
				PRODUCT_NAME = "$(TARGET_NAME)";
				SKIP_INSTALL = YES;
			};
			name = Release;
		};
/* End XCBuildConfiguration section */

/* Begin XCConfigurationList section */
		491ED3A72353EFE600DE0C42 /* Build configuration list for PBXNativeTarget "m8rtest" */ = {
			isa = XCConfigurationList;
			buildConfigurations = (
				491ED3A82353EFE600DE0C42 /* Debug */,
				491ED3A92353EFE600DE0C42 /* Release */,
			);
			defaultConfigurationIsVisible = 0;
			defaultConfigurationName = Release;
		};
		492C7D9D24EDF9390027B75E /* Build configuration list for PBXNativeTarget "marly" */ = {
			isa = XCConfigurationList;
			buildConfigurations = (
				492C7D9E24EDF9390027B75E /* Debug */,
				492C7D9F24EDF9390027B75E /* Release */,
			);
			defaultConfigurationIsVisible = 0;
			defaultConfigurationName = Release;
		};
		492C7DAD24EECBA10027B75E /* Build configuration list for PBXNativeTarget "generator" */ = {
			isa = XCConfigurationList;
			buildConfigurations = (
				492C7DAE24EECBA10027B75E /* Debug */,
				492C7DAF24EECBA10027B75E /* Release */,
			);
			defaultConfigurationIsVisible = 0;
			defaultConfigurationName = Release;
		};
		493E4F3E24F31A2700D64430 /* Build configuration list for PBXNativeTarget "generateM8rscriptValues" */ = {
			isa = XCConfigurationList;
			buildConfigurations = (
				493E4F3F24F31A2700D64430 /* Debug */,
				493E4F4024F31A2700D64430 /* Release */,
			);
			defaultConfigurationIsVisible = 0;
			defaultConfigurationName = Release;
		};
		493E4F4624F31A4100D64430 /* Build configuration list for PBXNativeTarget "m8rscript" */ = {
			isa = XCConfigurationList;
			buildConfigurations = (
				493E4F4724F31A4100D64430 /* Debug */,
				493E4F4824F31A4100D64430 /* Release */,
			);
			defaultConfigurationIsVisible = 0;
			defaultConfigurationName = Release;
		};
		4945A8731EC3711D00559CD1 /* Build configuration list for PBXNativeTarget "m8rmac" */ = {
			isa = XCConfigurationList;
			buildConfigurations = (
				4945A8741EC3711D00559CD1 /* Debug */,
				4945A8751EC3711D00559CD1 /* Release */,
			);
			defaultConfigurationIsVisible = 0;
			defaultConfigurationName = Release;
		};
		494D254F1D2E9055003755DB /* Build configuration list for PBXNativeTarget "libm8r" */ = {
			isa = XCConfigurationList;
			buildConfigurations = (
				494D25501D2E9055003755DB /* Debug */,
				494D25511D2E9055003755DB /* Release */,
			);
			defaultConfigurationIsVisible = 0;
			defaultConfigurationName = Release;
		};
		49C406E61EB6598B001E4DEC /* Build configuration list for PBXNativeTarget "generateMarlyValues" */ = {
			isa = XCConfigurationList;
			buildConfigurations = (
				49C406E71EB6598B001E4DEC /* Debug */,
				49C406E81EB6598B001E4DEC /* Release */,
			);
			defaultConfigurationIsVisible = 0;
			defaultConfigurationName = Release;
		};
		49D9B8271D1C854700724911 /* Build configuration list for PBXNativeTarget "m8rsim" */ = {
			isa = XCConfigurationList;
			buildConfigurations = (
				49D9B8281D1C854700724911 /* Debug */,
				49D9B8291D1C854700724911 /* Release */,
			);
			defaultConfigurationIsVisible = 0;
			defaultConfigurationName = Release;
		};
		49E647E31D00B68F005F5059 /* Build configuration list for PBXProject "m8rscript" */ = {
			isa = XCConfigurationList;
			buildConfigurations = (
				49E647ED1D00B68F005F5059 /* Debug */,
				49E647EE1D00B68F005F5059 /* Release */,
			);
			defaultConfigurationIsVisible = 0;
			defaultConfigurationName = Release;
		};
		49F2475C24D45F1100D977D2 /* Build configuration list for PBXNativeTarget "lua" */ = {
			isa = XCConfigurationList;
			buildConfigurations = (
				49F2475A24D45F1100D977D2 /* Debug */,
				49F2475B24D45F1100D977D2 /* Release */,
			);
			defaultConfigurationIsVisible = 0;
			defaultConfigurationName = Release;
		};
/* End XCConfigurationList section */
	};
	rootObject = 49E647E01D00B68F005F5059 /* Project object */;
}
